
Microsoft Visual Studio Solution File, Format Version 12.00
# Visual Studio 15
VisualStudioVersion = 15.0.26430.16
MinimumVisualStudioVersion = 10.0.40219.1
Project("{9A19103F-16F7-4668-BE54-9A1E7A4F7556}") = "GetOffers", "NonTableManagerSamples\GetOffers\GetOffers.csproj", "{39CEC9AB-41AA-43E9-B9B3-C5273FE7360E}"
EndProject
Project("{9A19103F-16F7-4668-BE54-9A1E7A4F7556}") = "Login", "NonTableManagerSamples\Login\Login.csproj", "{6082CEC3-E563-445B-ACC4-1C2ABC878A19}"
EndProject
Project("{9A19103F-16F7-4668-BE54-9A1E7A4F7556}") = "GetHistPrices", "NonTableManagerSamples\GetHistPrices\GetHistPrices.csproj", "{E06F6E1C-D12D-4727-BA8D-3D71702A796D}"
EndProject
Project("{9A19103F-16F7-4668-BE54-9A1E7A4F7556}") = "SubscriptionStatus", "NonTableManagerSamples\SubscriptionStatus\SubscriptionStatus.csproj", "{C334E40D-1E59-4648-AF1F-C4415FC97A5B}"
EndProject
Project("{9A19103F-16F7-4668-BE54-9A1E7A4F7556}") = "JoinExistingGroup", "NonTableManagerSamples\JoinExistingGroup\JoinExistingGroup.csproj", "{DFD32AF7-F78F-4516-9318-E2B8DA57DE54}"
EndProject
Project("{9A19103F-16F7-4668-BE54-9A1E7A4F7556}") = "JoinNewGroup", "NonTableManagerSamples\JoinNewGroup\JoinNewGroup.csproj", "{1A5835A8-0958-49D0-86A6-5A865E6C9CA3}"
EndProject
Project("{9A19103F-16F7-4668-BE54-9A1E7A4F7556}") = "RemoveFromGroup", "NonTableManagerSamples\RemoveFromGroup\RemoveFromGroup.csproj", "{1A5835A8-0958-49D0-86A6-5A865E6C9CA4}"
EndProject
Project("{9A19103F-16F7-4668-BE54-9A1E7A4F7556}") = "CheckPermissions", "NonTableManagerSamples\CheckPermissions\CheckPermissions.csproj", "{A2D5A802-8EA5-488E-993D-EA0C9D2A48F1}"
EndProject
Project("{9A19103F-16F7-4668-BE54-9A1E7A4F7556}") = "CloseAllPositions", "NonTableManagerSamples\CloseAllPositions\CloseAllPositions.csproj", "{E4F7DEFC-238B-4B68-BB05-20198D62816A}"
EndProject
Project("{9A19103F-16F7-4668-BE54-9A1E7A4F7556}") = "ClosePosition", "NonTableManagerSamples\ClosePosition\ClosePosition.csproj", "{63F23E3D-3737-40A6-842E-96D31D91EDA5}"
EndProject
Project("{9A19103F-16F7-4668-BE54-9A1E7A4F7556}") = "CreateELS", "NonTableManagerSamples\CreateELS\CreateELS.csproj", "{7949878E-00FA-45B3-B883-D5F130F11FA1}"
EndProject
Project("{9A19103F-16F7-4668-BE54-9A1E7A4F7556}") = "CreateOCO", "NonTableManagerSamples\CreateOCO\CreateOCO.csproj", "{A881872D-EF28-4909-A4FE-45B6B1CA877D}"
EndProject
Project("{9A19103F-16F7-4668-BE54-9A1E7A4F7556}") = "LoginToSeveralDatabasesPin", "NonTableManagerSamples\LoginToSeveralDatabasesPin\LoginToSeveralDatabasesPin.csproj", "{7AB2695B-DA7A-4A81-A58C-35CD0162D605}"
EndProject
Project("{9A19103F-16F7-4668-BE54-9A1E7A4F7556}") = "NetStopLimit", "NonTableManagerSamples\NetStopLimit\NetStopLimit.csproj", "{17167558-BBD0-4B0C-AA66-7EC3FB315BFB}"
EndProject
Project("{9A19103F-16F7-4668-BE54-9A1E7A4F7556}") = "OpenPosition", "NonTableManagerSamples\OpenPosition\OpenPosition.csproj", "{E563D359-5AA6-45FB-98F6-470BFF8112B5}"
EndProject
Project("{9A19103F-16F7-4668-BE54-9A1E7A4F7556}") = "SearchInTable", "NonTableManagerSamples\SearchInTable\SearchInTable.csproj", "{B465409B-A54A-469D-A31A-B1719F264564}"
EndProject
Project("{9A19103F-16F7-4668-BE54-9A1E7A4F7556}") = "CreateOTO", "NonTableManagerSamples\CreateOTO\CreateOTO.csproj", "{D18D8A56-273D-43D9-ADD6-D916C8CF7C5C}"
EndProject
Project("{2150E333-8FDC-42A3-9474-1A3956D46DE8}") = "NonTableManagerSamples", "NonTableManagerSamples", "{C26B7A98-0BFE-4826-8C64-4872663BC141}"
EndProject
Project("{2150E333-8FDC-42A3-9474-1A3956D46DE8}") = "TableManagerSamples", "TableManagerSamples", "{11A8CEAF-F8E7-4BAA-9432-F0C08F6E0AB8}"
EndProject
Project("{9A19103F-16F7-4668-BE54-9A1E7A4F7556}") = "ClosePosition", "TableManagerSamples\ClosePosition\ClosePosition.csproj", "{40E9B7A6-AA72-4EA9-B07D-2060C8F8D5B8}"
EndProject
Project("{9A19103F-16F7-4668-BE54-9A1E7A4F7556}") = "CreateELS", "TableManagerSamples\CreateELS\CreateELS.csproj", "{C368F115-088B-4AED-B9A5-3E5638662D7D}"
EndProject
Project("{9A19103F-16F7-4668-BE54-9A1E7A4F7556}") = "CreateEntryOrder", "TableManagerSamples\CreateEntryOrder\CreateEntryOrder.csproj", "{7A76618E-F78E-4A03-B538-9CE2C308658D}"
EndProject
Project("{9A19103F-16F7-4668-BE54-9A1E7A4F7556}") = "CreateOTO", "TableManagerSamples\CreateOTO\CreateOTO.csproj", "{40DB917F-EF41-4867-9BB7-81BA88E147C9}"
EndProject
Project("{9A19103F-16F7-4668-BE54-9A1E7A4F7556}") = "NetStopLimit", "TableManagerSamples\NetStopLimit\NetStopLimit.csproj", "{13655939-E1F8-43FE-B9A7-36B8A3318566}"
EndProject
Project("{9A19103F-16F7-4668-BE54-9A1E7A4F7556}") = "OpenPosition", "TableManagerSamples\OpenPosition\OpenPosition.csproj", "{F1E24BA5-9A53-46F1-8A1B-8D334673FD56}"
EndProject
Project("{9A19103F-16F7-4668-BE54-9A1E7A4F7556}") = "PrintTable", "TableManagerSamples\PrintTable\PrintTable.csproj", "{73B14F2A-236C-49B4-85B3-6270C2E89957}"
EndProject
Project("{9A19103F-16F7-4668-BE54-9A1E7A4F7556}") = "CreateOCO", "TableManagerSamples\CreateOCO\CreateOCO.csproj", "{E5A26B88-0F6E-4422-8C94-33A33B23C0E5}"
EndProject
Project("{9A19103F-16F7-4668-BE54-9A1E7A4F7556}") = "SearchInTable", "TableManagerSamples\SearchInTable\SearchInTable.csproj", "{5F7690C1-1F84-4468-927F-ECAA0576022D}"
EndProject
Project("{9A19103F-16F7-4668-BE54-9A1E7A4F7556}") = "PrintTableListener", "TableManagerSamples\PrintTableListener\PrintTableListener.csproj", "{F3D34A75-33CA-49A1-BDFE-F79DA317AD81}"
EndProject
Project("{9A19103F-16F7-4668-BE54-9A1E7A4F7556}") = "LockUpdates", "TableManagerSamples\LockUpdates\LockUpdates.csproj", "{208BC07B-366D-4BCC-ACF7-79879671C32E}"
EndProject
Project("{9A19103F-16F7-4668-BE54-9A1E7A4F7556}") = "GetOffers", "TableManagerSamples\GetOffers\GetOffers.csproj", "{AC31A734-FC34-41E9-8DDA-19EA337B1127}"
EndProject
Project("{9A19103F-16F7-4668-BE54-9A1E7A4F7556}") = "CloseAllPositionsByInstrument", "NonTableManagerSamples\CloseAllPositionsByInstrument\CloseAllPositionsByInstrument.csproj", "{E50AF97C-F17F-4BF3-8555-6BACFC473D6D}"
EndProject
Project("{9A19103F-16F7-4668-BE54-9A1E7A4F7556}") = "CreateEntry", "NonTableManagerSamples\CreateEntry\CreateEntry.csproj", "{204B7009-28A1-43AF-B95A-49EF7494A0A2}"
EndProject
Project("{9A19103F-16F7-4668-BE54-9A1E7A4F7556}") = "GetLastOrderUpdate", "NonTableManagerSamples\GetLastOrderUpdate\GetLastOrderUpdate.csproj", "{07EE0749-7AB7-4289-B688-1DF98B9ADB23}"
EndProject
Project("{9A19103F-16F7-4668-BE54-9A1E7A4F7556}") = "CloseAllPositions", "TableManagerSamples\CloseAllPositions\CloseAllPositions.csproj", "{76154D03-E94B-45DF-83F8-C21215C7533A}"
EndProject
Project("{9A19103F-16F7-4668-BE54-9A1E7A4F7556}") = "CreateAndFindEntry", "NonTableManagerSamples\CreateAndFindEntry\CreateAndFindEntry.csproj", "{21DFE5D0-611B-4E95-92AC-6102A3DD9293}"
EndProject
Project("{9A19103F-16F7-4668-BE54-9A1E7A4F7556}") = "If-then", "NonTableManagerSamples\If-then\If-then.csproj", "{E23EBC97-0487-436F-86C6-B397C1C8E0D6}"
EndProject
Project("{9A19103F-16F7-4668-BE54-9A1E7A4F7556}") = "OpenPositionNetting", "NonTableManagerSamples\OpenPositionNetting\OpenPositionNetting.csproj", "{660B43CD-0C38-49E7-8C5C-3B0E63D3CE53}"
EndProject
Project("{9A19103F-16F7-4668-BE54-9A1E7A4F7556}") = "PartialFill", "NonTableManagerSamples\PartialFill\PartialFill.csproj", "{0DB85728-A871-442D-8531-8DD8A884FEC9}"
EndProject
Project("{9A19103F-16F7-4668-BE54-9A1E7A4F7556}") = "RemoveOrder", "NonTableManagerSamples\RemoveOrder\RemoveOrder.csproj", "{79D3E916-C113-49FA-B4AF-347E31F5866D}"
EndProject
Project("{9A19103F-16F7-4668-BE54-9A1E7A4F7556}") = "TradingSettings", "NonTableManagerSamples\TradingSettings\TradingSettings.csproj", "{B06CC6A7-F295-4303-B5E5-8E0C086D6D64}"
EndProject
Project("{9A19103F-16F7-4668-BE54-9A1E7A4F7556}") = "CloseAllPositionsByInstrument", "TableManagerSamples\CloseAllPositionsByInstrument\CloseAllPositionsByInstrument.csproj", "{2B8CDADF-B44C-4FC4-9CDA-0D567002FBAF}"
EndProject
Project("{9A19103F-16F7-4668-BE54-9A1E7A4F7556}") = "FindRowByColumnValue", "TableManagerSamples\FindRowByColumnValue\FindRowByColumnValue.csproj", "{B7BD0D44-6237-48E1-8CCC-DECE7464A88D}"
EndProject
Project("{9A19103F-16F7-4668-BE54-9A1E7A4F7556}") = "If-then", "TableManagerSamples\If-then\If-then.csproj", "{5B6A5C84-F81A-4454-950A-CA65057AEF67}"
EndProject
Project("{9A19103F-16F7-4668-BE54-9A1E7A4F7556}") = "OpenPositionNetting", "TableManagerSamples\OpenPositionNetting\OpenPositionNetting.csproj", "{A68FDBB7-A025-4E33-A75E-5CA7A1DF6677}"
EndProject
Project("{9A19103F-16F7-4668-BE54-9A1E7A4F7556}") = "PartialFill", "TableManagerSamples\PartialFill\PartialFill.csproj", "{C9276563-2897-499A-8B30-8B506B6CE057}"
EndProject
Project("{9A19103F-16F7-4668-BE54-9A1E7A4F7556}") = "RemoveOrder", "TableManagerSamples\RemoveOrder\RemoveOrder.csproj", "{155536D4-0E09-4747-B380-EA30066051FE}"
EndProject
Project("{9A19103F-16F7-4668-BE54-9A1E7A4F7556}") = "PrintTable", "NonTableManagerSamples\PrintTable\PrintTable.csproj", "{16D7D597-A9F7-4073-87A6-11B4CC0AB62E}"
EndProject
Project("{9A19103F-16F7-4668-BE54-9A1E7A4F7556}") = "CreateOrderBySymbol", "NonTableManagerSamples\CreateOrderBySymbol\CreateOrderBySymbol.csproj", "{E060373D-9838-4489-9BBB-4B69E3316A41}"
EndProject
Project("{9A19103F-16F7-4668-BE54-9A1E7A4F7556}") = "CreateOTOCO", "NonTableManagerSamples\CreateOTOCO\CreateOTOCO.csproj", "{09A63AFF-4F8C-433C-BF8B-485AD49AE110}"
EndProject
Project("{9A19103F-16F7-4668-BE54-9A1E7A4F7556}") = "CreateOTOCO", "TableManagerSamples\CreateOTOCO\CreateOTOCO.csproj", "{085BAF47-9880-4696-AD00-0F39F590D943}"
EndProject
Project("{9A19103F-16F7-4668-BE54-9A1E7A4F7556}") = "TwoConnections", "NonTableManagerSamples\TwoConnections\TwoConnections.csproj", "{72CE8FDD-0194-4DA8-AF6F-090C63749320}"
EndProject
Global
	GlobalSection(SolutionConfigurationPlatforms) = preSolution
		Debug|Any CPU = Debug|Any CPU
		Debug|x64 = Debug|x64
		Debug|x86 = Debug|x86
		Release|Any CPU = Release|Any CPU
		Release|x64 = Release|x64
		Release|x86 = Release|x86
	EndGlobalSection
	GlobalSection(ProjectConfigurationPlatforms) = postSolution
		{39CEC9AB-41AA-43E9-B9B3-C5273FE7360E}.Debug|Any CPU.ActiveCfg = Debug|Any CPU
		{39CEC9AB-41AA-43E9-B9B3-C5273FE7360E}.Debug|Any CPU.Build.0 = Debug|Any CPU
		{39CEC9AB-41AA-43E9-B9B3-C5273FE7360E}.Debug|x64.ActiveCfg = Debug|x64
		{39CEC9AB-41AA-43E9-B9B3-C5273FE7360E}.Debug|x64.Build.0 = Debug|x64
		{39CEC9AB-41AA-43E9-B9B3-C5273FE7360E}.Debug|x86.ActiveCfg = Debug|x86
		{39CEC9AB-41AA-43E9-B9B3-C5273FE7360E}.Debug|x86.Build.0 = Debug|x86
		{39CEC9AB-41AA-43E9-B9B3-C5273FE7360E}.Release|Any CPU.ActiveCfg = Release|Any CPU
		{39CEC9AB-41AA-43E9-B9B3-C5273FE7360E}.Release|Any CPU.Build.0 = Release|Any CPU
		{39CEC9AB-41AA-43E9-B9B3-C5273FE7360E}.Release|x64.ActiveCfg = Release|x64
		{39CEC9AB-41AA-43E9-B9B3-C5273FE7360E}.Release|x64.Build.0 = Release|x64
		{39CEC9AB-41AA-43E9-B9B3-C5273FE7360E}.Release|x86.ActiveCfg = Release|x86
		{39CEC9AB-41AA-43E9-B9B3-C5273FE7360E}.Release|x86.Build.0 = Release|x86
		{6082CEC3-E563-445B-ACC4-1C2ABC878A19}.Debug|Any CPU.ActiveCfg = Debug|Any CPU
		{6082CEC3-E563-445B-ACC4-1C2ABC878A19}.Debug|Any CPU.Build.0 = Debug|Any CPU
		{6082CEC3-E563-445B-ACC4-1C2ABC878A19}.Debug|x64.ActiveCfg = Debug|x64
		{6082CEC3-E563-445B-ACC4-1C2ABC878A19}.Debug|x64.Build.0 = Debug|x64
		{6082CEC3-E563-445B-ACC4-1C2ABC878A19}.Debug|x86.ActiveCfg = Debug|x86
		{6082CEC3-E563-445B-ACC4-1C2ABC878A19}.Debug|x86.Build.0 = Debug|x86
		{6082CEC3-E563-445B-ACC4-1C2ABC878A19}.Release|Any CPU.ActiveCfg = Release|Any CPU
		{6082CEC3-E563-445B-ACC4-1C2ABC878A19}.Release|Any CPU.Build.0 = Release|Any CPU
		{6082CEC3-E563-445B-ACC4-1C2ABC878A19}.Release|x64.ActiveCfg = Release|x64
		{6082CEC3-E563-445B-ACC4-1C2ABC878A19}.Release|x64.Build.0 = Release|x64
		{6082CEC3-E563-445B-ACC4-1C2ABC878A19}.Release|x86.ActiveCfg = Release|x86
		{6082CEC3-E563-445B-ACC4-1C2ABC878A19}.Release|x86.Build.0 = Release|x86
		{E06F6E1C-D12D-4727-BA8D-3D71702A796D}.Debug|Any CPU.ActiveCfg = Debug|Any CPU
		{E06F6E1C-D12D-4727-BA8D-3D71702A796D}.Debug|Any CPU.Build.0 = Debug|Any CPU
		{E06F6E1C-D12D-4727-BA8D-3D71702A796D}.Debug|x64.ActiveCfg = Debug|x64
		{E06F6E1C-D12D-4727-BA8D-3D71702A796D}.Debug|x64.Build.0 = Debug|x64
		{E06F6E1C-D12D-4727-BA8D-3D71702A796D}.Debug|x86.ActiveCfg = Debug|x86
		{E06F6E1C-D12D-4727-BA8D-3D71702A796D}.Debug|x86.Build.0 = Debug|x86
		{E06F6E1C-D12D-4727-BA8D-3D71702A796D}.Release|Any CPU.ActiveCfg = Release|Any CPU
		{E06F6E1C-D12D-4727-BA8D-3D71702A796D}.Release|Any CPU.Build.0 = Release|Any CPU
		{E06F6E1C-D12D-4727-BA8D-3D71702A796D}.Release|x64.ActiveCfg = Release|x64
		{E06F6E1C-D12D-4727-BA8D-3D71702A796D}.Release|x64.Build.0 = Release|x64
		{E06F6E1C-D12D-4727-BA8D-3D71702A796D}.Release|x86.ActiveCfg = Release|x86
		{E06F6E1C-D12D-4727-BA8D-3D71702A796D}.Release|x86.Build.0 = Release|x86
		{C334E40D-1E59-4648-AF1F-C4415FC97A5B}.Debug|Any CPU.ActiveCfg = Debug|Any CPU
		{C334E40D-1E59-4648-AF1F-C4415FC97A5B}.Debug|Any CPU.Build.0 = Debug|Any CPU
		{C334E40D-1E59-4648-AF1F-C4415FC97A5B}.Debug|x64.ActiveCfg = Debug|x64
		{C334E40D-1E59-4648-AF1F-C4415FC97A5B}.Debug|x64.Build.0 = Debug|x64
		{C334E40D-1E59-4648-AF1F-C4415FC97A5B}.Debug|x86.ActiveCfg = Debug|x86
		{C334E40D-1E59-4648-AF1F-C4415FC97A5B}.Debug|x86.Build.0 = Debug|x86
		{C334E40D-1E59-4648-AF1F-C4415FC97A5B}.Release|Any CPU.ActiveCfg = Release|Any CPU
		{C334E40D-1E59-4648-AF1F-C4415FC97A5B}.Release|Any CPU.Build.0 = Release|Any CPU
		{C334E40D-1E59-4648-AF1F-C4415FC97A5B}.Release|x64.ActiveCfg = Release|x64
		{C334E40D-1E59-4648-AF1F-C4415FC97A5B}.Release|x64.Build.0 = Release|x64
		{C334E40D-1E59-4648-AF1F-C4415FC97A5B}.Release|x86.ActiveCfg = Release|x86
		{C334E40D-1E59-4648-AF1F-C4415FC97A5B}.Release|x86.Build.0 = Release|x86
		{DFD32AF7-F78F-4516-9318-E2B8DA57DE54}.Debug|Any CPU.ActiveCfg = Debug|Any CPU
		{DFD32AF7-F78F-4516-9318-E2B8DA57DE54}.Debug|Any CPU.Build.0 = Debug|Any CPU
		{DFD32AF7-F78F-4516-9318-E2B8DA57DE54}.Debug|x64.ActiveCfg = Debug|x64
		{DFD32AF7-F78F-4516-9318-E2B8DA57DE54}.Debug|x64.Build.0 = Debug|x64
		{DFD32AF7-F78F-4516-9318-E2B8DA57DE54}.Debug|x86.ActiveCfg = Debug|x86
		{DFD32AF7-F78F-4516-9318-E2B8DA57DE54}.Debug|x86.Build.0 = Debug|x86
		{DFD32AF7-F78F-4516-9318-E2B8DA57DE54}.Release|Any CPU.ActiveCfg = Release|Any CPU
		{DFD32AF7-F78F-4516-9318-E2B8DA57DE54}.Release|Any CPU.Build.0 = Release|Any CPU
		{DFD32AF7-F78F-4516-9318-E2B8DA57DE54}.Release|x64.ActiveCfg = Release|x64
		{DFD32AF7-F78F-4516-9318-E2B8DA57DE54}.Release|x64.Build.0 = Release|x64
		{DFD32AF7-F78F-4516-9318-E2B8DA57DE54}.Release|x86.ActiveCfg = Release|x86
		{DFD32AF7-F78F-4516-9318-E2B8DA57DE54}.Release|x86.Build.0 = Release|x86
		{1A5835A8-0958-49D0-86A6-5A865E6C9CA3}.Debug|Any CPU.ActiveCfg = Debug|Any CPU
		{1A5835A8-0958-49D0-86A6-5A865E6C9CA3}.Debug|Any CPU.Build.0 = Debug|Any CPU
		{1A5835A8-0958-49D0-86A6-5A865E6C9CA3}.Debug|x64.ActiveCfg = Debug|x64
		{1A5835A8-0958-49D0-86A6-5A865E6C9CA3}.Debug|x64.Build.0 = Debug|x64
		{1A5835A8-0958-49D0-86A6-5A865E6C9CA3}.Debug|x86.ActiveCfg = Debug|x86
		{1A5835A8-0958-49D0-86A6-5A865E6C9CA3}.Debug|x86.Build.0 = Debug|x86
		{1A5835A8-0958-49D0-86A6-5A865E6C9CA3}.Release|Any CPU.ActiveCfg = Release|Any CPU
		{1A5835A8-0958-49D0-86A6-5A865E6C9CA3}.Release|Any CPU.Build.0 = Release|Any CPU
		{1A5835A8-0958-49D0-86A6-5A865E6C9CA3}.Release|x64.ActiveCfg = Release|x64
		{1A5835A8-0958-49D0-86A6-5A865E6C9CA3}.Release|x64.Build.0 = Release|x64
		{1A5835A8-0958-49D0-86A6-5A865E6C9CA3}.Release|x86.ActiveCfg = Release|x86
		{1A5835A8-0958-49D0-86A6-5A865E6C9CA3}.Release|x86.Build.0 = Release|x86
		{1A5835A8-0958-49D0-86A6-5A865E6C9CA4}.Debug|Any CPU.ActiveCfg = Debug|Any CPU
		{1A5835A8-0958-49D0-86A6-5A865E6C9CA4}.Debug|Any CPU.Build.0 = Debug|Any CPU
		{1A5835A8-0958-49D0-86A6-5A865E6C9CA4}.Debug|x64.ActiveCfg = Debug|x64
		{1A5835A8-0958-49D0-86A6-5A865E6C9CA4}.Debug|x64.Build.0 = Debug|x64
		{1A5835A8-0958-49D0-86A6-5A865E6C9CA4}.Debug|x86.ActiveCfg = Debug|x86
		{1A5835A8-0958-49D0-86A6-5A865E6C9CA4}.Debug|x86.Build.0 = Debug|x86
		{1A5835A8-0958-49D0-86A6-5A865E6C9CA4}.Release|Any CPU.ActiveCfg = Release|Any CPU
		{1A5835A8-0958-49D0-86A6-5A865E6C9CA4}.Release|Any CPU.Build.0 = Release|Any CPU
		{1A5835A8-0958-49D0-86A6-5A865E6C9CA4}.Release|x64.ActiveCfg = Release|x64
		{1A5835A8-0958-49D0-86A6-5A865E6C9CA4}.Release|x64.Build.0 = Release|x64
		{1A5835A8-0958-49D0-86A6-5A865E6C9CA4}.Release|x86.ActiveCfg = Release|x86
		{1A5835A8-0958-49D0-86A6-5A865E6C9CA4}.Release|x86.Build.0 = Release|x86
		{A2D5A802-8EA5-488E-993D-EA0C9D2A48F1}.Debug|Any CPU.ActiveCfg = Debug|Any CPU
		{A2D5A802-8EA5-488E-993D-EA0C9D2A48F1}.Debug|Any CPU.Build.0 = Debug|Any CPU
		{A2D5A802-8EA5-488E-993D-EA0C9D2A48F1}.Debug|x64.ActiveCfg = Debug|x64
		{A2D5A802-8EA5-488E-993D-EA0C9D2A48F1}.Debug|x64.Build.0 = Debug|x64
		{A2D5A802-8EA5-488E-993D-EA0C9D2A48F1}.Debug|x86.ActiveCfg = Debug|x86
		{A2D5A802-8EA5-488E-993D-EA0C9D2A48F1}.Debug|x86.Build.0 = Debug|x86
		{A2D5A802-8EA5-488E-993D-EA0C9D2A48F1}.Release|Any CPU.ActiveCfg = Release|Any CPU
		{A2D5A802-8EA5-488E-993D-EA0C9D2A48F1}.Release|Any CPU.Build.0 = Release|Any CPU
		{A2D5A802-8EA5-488E-993D-EA0C9D2A48F1}.Release|x64.ActiveCfg = Release|x64
		{A2D5A802-8EA5-488E-993D-EA0C9D2A48F1}.Release|x64.Build.0 = Release|x64
		{A2D5A802-8EA5-488E-993D-EA0C9D2A48F1}.Release|x86.ActiveCfg = Release|x86
		{A2D5A802-8EA5-488E-993D-EA0C9D2A48F1}.Release|x86.Build.0 = Release|x86
		{E4F7DEFC-238B-4B68-BB05-20198D62816A}.Debug|Any CPU.ActiveCfg = Debug|Any CPU
		{E4F7DEFC-238B-4B68-BB05-20198D62816A}.Debug|Any CPU.Build.0 = Debug|Any CPU
		{E4F7DEFC-238B-4B68-BB05-20198D62816A}.Debug|x64.ActiveCfg = Debug|x64
		{E4F7DEFC-238B-4B68-BB05-20198D62816A}.Debug|x64.Build.0 = Debug|x64
		{E4F7DEFC-238B-4B68-BB05-20198D62816A}.Debug|x86.ActiveCfg = Debug|x86
		{E4F7DEFC-238B-4B68-BB05-20198D62816A}.Debug|x86.Build.0 = Debug|x86
		{E4F7DEFC-238B-4B68-BB05-20198D62816A}.Release|Any CPU.ActiveCfg = Release|Any CPU
		{E4F7DEFC-238B-4B68-BB05-20198D62816A}.Release|Any CPU.Build.0 = Release|Any CPU
		{E4F7DEFC-238B-4B68-BB05-20198D62816A}.Release|x64.ActiveCfg = Release|x64
		{E4F7DEFC-238B-4B68-BB05-20198D62816A}.Release|x64.Build.0 = Release|x64
		{E4F7DEFC-238B-4B68-BB05-20198D62816A}.Release|x86.ActiveCfg = Release|x86
		{E4F7DEFC-238B-4B68-BB05-20198D62816A}.Release|x86.Build.0 = Release|x86
		{63F23E3D-3737-40A6-842E-96D31D91EDA5}.Debug|Any CPU.ActiveCfg = Debug|Any CPU
		{63F23E3D-3737-40A6-842E-96D31D91EDA5}.Debug|Any CPU.Build.0 = Debug|Any CPU
		{63F23E3D-3737-40A6-842E-96D31D91EDA5}.Debug|x64.ActiveCfg = Debug|x64
		{63F23E3D-3737-40A6-842E-96D31D91EDA5}.Debug|x64.Build.0 = Debug|x64
		{63F23E3D-3737-40A6-842E-96D31D91EDA5}.Debug|x86.ActiveCfg = Debug|x86
		{63F23E3D-3737-40A6-842E-96D31D91EDA5}.Debug|x86.Build.0 = Debug|x86
		{63F23E3D-3737-40A6-842E-96D31D91EDA5}.Release|Any CPU.ActiveCfg = Release|Any CPU
		{63F23E3D-3737-40A6-842E-96D31D91EDA5}.Release|Any CPU.Build.0 = Release|Any CPU
		{63F23E3D-3737-40A6-842E-96D31D91EDA5}.Release|x64.ActiveCfg = Release|x64
		{63F23E3D-3737-40A6-842E-96D31D91EDA5}.Release|x64.Build.0 = Release|x64
		{63F23E3D-3737-40A6-842E-96D31D91EDA5}.Release|x86.ActiveCfg = Release|x86
		{63F23E3D-3737-40A6-842E-96D31D91EDA5}.Release|x86.Build.0 = Release|x86
		{7949878E-00FA-45B3-B883-D5F130F11FA1}.Debug|Any CPU.ActiveCfg = Debug|Any CPU
		{7949878E-00FA-45B3-B883-D5F130F11FA1}.Debug|Any CPU.Build.0 = Debug|Any CPU
		{7949878E-00FA-45B3-B883-D5F130F11FA1}.Debug|x64.ActiveCfg = Debug|x64
		{7949878E-00FA-45B3-B883-D5F130F11FA1}.Debug|x64.Build.0 = Debug|x64
		{7949878E-00FA-45B3-B883-D5F130F11FA1}.Debug|x86.ActiveCfg = Debug|x86
		{7949878E-00FA-45B3-B883-D5F130F11FA1}.Debug|x86.Build.0 = Debug|x86
		{7949878E-00FA-45B3-B883-D5F130F11FA1}.Release|Any CPU.ActiveCfg = Release|Any CPU
		{7949878E-00FA-45B3-B883-D5F130F11FA1}.Release|Any CPU.Build.0 = Release|Any CPU
		{7949878E-00FA-45B3-B883-D5F130F11FA1}.Release|x64.ActiveCfg = Release|x64
		{7949878E-00FA-45B3-B883-D5F130F11FA1}.Release|x64.Build.0 = Release|x64
		{7949878E-00FA-45B3-B883-D5F130F11FA1}.Release|x86.ActiveCfg = Release|x86
		{7949878E-00FA-45B3-B883-D5F130F11FA1}.Release|x86.Build.0 = Release|x86
		{A881872D-EF28-4909-A4FE-45B6B1CA877D}.Debug|Any CPU.ActiveCfg = Debug|Any CPU
		{A881872D-EF28-4909-A4FE-45B6B1CA877D}.Debug|Any CPU.Build.0 = Debug|Any CPU
		{A881872D-EF28-4909-A4FE-45B6B1CA877D}.Debug|x64.ActiveCfg = Debug|x64
		{A881872D-EF28-4909-A4FE-45B6B1CA877D}.Debug|x64.Build.0 = Debug|x64
		{A881872D-EF28-4909-A4FE-45B6B1CA877D}.Debug|x86.ActiveCfg = Debug|x86
		{A881872D-EF28-4909-A4FE-45B6B1CA877D}.Debug|x86.Build.0 = Debug|x86
		{A881872D-EF28-4909-A4FE-45B6B1CA877D}.Release|Any CPU.ActiveCfg = Release|Any CPU
		{A881872D-EF28-4909-A4FE-45B6B1CA877D}.Release|Any CPU.Build.0 = Release|Any CPU
		{A881872D-EF28-4909-A4FE-45B6B1CA877D}.Release|x64.ActiveCfg = Release|x64
		{A881872D-EF28-4909-A4FE-45B6B1CA877D}.Release|x64.Build.0 = Release|x64
		{A881872D-EF28-4909-A4FE-45B6B1CA877D}.Release|x86.ActiveCfg = Release|x86
		{A881872D-EF28-4909-A4FE-45B6B1CA877D}.Release|x86.Build.0 = Release|x86
		{7AB2695B-DA7A-4A81-A58C-35CD0162D605}.Debug|Any CPU.ActiveCfg = Debug|Any CPU
		{7AB2695B-DA7A-4A81-A58C-35CD0162D605}.Debug|Any CPU.Build.0 = Debug|Any CPU
		{7AB2695B-DA7A-4A81-A58C-35CD0162D605}.Debug|x64.ActiveCfg = Debug|x64
		{7AB2695B-DA7A-4A81-A58C-35CD0162D605}.Debug|x64.Build.0 = Debug|x64
		{7AB2695B-DA7A-4A81-A58C-35CD0162D605}.Debug|x86.ActiveCfg = Debug|x86
		{7AB2695B-DA7A-4A81-A58C-35CD0162D605}.Debug|x86.Build.0 = Debug|x86
		{7AB2695B-DA7A-4A81-A58C-35CD0162D605}.Release|Any CPU.ActiveCfg = Release|Any CPU
		{7AB2695B-DA7A-4A81-A58C-35CD0162D605}.Release|Any CPU.Build.0 = Release|Any CPU
		{7AB2695B-DA7A-4A81-A58C-35CD0162D605}.Release|x64.ActiveCfg = Release|x64
		{7AB2695B-DA7A-4A81-A58C-35CD0162D605}.Release|x64.Build.0 = Release|x64
		{7AB2695B-DA7A-4A81-A58C-35CD0162D605}.Release|x86.ActiveCfg = Release|x86
		{7AB2695B-DA7A-4A81-A58C-35CD0162D605}.Release|x86.Build.0 = Release|x86
		{17167558-BBD0-4B0C-AA66-7EC3FB315BFB}.Debug|Any CPU.ActiveCfg = Debug|Any CPU
		{17167558-BBD0-4B0C-AA66-7EC3FB315BFB}.Debug|Any CPU.Build.0 = Debug|Any CPU
		{17167558-BBD0-4B0C-AA66-7EC3FB315BFB}.Debug|x64.ActiveCfg = Debug|x64
		{17167558-BBD0-4B0C-AA66-7EC3FB315BFB}.Debug|x64.Build.0 = Debug|x64
		{17167558-BBD0-4B0C-AA66-7EC3FB315BFB}.Debug|x86.ActiveCfg = Debug|x86
		{17167558-BBD0-4B0C-AA66-7EC3FB315BFB}.Debug|x86.Build.0 = Debug|x86
		{17167558-BBD0-4B0C-AA66-7EC3FB315BFB}.Release|Any CPU.ActiveCfg = Release|Any CPU
		{17167558-BBD0-4B0C-AA66-7EC3FB315BFB}.Release|Any CPU.Build.0 = Release|Any CPU
		{17167558-BBD0-4B0C-AA66-7EC3FB315BFB}.Release|x64.ActiveCfg = Release|x64
		{17167558-BBD0-4B0C-AA66-7EC3FB315BFB}.Release|x64.Build.0 = Release|x64
		{17167558-BBD0-4B0C-AA66-7EC3FB315BFB}.Release|x86.ActiveCfg = Release|x86
		{17167558-BBD0-4B0C-AA66-7EC3FB315BFB}.Release|x86.Build.0 = Release|x86
		{E563D359-5AA6-45FB-98F6-470BFF8112B5}.Debug|Any CPU.ActiveCfg = Debug|Any CPU
		{E563D359-5AA6-45FB-98F6-470BFF8112B5}.Debug|Any CPU.Build.0 = Debug|Any CPU
		{E563D359-5AA6-45FB-98F6-470BFF8112B5}.Debug|x64.ActiveCfg = Debug|x64
		{E563D359-5AA6-45FB-98F6-470BFF8112B5}.Debug|x64.Build.0 = Debug|x64
		{E563D359-5AA6-45FB-98F6-470BFF8112B5}.Debug|x86.ActiveCfg = Debug|x86
		{E563D359-5AA6-45FB-98F6-470BFF8112B5}.Debug|x86.Build.0 = Debug|x86
		{E563D359-5AA6-45FB-98F6-470BFF8112B5}.Release|Any CPU.ActiveCfg = Release|Any CPU
		{E563D359-5AA6-45FB-98F6-470BFF8112B5}.Release|Any CPU.Build.0 = Release|Any CPU
		{E563D359-5AA6-45FB-98F6-470BFF8112B5}.Release|x64.ActiveCfg = Release|x64
		{E563D359-5AA6-45FB-98F6-470BFF8112B5}.Release|x64.Build.0 = Release|x64
		{E563D359-5AA6-45FB-98F6-470BFF8112B5}.Release|x86.ActiveCfg = Release|x86
		{E563D359-5AA6-45FB-98F6-470BFF8112B5}.Release|x86.Build.0 = Release|x86
		{B465409B-A54A-469D-A31A-B1719F264564}.Debug|Any CPU.ActiveCfg = Debug|Any CPU
		{B465409B-A54A-469D-A31A-B1719F264564}.Debug|Any CPU.Build.0 = Debug|Any CPU
		{B465409B-A54A-469D-A31A-B1719F264564}.Debug|x64.ActiveCfg = Debug|x64
		{B465409B-A54A-469D-A31A-B1719F264564}.Debug|x64.Build.0 = Debug|x64
		{B465409B-A54A-469D-A31A-B1719F264564}.Debug|x86.ActiveCfg = Debug|x86
		{B465409B-A54A-469D-A31A-B1719F264564}.Debug|x86.Build.0 = Debug|x86
		{B465409B-A54A-469D-A31A-B1719F264564}.Release|Any CPU.ActiveCfg = Release|Any CPU
		{B465409B-A54A-469D-A31A-B1719F264564}.Release|Any CPU.Build.0 = Release|Any CPU
		{B465409B-A54A-469D-A31A-B1719F264564}.Release|x64.ActiveCfg = Release|x64
		{B465409B-A54A-469D-A31A-B1719F264564}.Release|x64.Build.0 = Release|x64
		{B465409B-A54A-469D-A31A-B1719F264564}.Release|x86.ActiveCfg = Release|x86
		{B465409B-A54A-469D-A31A-B1719F264564}.Release|x86.Build.0 = Release|x86
		{D18D8A56-273D-43D9-ADD6-D916C8CF7C5C}.Debug|Any CPU.ActiveCfg = Debug|Any CPU
		{D18D8A56-273D-43D9-ADD6-D916C8CF7C5C}.Debug|Any CPU.Build.0 = Debug|Any CPU
		{D18D8A56-273D-43D9-ADD6-D916C8CF7C5C}.Debug|x64.ActiveCfg = Debug|x64
		{D18D8A56-273D-43D9-ADD6-D916C8CF7C5C}.Debug|x64.Build.0 = Debug|x64
		{D18D8A56-273D-43D9-ADD6-D916C8CF7C5C}.Debug|x86.ActiveCfg = Debug|x86
		{D18D8A56-273D-43D9-ADD6-D916C8CF7C5C}.Debug|x86.Build.0 = Debug|x86
		{D18D8A56-273D-43D9-ADD6-D916C8CF7C5C}.Release|Any CPU.ActiveCfg = Release|Any CPU
		{D18D8A56-273D-43D9-ADD6-D916C8CF7C5C}.Release|Any CPU.Build.0 = Release|Any CPU
		{D18D8A56-273D-43D9-ADD6-D916C8CF7C5C}.Release|x64.ActiveCfg = Release|x64
		{D18D8A56-273D-43D9-ADD6-D916C8CF7C5C}.Release|x64.Build.0 = Release|x64
		{D18D8A56-273D-43D9-ADD6-D916C8CF7C5C}.Release|x86.ActiveCfg = Release|x86
		{D18D8A56-273D-43D9-ADD6-D916C8CF7C5C}.Release|x86.Build.0 = Release|x86
		{40E9B7A6-AA72-4EA9-B07D-2060C8F8D5B8}.Debug|Any CPU.ActiveCfg = Debug|Any CPU
		{40E9B7A6-AA72-4EA9-B07D-2060C8F8D5B8}.Debug|Any CPU.Build.0 = Debug|Any CPU
		{40E9B7A6-AA72-4EA9-B07D-2060C8F8D5B8}.Debug|x64.ActiveCfg = Debug|x64
		{40E9B7A6-AA72-4EA9-B07D-2060C8F8D5B8}.Debug|x64.Build.0 = Debug|x64
		{40E9B7A6-AA72-4EA9-B07D-2060C8F8D5B8}.Debug|x86.ActiveCfg = Debug|x86
		{40E9B7A6-AA72-4EA9-B07D-2060C8F8D5B8}.Debug|x86.Build.0 = Debug|x86
		{40E9B7A6-AA72-4EA9-B07D-2060C8F8D5B8}.Release|Any CPU.ActiveCfg = Release|Any CPU
		{40E9B7A6-AA72-4EA9-B07D-2060C8F8D5B8}.Release|Any CPU.Build.0 = Release|Any CPU
		{40E9B7A6-AA72-4EA9-B07D-2060C8F8D5B8}.Release|x64.ActiveCfg = Release|x64
		{40E9B7A6-AA72-4EA9-B07D-2060C8F8D5B8}.Release|x64.Build.0 = Release|x64
		{40E9B7A6-AA72-4EA9-B07D-2060C8F8D5B8}.Release|x86.ActiveCfg = Release|x86
		{40E9B7A6-AA72-4EA9-B07D-2060C8F8D5B8}.Release|x86.Build.0 = Release|x86
		{C368F115-088B-4AED-B9A5-3E5638662D7D}.Debug|Any CPU.ActiveCfg = Debug|Any CPU
		{C368F115-088B-4AED-B9A5-3E5638662D7D}.Debug|Any CPU.Build.0 = Debug|Any CPU
		{C368F115-088B-4AED-B9A5-3E5638662D7D}.Debug|x64.ActiveCfg = Debug|x64
		{C368F115-088B-4AED-B9A5-3E5638662D7D}.Debug|x64.Build.0 = Debug|x64
		{C368F115-088B-4AED-B9A5-3E5638662D7D}.Debug|x86.ActiveCfg = Debug|x86
		{C368F115-088B-4AED-B9A5-3E5638662D7D}.Debug|x86.Build.0 = Debug|x86
		{C368F115-088B-4AED-B9A5-3E5638662D7D}.Release|Any CPU.ActiveCfg = Release|Any CPU
		{C368F115-088B-4AED-B9A5-3E5638662D7D}.Release|Any CPU.Build.0 = Release|Any CPU
		{C368F115-088B-4AED-B9A5-3E5638662D7D}.Release|x64.ActiveCfg = Release|x64
		{C368F115-088B-4AED-B9A5-3E5638662D7D}.Release|x64.Build.0 = Release|x64
		{C368F115-088B-4AED-B9A5-3E5638662D7D}.Release|x86.ActiveCfg = Release|x86
		{C368F115-088B-4AED-B9A5-3E5638662D7D}.Release|x86.Build.0 = Release|x86
		{7A76618E-F78E-4A03-B538-9CE2C308658D}.Debug|Any CPU.ActiveCfg = Debug|Any CPU
		{7A76618E-F78E-4A03-B538-9CE2C308658D}.Debug|Any CPU.Build.0 = Debug|Any CPU
		{7A76618E-F78E-4A03-B538-9CE2C308658D}.Debug|x64.ActiveCfg = Debug|x64
		{7A76618E-F78E-4A03-B538-9CE2C308658D}.Debug|x64.Build.0 = Debug|x64
		{7A76618E-F78E-4A03-B538-9CE2C308658D}.Debug|x86.ActiveCfg = Debug|x86
		{7A76618E-F78E-4A03-B538-9CE2C308658D}.Debug|x86.Build.0 = Debug|x86
		{7A76618E-F78E-4A03-B538-9CE2C308658D}.Release|Any CPU.ActiveCfg = Release|Any CPU
		{7A76618E-F78E-4A03-B538-9CE2C308658D}.Release|Any CPU.Build.0 = Release|Any CPU
		{7A76618E-F78E-4A03-B538-9CE2C308658D}.Release|x64.ActiveCfg = Release|x64
		{7A76618E-F78E-4A03-B538-9CE2C308658D}.Release|x64.Build.0 = Release|x64
		{7A76618E-F78E-4A03-B538-9CE2C308658D}.Release|x86.ActiveCfg = Release|x86
		{7A76618E-F78E-4A03-B538-9CE2C308658D}.Release|x86.Build.0 = Release|x86
		{40DB917F-EF41-4867-9BB7-81BA88E147C9}.Debug|Any CPU.ActiveCfg = Debug|Any CPU
		{40DB917F-EF41-4867-9BB7-81BA88E147C9}.Debug|Any CPU.Build.0 = Debug|Any CPU
		{40DB917F-EF41-4867-9BB7-81BA88E147C9}.Debug|x64.ActiveCfg = Debug|x64
		{40DB917F-EF41-4867-9BB7-81BA88E147C9}.Debug|x64.Build.0 = Debug|x64
		{40DB917F-EF41-4867-9BB7-81BA88E147C9}.Debug|x86.ActiveCfg = Debug|x86
		{40DB917F-EF41-4867-9BB7-81BA88E147C9}.Debug|x86.Build.0 = Debug|x86
		{40DB917F-EF41-4867-9BB7-81BA88E147C9}.Release|Any CPU.ActiveCfg = Release|Any CPU
		{40DB917F-EF41-4867-9BB7-81BA88E147C9}.Release|Any CPU.Build.0 = Release|Any CPU
		{40DB917F-EF41-4867-9BB7-81BA88E147C9}.Release|x64.ActiveCfg = Release|x64
		{40DB917F-EF41-4867-9BB7-81BA88E147C9}.Release|x64.Build.0 = Release|x64
		{40DB917F-EF41-4867-9BB7-81BA88E147C9}.Release|x86.ActiveCfg = Release|x86
		{40DB917F-EF41-4867-9BB7-81BA88E147C9}.Release|x86.Build.0 = Release|x86
		{13655939-E1F8-43FE-B9A7-36B8A3318566}.Debug|Any CPU.ActiveCfg = Debug|Any CPU
		{13655939-E1F8-43FE-B9A7-36B8A3318566}.Debug|Any CPU.Build.0 = Debug|Any CPU
		{13655939-E1F8-43FE-B9A7-36B8A3318566}.Debug|x64.ActiveCfg = Debug|x64
		{13655939-E1F8-43FE-B9A7-36B8A3318566}.Debug|x64.Build.0 = Debug|x64
		{13655939-E1F8-43FE-B9A7-36B8A3318566}.Debug|x86.ActiveCfg = Debug|x86
		{13655939-E1F8-43FE-B9A7-36B8A3318566}.Debug|x86.Build.0 = Debug|x86
		{13655939-E1F8-43FE-B9A7-36B8A3318566}.Release|Any CPU.ActiveCfg = Release|Any CPU
		{13655939-E1F8-43FE-B9A7-36B8A3318566}.Release|Any CPU.Build.0 = Release|Any CPU
		{13655939-E1F8-43FE-B9A7-36B8A3318566}.Release|x64.ActiveCfg = Release|x64
		{13655939-E1F8-43FE-B9A7-36B8A3318566}.Release|x64.Build.0 = Release|x64
		{13655939-E1F8-43FE-B9A7-36B8A3318566}.Release|x86.ActiveCfg = Release|x86
		{13655939-E1F8-43FE-B9A7-36B8A3318566}.Release|x86.Build.0 = Release|x86
		{F1E24BA5-9A53-46F1-8A1B-8D334673FD56}.Debug|Any CPU.ActiveCfg = Debug|Any CPU
		{F1E24BA5-9A53-46F1-8A1B-8D334673FD56}.Debug|Any CPU.Build.0 = Debug|Any CPU
		{F1E24BA5-9A53-46F1-8A1B-8D334673FD56}.Debug|x64.ActiveCfg = Debug|x64
		{F1E24BA5-9A53-46F1-8A1B-8D334673FD56}.Debug|x64.Build.0 = Debug|x64
		{F1E24BA5-9A53-46F1-8A1B-8D334673FD56}.Debug|x86.ActiveCfg = Debug|x86
		{F1E24BA5-9A53-46F1-8A1B-8D334673FD56}.Debug|x86.Build.0 = Debug|x86
		{F1E24BA5-9A53-46F1-8A1B-8D334673FD56}.Release|Any CPU.ActiveCfg = Release|Any CPU
		{F1E24BA5-9A53-46F1-8A1B-8D334673FD56}.Release|Any CPU.Build.0 = Release|Any CPU
		{F1E24BA5-9A53-46F1-8A1B-8D334673FD56}.Release|x64.ActiveCfg = Release|x64
		{F1E24BA5-9A53-46F1-8A1B-8D334673FD56}.Release|x64.Build.0 = Release|x64
		{F1E24BA5-9A53-46F1-8A1B-8D334673FD56}.Release|x86.ActiveCfg = Release|x86
		{F1E24BA5-9A53-46F1-8A1B-8D334673FD56}.Release|x86.Build.0 = Release|x86
		{73B14F2A-236C-49B4-85B3-6270C2E89957}.Debug|Any CPU.ActiveCfg = Debug|Any CPU
		{73B14F2A-236C-49B4-85B3-6270C2E89957}.Debug|Any CPU.Build.0 = Debug|Any CPU
		{73B14F2A-236C-49B4-85B3-6270C2E89957}.Debug|x64.ActiveCfg = Debug|x64
		{73B14F2A-236C-49B4-85B3-6270C2E89957}.Debug|x64.Build.0 = Debug|x64
		{73B14F2A-236C-49B4-85B3-6270C2E89957}.Debug|x86.ActiveCfg = Debug|x86
		{73B14F2A-236C-49B4-85B3-6270C2E89957}.Debug|x86.Build.0 = Debug|x86
		{73B14F2A-236C-49B4-85B3-6270C2E89957}.Release|Any CPU.ActiveCfg = Release|Any CPU
		{73B14F2A-236C-49B4-85B3-6270C2E89957}.Release|Any CPU.Build.0 = Release|Any CPU
		{73B14F2A-236C-49B4-85B3-6270C2E89957}.Release|x64.ActiveCfg = Release|x64
		{73B14F2A-236C-49B4-85B3-6270C2E89957}.Release|x64.Build.0 = Release|x64
		{73B14F2A-236C-49B4-85B3-6270C2E89957}.Release|x86.ActiveCfg = Release|x86
		{73B14F2A-236C-49B4-85B3-6270C2E89957}.Release|x86.Build.0 = Release|x86
		{E5A26B88-0F6E-4422-8C94-33A33B23C0E5}.Debug|Any CPU.ActiveCfg = Debug|Any CPU
		{E5A26B88-0F6E-4422-8C94-33A33B23C0E5}.Debug|Any CPU.Build.0 = Debug|Any CPU
		{E5A26B88-0F6E-4422-8C94-33A33B23C0E5}.Debug|x64.ActiveCfg = Debug|x64
		{E5A26B88-0F6E-4422-8C94-33A33B23C0E5}.Debug|x64.Build.0 = Debug|x64
		{E5A26B88-0F6E-4422-8C94-33A33B23C0E5}.Debug|x86.ActiveCfg = Debug|x86
		{E5A26B88-0F6E-4422-8C94-33A33B23C0E5}.Debug|x86.Build.0 = Debug|x86
		{E5A26B88-0F6E-4422-8C94-33A33B23C0E5}.Release|Any CPU.ActiveCfg = Release|Any CPU
		{E5A26B88-0F6E-4422-8C94-33A33B23C0E5}.Release|Any CPU.Build.0 = Release|Any CPU
		{E5A26B88-0F6E-4422-8C94-33A33B23C0E5}.Release|x64.ActiveCfg = Release|x64
		{E5A26B88-0F6E-4422-8C94-33A33B23C0E5}.Release|x64.Build.0 = Release|x64
		{E5A26B88-0F6E-4422-8C94-33A33B23C0E5}.Release|x86.ActiveCfg = Release|x86
		{E5A26B88-0F6E-4422-8C94-33A33B23C0E5}.Release|x86.Build.0 = Release|x86
		{5F7690C1-1F84-4468-927F-ECAA0576022D}.Debug|Any CPU.ActiveCfg = Debug|Any CPU
		{5F7690C1-1F84-4468-927F-ECAA0576022D}.Debug|Any CPU.Build.0 = Debug|Any CPU
		{5F7690C1-1F84-4468-927F-ECAA0576022D}.Debug|x64.ActiveCfg = Debug|x64
		{5F7690C1-1F84-4468-927F-ECAA0576022D}.Debug|x64.Build.0 = Debug|x64
		{5F7690C1-1F84-4468-927F-ECAA0576022D}.Debug|x86.ActiveCfg = Debug|x86
		{5F7690C1-1F84-4468-927F-ECAA0576022D}.Debug|x86.Build.0 = Debug|x86
		{5F7690C1-1F84-4468-927F-ECAA0576022D}.Release|Any CPU.ActiveCfg = Release|Any CPU
		{5F7690C1-1F84-4468-927F-ECAA0576022D}.Release|Any CPU.Build.0 = Release|Any CPU
		{5F7690C1-1F84-4468-927F-ECAA0576022D}.Release|x64.ActiveCfg = Release|x64
		{5F7690C1-1F84-4468-927F-ECAA0576022D}.Release|x64.Build.0 = Release|x64
		{5F7690C1-1F84-4468-927F-ECAA0576022D}.Release|x86.ActiveCfg = Release|x86
		{5F7690C1-1F84-4468-927F-ECAA0576022D}.Release|x86.Build.0 = Release|x86
		{F3D34A75-33CA-49A1-BDFE-F79DA317AD81}.Debug|Any CPU.ActiveCfg = Debug|Any CPU
		{F3D34A75-33CA-49A1-BDFE-F79DA317AD81}.Debug|Any CPU.Build.0 = Debug|Any CPU
		{F3D34A75-33CA-49A1-BDFE-F79DA317AD81}.Debug|x64.ActiveCfg = Debug|x64
		{F3D34A75-33CA-49A1-BDFE-F79DA317AD81}.Debug|x64.Build.0 = Debug|x64
		{F3D34A75-33CA-49A1-BDFE-F79DA317AD81}.Debug|x86.ActiveCfg = Debug|x86
		{F3D34A75-33CA-49A1-BDFE-F79DA317AD81}.Debug|x86.Build.0 = Debug|x86
		{F3D34A75-33CA-49A1-BDFE-F79DA317AD81}.Release|Any CPU.ActiveCfg = Release|Any CPU
		{F3D34A75-33CA-49A1-BDFE-F79DA317AD81}.Release|Any CPU.Build.0 = Release|Any CPU
		{F3D34A75-33CA-49A1-BDFE-F79DA317AD81}.Release|x64.ActiveCfg = Release|x64
		{F3D34A75-33CA-49A1-BDFE-F79DA317AD81}.Release|x64.Build.0 = Release|x64
		{F3D34A75-33CA-49A1-BDFE-F79DA317AD81}.Release|x86.ActiveCfg = Release|x86
		{F3D34A75-33CA-49A1-BDFE-F79DA317AD81}.Release|x86.Build.0 = Release|x86
		{208BC07B-366D-4BCC-ACF7-79879671C32E}.Debug|Any CPU.ActiveCfg = Debug|Any CPU
		{208BC07B-366D-4BCC-ACF7-79879671C32E}.Debug|Any CPU.Build.0 = Debug|Any CPU
		{208BC07B-366D-4BCC-ACF7-79879671C32E}.Debug|x64.ActiveCfg = Debug|x64
		{208BC07B-366D-4BCC-ACF7-79879671C32E}.Debug|x64.Build.0 = Debug|x64
		{208BC07B-366D-4BCC-ACF7-79879671C32E}.Debug|x86.ActiveCfg = Debug|x86
		{208BC07B-366D-4BCC-ACF7-79879671C32E}.Debug|x86.Build.0 = Debug|x86
		{208BC07B-366D-4BCC-ACF7-79879671C32E}.Release|Any CPU.ActiveCfg = Release|Any CPU
		{208BC07B-366D-4BCC-ACF7-79879671C32E}.Release|Any CPU.Build.0 = Release|Any CPU
		{208BC07B-366D-4BCC-ACF7-79879671C32E}.Release|x64.ActiveCfg = Release|x64
		{208BC07B-366D-4BCC-ACF7-79879671C32E}.Release|x64.Build.0 = Release|x64
		{208BC07B-366D-4BCC-ACF7-79879671C32E}.Release|x86.ActiveCfg = Release|x86
		{208BC07B-366D-4BCC-ACF7-79879671C32E}.Release|x86.Build.0 = Release|x86
		{AC31A734-FC34-41E9-8DDA-19EA337B1127}.Debug|Any CPU.ActiveCfg = Debug|Any CPU
		{AC31A734-FC34-41E9-8DDA-19EA337B1127}.Debug|Any CPU.Build.0 = Debug|Any CPU
		{AC31A734-FC34-41E9-8DDA-19EA337B1127}.Debug|x64.ActiveCfg = Debug|x64
		{AC31A734-FC34-41E9-8DDA-19EA337B1127}.Debug|x64.Build.0 = Debug|x64
		{AC31A734-FC34-41E9-8DDA-19EA337B1127}.Debug|x86.ActiveCfg = Debug|x86
		{AC31A734-FC34-41E9-8DDA-19EA337B1127}.Debug|x86.Build.0 = Debug|x86
		{AC31A734-FC34-41E9-8DDA-19EA337B1127}.Release|Any CPU.ActiveCfg = Release|Any CPU
		{AC31A734-FC34-41E9-8DDA-19EA337B1127}.Release|Any CPU.Build.0 = Release|Any CPU
		{AC31A734-FC34-41E9-8DDA-19EA337B1127}.Release|x64.ActiveCfg = Release|x64
		{AC31A734-FC34-41E9-8DDA-19EA337B1127}.Release|x64.Build.0 = Release|x64
		{AC31A734-FC34-41E9-8DDA-19EA337B1127}.Release|x86.ActiveCfg = Release|x86
		{AC31A734-FC34-41E9-8DDA-19EA337B1127}.Release|x86.Build.0 = Release|x86
		{E50AF97C-F17F-4BF3-8555-6BACFC473D6D}.Debug|Any CPU.ActiveCfg = Debug|Any CPU
		{E50AF97C-F17F-4BF3-8555-6BACFC473D6D}.Debug|Any CPU.Build.0 = Debug|Any CPU
		{E50AF97C-F17F-4BF3-8555-6BACFC473D6D}.Debug|x64.ActiveCfg = Debug|x64
		{E50AF97C-F17F-4BF3-8555-6BACFC473D6D}.Debug|x64.Build.0 = Debug|x64
		{E50AF97C-F17F-4BF3-8555-6BACFC473D6D}.Debug|x86.ActiveCfg = Debug|x86
		{E50AF97C-F17F-4BF3-8555-6BACFC473D6D}.Debug|x86.Build.0 = Debug|x86
		{E50AF97C-F17F-4BF3-8555-6BACFC473D6D}.Release|Any CPU.ActiveCfg = Release|Any CPU
		{E50AF97C-F17F-4BF3-8555-6BACFC473D6D}.Release|Any CPU.Build.0 = Release|Any CPU
		{E50AF97C-F17F-4BF3-8555-6BACFC473D6D}.Release|x64.ActiveCfg = Release|x64
		{E50AF97C-F17F-4BF3-8555-6BACFC473D6D}.Release|x64.Build.0 = Release|x64
		{E50AF97C-F17F-4BF3-8555-6BACFC473D6D}.Release|x86.ActiveCfg = Release|x86
		{E50AF97C-F17F-4BF3-8555-6BACFC473D6D}.Release|x86.Build.0 = Release|x86
		{204B7009-28A1-43AF-B95A-49EF7494A0A2}.Debug|Any CPU.ActiveCfg = Debug|Any CPU
		{204B7009-28A1-43AF-B95A-49EF7494A0A2}.Debug|Any CPU.Build.0 = Debug|Any CPU
		{204B7009-28A1-43AF-B95A-49EF7494A0A2}.Debug|x64.ActiveCfg = Debug|x64
		{204B7009-28A1-43AF-B95A-49EF7494A0A2}.Debug|x64.Build.0 = Debug|x64
		{204B7009-28A1-43AF-B95A-49EF7494A0A2}.Debug|x86.ActiveCfg = Debug|x86
		{204B7009-28A1-43AF-B95A-49EF7494A0A2}.Debug|x86.Build.0 = Debug|x86
		{204B7009-28A1-43AF-B95A-49EF7494A0A2}.Release|Any CPU.ActiveCfg = Release|Any CPU
		{204B7009-28A1-43AF-B95A-49EF7494A0A2}.Release|Any CPU.Build.0 = Release|Any CPU
		{204B7009-28A1-43AF-B95A-49EF7494A0A2}.Release|x64.ActiveCfg = Release|x64
		{204B7009-28A1-43AF-B95A-49EF7494A0A2}.Release|x64.Build.0 = Release|x64
		{204B7009-28A1-43AF-B95A-49EF7494A0A2}.Release|x86.ActiveCfg = Release|x86
		{204B7009-28A1-43AF-B95A-49EF7494A0A2}.Release|x86.Build.0 = Release|x86
		{07EE0749-7AB7-4289-B688-1DF98B9ADB23}.Debug|Any CPU.ActiveCfg = Debug|Any CPU
		{07EE0749-7AB7-4289-B688-1DF98B9ADB23}.Debug|Any CPU.Build.0 = Debug|Any CPU
		{07EE0749-7AB7-4289-B688-1DF98B9ADB23}.Debug|x64.ActiveCfg = Debug|x64
		{07EE0749-7AB7-4289-B688-1DF98B9ADB23}.Debug|x64.Build.0 = Debug|x64
		{07EE0749-7AB7-4289-B688-1DF98B9ADB23}.Debug|x86.ActiveCfg = Debug|x86
		{07EE0749-7AB7-4289-B688-1DF98B9ADB23}.Debug|x86.Build.0 = Debug|x86
		{07EE0749-7AB7-4289-B688-1DF98B9ADB23}.Release|Any CPU.ActiveCfg = Release|Any CPU
		{07EE0749-7AB7-4289-B688-1DF98B9ADB23}.Release|Any CPU.Build.0 = Release|Any CPU
		{07EE0749-7AB7-4289-B688-1DF98B9ADB23}.Release|x64.ActiveCfg = Release|x64
		{07EE0749-7AB7-4289-B688-1DF98B9ADB23}.Release|x64.Build.0 = Release|x64
		{07EE0749-7AB7-4289-B688-1DF98B9ADB23}.Release|x86.ActiveCfg = Release|x86
		{07EE0749-7AB7-4289-B688-1DF98B9ADB23}.Release|x86.Build.0 = Release|x86
		{76154D03-E94B-45DF-83F8-C21215C7533A}.Debug|Any CPU.ActiveCfg = Debug|Any CPU
		{76154D03-E94B-45DF-83F8-C21215C7533A}.Debug|Any CPU.Build.0 = Debug|Any CPU
		{76154D03-E94B-45DF-83F8-C21215C7533A}.Debug|x64.ActiveCfg = Debug|x64
		{76154D03-E94B-45DF-83F8-C21215C7533A}.Debug|x64.Build.0 = Debug|x64
		{76154D03-E94B-45DF-83F8-C21215C7533A}.Debug|x86.ActiveCfg = Debug|x86
		{76154D03-E94B-45DF-83F8-C21215C7533A}.Debug|x86.Build.0 = Debug|x86
		{76154D03-E94B-45DF-83F8-C21215C7533A}.Release|Any CPU.ActiveCfg = Release|Any CPU
		{76154D03-E94B-45DF-83F8-C21215C7533A}.Release|Any CPU.Build.0 = Release|Any CPU
		{76154D03-E94B-45DF-83F8-C21215C7533A}.Release|x64.ActiveCfg = Release|x64
		{76154D03-E94B-45DF-83F8-C21215C7533A}.Release|x64.Build.0 = Release|x64
		{76154D03-E94B-45DF-83F8-C21215C7533A}.Release|x86.ActiveCfg = Release|x86
		{76154D03-E94B-45DF-83F8-C21215C7533A}.Release|x86.Build.0 = Release|x86
		{21DFE5D0-611B-4E95-92AC-6102A3DD9293}.Debug|Any CPU.ActiveCfg = Debug|Any CPU
		{21DFE5D0-611B-4E95-92AC-6102A3DD9293}.Debug|Any CPU.Build.0 = Debug|Any CPU
		{21DFE5D0-611B-4E95-92AC-6102A3DD9293}.Debug|x64.ActiveCfg = Debug|x64
		{21DFE5D0-611B-4E95-92AC-6102A3DD9293}.Debug|x64.Build.0 = Debug|x64
		{21DFE5D0-611B-4E95-92AC-6102A3DD9293}.Debug|x86.ActiveCfg = Debug|x86
		{21DFE5D0-611B-4E95-92AC-6102A3DD9293}.Debug|x86.Build.0 = Debug|x86
		{21DFE5D0-611B-4E95-92AC-6102A3DD9293}.Release|Any CPU.ActiveCfg = Release|Any CPU
		{21DFE5D0-611B-4E95-92AC-6102A3DD9293}.Release|Any CPU.Build.0 = Release|Any CPU
		{21DFE5D0-611B-4E95-92AC-6102A3DD9293}.Release|x64.ActiveCfg = Release|x64
		{21DFE5D0-611B-4E95-92AC-6102A3DD9293}.Release|x64.Build.0 = Release|x64
		{21DFE5D0-611B-4E95-92AC-6102A3DD9293}.Release|x86.ActiveCfg = Release|x86
		{21DFE5D0-611B-4E95-92AC-6102A3DD9293}.Release|x86.Build.0 = Release|x86
		{E23EBC97-0487-436F-86C6-B397C1C8E0D6}.Debug|Any CPU.ActiveCfg = Debug|Any CPU
		{E23EBC97-0487-436F-86C6-B397C1C8E0D6}.Debug|Any CPU.Build.0 = Debug|Any CPU
		{E23EBC97-0487-436F-86C6-B397C1C8E0D6}.Debug|x64.ActiveCfg = Debug|x64
		{E23EBC97-0487-436F-86C6-B397C1C8E0D6}.Debug|x64.Build.0 = Debug|x64
		{E23EBC97-0487-436F-86C6-B397C1C8E0D6}.Debug|x86.ActiveCfg = Debug|x86
		{E23EBC97-0487-436F-86C6-B397C1C8E0D6}.Debug|x86.Build.0 = Debug|x86
		{E23EBC97-0487-436F-86C6-B397C1C8E0D6}.Release|Any CPU.ActiveCfg = Release|Any CPU
		{E23EBC97-0487-436F-86C6-B397C1C8E0D6}.Release|Any CPU.Build.0 = Release|Any CPU
		{E23EBC97-0487-436F-86C6-B397C1C8E0D6}.Release|x64.ActiveCfg = Release|x64
		{E23EBC97-0487-436F-86C6-B397C1C8E0D6}.Release|x64.Build.0 = Release|x64
		{E23EBC97-0487-436F-86C6-B397C1C8E0D6}.Release|x86.ActiveCfg = Release|x86
		{E23EBC97-0487-436F-86C6-B397C1C8E0D6}.Release|x86.Build.0 = Release|x86
		{660B43CD-0C38-49E7-8C5C-3B0E63D3CE53}.Debug|Any CPU.ActiveCfg = Debug|Any CPU
		{660B43CD-0C38-49E7-8C5C-3B0E63D3CE53}.Debug|Any CPU.Build.0 = Debug|Any CPU
		{660B43CD-0C38-49E7-8C5C-3B0E63D3CE53}.Debug|x64.ActiveCfg = Debug|x64
		{660B43CD-0C38-49E7-8C5C-3B0E63D3CE53}.Debug|x64.Build.0 = Debug|x64
		{660B43CD-0C38-49E7-8C5C-3B0E63D3CE53}.Debug|x86.ActiveCfg = Debug|x86
		{660B43CD-0C38-49E7-8C5C-3B0E63D3CE53}.Debug|x86.Build.0 = Debug|x86
		{660B43CD-0C38-49E7-8C5C-3B0E63D3CE53}.Release|Any CPU.ActiveCfg = Release|Any CPU
		{660B43CD-0C38-49E7-8C5C-3B0E63D3CE53}.Release|Any CPU.Build.0 = Release|Any CPU
		{660B43CD-0C38-49E7-8C5C-3B0E63D3CE53}.Release|x64.ActiveCfg = Release|x64
		{660B43CD-0C38-49E7-8C5C-3B0E63D3CE53}.Release|x64.Build.0 = Release|x64
		{660B43CD-0C38-49E7-8C5C-3B0E63D3CE53}.Release|x86.ActiveCfg = Release|x86
		{660B43CD-0C38-49E7-8C5C-3B0E63D3CE53}.Release|x86.Build.0 = Release|x86
		{0DB85728-A871-442D-8531-8DD8A884FEC9}.Debug|Any CPU.ActiveCfg = Debug|Any CPU
		{0DB85728-A871-442D-8531-8DD8A884FEC9}.Debug|Any CPU.Build.0 = Debug|Any CPU
		{0DB85728-A871-442D-8531-8DD8A884FEC9}.Debug|x64.ActiveCfg = Debug|x64
		{0DB85728-A871-442D-8531-8DD8A884FEC9}.Debug|x64.Build.0 = Debug|x64
		{0DB85728-A871-442D-8531-8DD8A884FEC9}.Debug|x86.ActiveCfg = Debug|x86
		{0DB85728-A871-442D-8531-8DD8A884FEC9}.Debug|x86.Build.0 = Debug|x86
		{0DB85728-A871-442D-8531-8DD8A884FEC9}.Release|Any CPU.ActiveCfg = Release|Any CPU
		{0DB85728-A871-442D-8531-8DD8A884FEC9}.Release|Any CPU.Build.0 = Release|Any CPU
		{0DB85728-A871-442D-8531-8DD8A884FEC9}.Release|x64.ActiveCfg = Release|x64
		{0DB85728-A871-442D-8531-8DD8A884FEC9}.Release|x64.Build.0 = Release|x64
		{0DB85728-A871-442D-8531-8DD8A884FEC9}.Release|x86.ActiveCfg = Release|x86
		{0DB85728-A871-442D-8531-8DD8A884FEC9}.Release|x86.Build.0 = Release|x86
		{79D3E916-C113-49FA-B4AF-347E31F5866D}.Debug|Any CPU.ActiveCfg = Debug|Any CPU
		{79D3E916-C113-49FA-B4AF-347E31F5866D}.Debug|Any CPU.Build.0 = Debug|Any CPU
		{79D3E916-C113-49FA-B4AF-347E31F5866D}.Debug|x64.ActiveCfg = Debug|x64
		{79D3E916-C113-49FA-B4AF-347E31F5866D}.Debug|x64.Build.0 = Debug|x64
		{79D3E916-C113-49FA-B4AF-347E31F5866D}.Debug|x86.ActiveCfg = Debug|x86
		{79D3E916-C113-49FA-B4AF-347E31F5866D}.Debug|x86.Build.0 = Debug|x86
		{79D3E916-C113-49FA-B4AF-347E31F5866D}.Release|Any CPU.ActiveCfg = Release|Any CPU
		{79D3E916-C113-49FA-B4AF-347E31F5866D}.Release|Any CPU.Build.0 = Release|Any CPU
		{79D3E916-C113-49FA-B4AF-347E31F5866D}.Release|x64.ActiveCfg = Release|x64
		{79D3E916-C113-49FA-B4AF-347E31F5866D}.Release|x64.Build.0 = Release|x64
		{79D3E916-C113-49FA-B4AF-347E31F5866D}.Release|x86.ActiveCfg = Release|x86
		{79D3E916-C113-49FA-B4AF-347E31F5866D}.Release|x86.Build.0 = Release|x86
		{B06CC6A7-F295-4303-B5E5-8E0C086D6D64}.Debug|Any CPU.ActiveCfg = Debug|Any CPU
		{B06CC6A7-F295-4303-B5E5-8E0C086D6D64}.Debug|Any CPU.Build.0 = Debug|Any CPU
		{B06CC6A7-F295-4303-B5E5-8E0C086D6D64}.Debug|x64.ActiveCfg = Debug|x64
		{B06CC6A7-F295-4303-B5E5-8E0C086D6D64}.Debug|x64.Build.0 = Debug|x64
		{B06CC6A7-F295-4303-B5E5-8E0C086D6D64}.Debug|x86.ActiveCfg = Debug|x86
		{B06CC6A7-F295-4303-B5E5-8E0C086D6D64}.Debug|x86.Build.0 = Debug|x86
		{B06CC6A7-F295-4303-B5E5-8E0C086D6D64}.Release|Any CPU.ActiveCfg = Release|Any CPU
		{B06CC6A7-F295-4303-B5E5-8E0C086D6D64}.Release|Any CPU.Build.0 = Release|Any CPU
		{B06CC6A7-F295-4303-B5E5-8E0C086D6D64}.Release|x64.ActiveCfg = Release|x64
		{B06CC6A7-F295-4303-B5E5-8E0C086D6D64}.Release|x64.Build.0 = Release|x64
		{B06CC6A7-F295-4303-B5E5-8E0C086D6D64}.Release|x86.ActiveCfg = Release|x86
		{B06CC6A7-F295-4303-B5E5-8E0C086D6D64}.Release|x86.Build.0 = Release|x86
		{2B8CDADF-B44C-4FC4-9CDA-0D567002FBAF}.Debug|Any CPU.ActiveCfg = Debug|Any CPU
		{2B8CDADF-B44C-4FC4-9CDA-0D567002FBAF}.Debug|Any CPU.Build.0 = Debug|Any CPU
		{2B8CDADF-B44C-4FC4-9CDA-0D567002FBAF}.Debug|x64.ActiveCfg = Debug|x64
		{2B8CDADF-B44C-4FC4-9CDA-0D567002FBAF}.Debug|x64.Build.0 = Debug|x64
		{2B8CDADF-B44C-4FC4-9CDA-0D567002FBAF}.Debug|x86.ActiveCfg = Debug|x86
		{2B8CDADF-B44C-4FC4-9CDA-0D567002FBAF}.Debug|x86.Build.0 = Debug|x86
		{2B8CDADF-B44C-4FC4-9CDA-0D567002FBAF}.Release|Any CPU.ActiveCfg = Release|Any CPU
		{2B8CDADF-B44C-4FC4-9CDA-0D567002FBAF}.Release|Any CPU.Build.0 = Release|Any CPU
		{2B8CDADF-B44C-4FC4-9CDA-0D567002FBAF}.Release|x64.ActiveCfg = Release|x64
		{2B8CDADF-B44C-4FC4-9CDA-0D567002FBAF}.Release|x64.Build.0 = Release|x64
		{2B8CDADF-B44C-4FC4-9CDA-0D567002FBAF}.Release|x86.ActiveCfg = Release|x86
		{2B8CDADF-B44C-4FC4-9CDA-0D567002FBAF}.Release|x86.Build.0 = Release|x86
		{B7BD0D44-6237-48E1-8CCC-DECE7464A88D}.Debug|Any CPU.ActiveCfg = Debug|Any CPU
		{B7BD0D44-6237-48E1-8CCC-DECE7464A88D}.Debug|Any CPU.Build.0 = Debug|Any CPU
		{B7BD0D44-6237-48E1-8CCC-DECE7464A88D}.Debug|x64.ActiveCfg = Debug|x64
		{B7BD0D44-6237-48E1-8CCC-DECE7464A88D}.Debug|x64.Build.0 = Debug|x64
		{B7BD0D44-6237-48E1-8CCC-DECE7464A88D}.Debug|x86.ActiveCfg = Debug|x86
		{B7BD0D44-6237-48E1-8CCC-DECE7464A88D}.Debug|x86.Build.0 = Debug|x86
		{B7BD0D44-6237-48E1-8CCC-DECE7464A88D}.Release|Any CPU.ActiveCfg = Release|Any CPU
		{B7BD0D44-6237-48E1-8CCC-DECE7464A88D}.Release|Any CPU.Build.0 = Release|Any CPU
		{B7BD0D44-6237-48E1-8CCC-DECE7464A88D}.Release|x64.ActiveCfg = Release|x64
		{B7BD0D44-6237-48E1-8CCC-DECE7464A88D}.Release|x64.Build.0 = Release|x64
		{B7BD0D44-6237-48E1-8CCC-DECE7464A88D}.Release|x86.ActiveCfg = Release|x86
		{B7BD0D44-6237-48E1-8CCC-DECE7464A88D}.Release|x86.Build.0 = Release|x86
		{5B6A5C84-F81A-4454-950A-CA65057AEF67}.Debug|Any CPU.ActiveCfg = Debug|Any CPU
		{5B6A5C84-F81A-4454-950A-CA65057AEF67}.Debug|Any CPU.Build.0 = Debug|Any CPU
		{5B6A5C84-F81A-4454-950A-CA65057AEF67}.Debug|x64.ActiveCfg = Debug|x64
		{5B6A5C84-F81A-4454-950A-CA65057AEF67}.Debug|x64.Build.0 = Debug|x64
		{5B6A5C84-F81A-4454-950A-CA65057AEF67}.Debug|x86.ActiveCfg = Debug|x86
		{5B6A5C84-F81A-4454-950A-CA65057AEF67}.Debug|x86.Build.0 = Debug|x86
		{5B6A5C84-F81A-4454-950A-CA65057AEF67}.Release|Any CPU.ActiveCfg = Release|Any CPU
		{5B6A5C84-F81A-4454-950A-CA65057AEF67}.Release|Any CPU.Build.0 = Release|Any CPU
		{5B6A5C84-F81A-4454-950A-CA65057AEF67}.Release|x64.ActiveCfg = Release|x64
		{5B6A5C84-F81A-4454-950A-CA65057AEF67}.Release|x64.Build.0 = Release|x64
		{5B6A5C84-F81A-4454-950A-CA65057AEF67}.Release|x86.ActiveCfg = Release|x86
		{5B6A5C84-F81A-4454-950A-CA65057AEF67}.Release|x86.Build.0 = Release|x86
		{A68FDBB7-A025-4E33-A75E-5CA7A1DF6677}.Debug|Any CPU.ActiveCfg = Debug|Any CPU
		{A68FDBB7-A025-4E33-A75E-5CA7A1DF6677}.Debug|Any CPU.Build.0 = Debug|Any CPU
		{A68FDBB7-A025-4E33-A75E-5CA7A1DF6677}.Debug|x64.ActiveCfg = Debug|x64
		{A68FDBB7-A025-4E33-A75E-5CA7A1DF6677}.Debug|x64.Build.0 = Debug|x64
		{A68FDBB7-A025-4E33-A75E-5CA7A1DF6677}.Debug|x86.ActiveCfg = Debug|x86
		{A68FDBB7-A025-4E33-A75E-5CA7A1DF6677}.Debug|x86.Build.0 = Debug|x86
		{A68FDBB7-A025-4E33-A75E-5CA7A1DF6677}.Release|Any CPU.ActiveCfg = Release|Any CPU
		{A68FDBB7-A025-4E33-A75E-5CA7A1DF6677}.Release|Any CPU.Build.0 = Release|Any CPU
		{A68FDBB7-A025-4E33-A75E-5CA7A1DF6677}.Release|x64.ActiveCfg = Release|x64
		{A68FDBB7-A025-4E33-A75E-5CA7A1DF6677}.Release|x64.Build.0 = Release|x64
		{A68FDBB7-A025-4E33-A75E-5CA7A1DF6677}.Release|x86.ActiveCfg = Release|x86
		{A68FDBB7-A025-4E33-A75E-5CA7A1DF6677}.Release|x86.Build.0 = Release|x86
		{C9276563-2897-499A-8B30-8B506B6CE057}.Debug|Any CPU.ActiveCfg = Debug|Any CPU
		{C9276563-2897-499A-8B30-8B506B6CE057}.Debug|Any CPU.Build.0 = Debug|Any CPU
		{C9276563-2897-499A-8B30-8B506B6CE057}.Debug|x64.ActiveCfg = Debug|x64
		{C9276563-2897-499A-8B30-8B506B6CE057}.Debug|x64.Build.0 = Debug|x64
		{C9276563-2897-499A-8B30-8B506B6CE057}.Debug|x86.ActiveCfg = Debug|x86
		{C9276563-2897-499A-8B30-8B506B6CE057}.Debug|x86.Build.0 = Debug|x86
		{C9276563-2897-499A-8B30-8B506B6CE057}.Release|Any CPU.ActiveCfg = Release|Any CPU
		{C9276563-2897-499A-8B30-8B506B6CE057}.Release|Any CPU.Build.0 = Release|Any CPU
		{C9276563-2897-499A-8B30-8B506B6CE057}.Release|x64.ActiveCfg = Release|x64
		{C9276563-2897-499A-8B30-8B506B6CE057}.Release|x64.Build.0 = Release|x64
		{C9276563-2897-499A-8B30-8B506B6CE057}.Release|x86.ActiveCfg = Release|x86
		{C9276563-2897-499A-8B30-8B506B6CE057}.Release|x86.Build.0 = Release|x86
		{155536D4-0E09-4747-B380-EA30066051FE}.Debug|Any CPU.ActiveCfg = Debug|Any CPU
		{155536D4-0E09-4747-B380-EA30066051FE}.Debug|Any CPU.Build.0 = Debug|Any CPU
		{155536D4-0E09-4747-B380-EA30066051FE}.Debug|x64.ActiveCfg = Debug|x64
		{155536D4-0E09-4747-B380-EA30066051FE}.Debug|x64.Build.0 = Debug|x64
		{155536D4-0E09-4747-B380-EA30066051FE}.Debug|x86.ActiveCfg = Debug|x86
		{155536D4-0E09-4747-B380-EA30066051FE}.Debug|x86.Build.0 = Debug|x86
		{155536D4-0E09-4747-B380-EA30066051FE}.Release|Any CPU.ActiveCfg = Release|Any CPU
		{155536D4-0E09-4747-B380-EA30066051FE}.Release|Any CPU.Build.0 = Release|Any CPU
		{155536D4-0E09-4747-B380-EA30066051FE}.Release|x64.ActiveCfg = Release|x64
		{155536D4-0E09-4747-B380-EA30066051FE}.Release|x64.Build.0 = Release|x64
		{155536D4-0E09-4747-B380-EA30066051FE}.Release|x86.ActiveCfg = Release|x86
		{155536D4-0E09-4747-B380-EA30066051FE}.Release|x86.Build.0 = Release|x86
		{16D7D597-A9F7-4073-87A6-11B4CC0AB62E}.Debug|Any CPU.ActiveCfg = Debug|Any CPU
		{16D7D597-A9F7-4073-87A6-11B4CC0AB62E}.Debug|Any CPU.Build.0 = Debug|Any CPU
		{16D7D597-A9F7-4073-87A6-11B4CC0AB62E}.Debug|x64.ActiveCfg = Debug|x64
		{16D7D597-A9F7-4073-87A6-11B4CC0AB62E}.Debug|x64.Build.0 = Debug|x64
		{16D7D597-A9F7-4073-87A6-11B4CC0AB62E}.Debug|x86.ActiveCfg = Debug|x86
		{16D7D597-A9F7-4073-87A6-11B4CC0AB62E}.Debug|x86.Build.0 = Debug|x86
		{16D7D597-A9F7-4073-87A6-11B4CC0AB62E}.Release|Any CPU.ActiveCfg = Release|Any CPU
		{16D7D597-A9F7-4073-87A6-11B4CC0AB62E}.Release|Any CPU.Build.0 = Release|Any CPU
		{16D7D597-A9F7-4073-87A6-11B4CC0AB62E}.Release|x64.ActiveCfg = Release|x64
		{16D7D597-A9F7-4073-87A6-11B4CC0AB62E}.Release|x64.Build.0 = Release|x64
		{16D7D597-A9F7-4073-87A6-11B4CC0AB62E}.Release|x86.ActiveCfg = Release|x86
		{16D7D597-A9F7-4073-87A6-11B4CC0AB62E}.Release|x86.Build.0 = Release|x86
		{E060373D-9838-4489-9BBB-4B69E3316A41}.Debug|Any CPU.ActiveCfg = Debug|Any CPU
		{E060373D-9838-4489-9BBB-4B69E3316A41}.Debug|Any CPU.Build.0 = Debug|Any CPU
		{E060373D-9838-4489-9BBB-4B69E3316A41}.Debug|x64.ActiveCfg = Debug|x64
		{E060373D-9838-4489-9BBB-4B69E3316A41}.Debug|x64.Build.0 = Debug|x64
		{E060373D-9838-4489-9BBB-4B69E3316A41}.Debug|x86.ActiveCfg = Debug|x86
		{E060373D-9838-4489-9BBB-4B69E3316A41}.Debug|x86.Build.0 = Debug|x86
		{E060373D-9838-4489-9BBB-4B69E3316A41}.Release|Any CPU.ActiveCfg = Release|Any CPU
		{E060373D-9838-4489-9BBB-4B69E3316A41}.Release|Any CPU.Build.0 = Release|Any CPU
		{E060373D-9838-4489-9BBB-4B69E3316A41}.Release|x64.ActiveCfg = Release|x64
		{E060373D-9838-4489-9BBB-4B69E3316A41}.Release|x64.Build.0 = Release|x64
		{E060373D-9838-4489-9BBB-4B69E3316A41}.Release|x86.ActiveCfg = Release|x86
		{E060373D-9838-4489-9BBB-4B69E3316A41}.Release|x86.Build.0 = Release|x86
		{09A63AFF-4F8C-433C-BF8B-485AD49AE110}.Debug|Any CPU.ActiveCfg = Debug|Any CPU
		{09A63AFF-4F8C-433C-BF8B-485AD49AE110}.Debug|Any CPU.Build.0 = Debug|Any CPU
		{09A63AFF-4F8C-433C-BF8B-485AD49AE110}.Debug|x64.ActiveCfg = Debug|x64
		{09A63AFF-4F8C-433C-BF8B-485AD49AE110}.Debug|x64.Build.0 = Debug|x64
		{09A63AFF-4F8C-433C-BF8B-485AD49AE110}.Debug|x86.ActiveCfg = Debug|x86
		{09A63AFF-4F8C-433C-BF8B-485AD49AE110}.Debug|x86.Build.0 = Debug|x86
		{09A63AFF-4F8C-433C-BF8B-485AD49AE110}.Release|Any CPU.ActiveCfg = Release|Any CPU
		{09A63AFF-4F8C-433C-BF8B-485AD49AE110}.Release|Any CPU.Build.0 = Release|Any CPU
		{09A63AFF-4F8C-433C-BF8B-485AD49AE110}.Release|x64.ActiveCfg = Release|x64
		{09A63AFF-4F8C-433C-BF8B-485AD49AE110}.Release|x64.Build.0 = Release|x64
		{09A63AFF-4F8C-433C-BF8B-485AD49AE110}.Release|x86.ActiveCfg = Release|x86
		{09A63AFF-4F8C-433C-BF8B-485AD49AE110}.Release|x86.Build.0 = Release|x86
		{085BAF47-9880-4696-AD00-0F39F590D943}.Debug|Any CPU.ActiveCfg = Debug|Any CPU
		{085BAF47-9880-4696-AD00-0F39F590D943}.Debug|Any CPU.Build.0 = Debug|Any CPU
		{085BAF47-9880-4696-AD00-0F39F590D943}.Debug|x64.ActiveCfg = Debug|x64
		{085BAF47-9880-4696-AD00-0F39F590D943}.Debug|x64.Build.0 = Debug|x64
		{085BAF47-9880-4696-AD00-0F39F590D943}.Debug|x86.ActiveCfg = Debug|x86
		{085BAF47-9880-4696-AD00-0F39F590D943}.Debug|x86.Build.0 = Debug|x86
		{085BAF47-9880-4696-AD00-0F39F590D943}.Release|Any CPU.ActiveCfg = Release|Any CPU
		{085BAF47-9880-4696-AD00-0F39F590D943}.Release|Any CPU.Build.0 = Release|Any CPU
		{085BAF47-9880-4696-AD00-0F39F590D943}.Release|x64.ActiveCfg = Release|x64
		{085BAF47-9880-4696-AD00-0F39F590D943}.Release|x64.Build.0 = Release|x64
		{085BAF47-9880-4696-AD00-0F39F590D943}.Release|x86.ActiveCfg = Release|x86
		{085BAF47-9880-4696-AD00-0F39F590D943}.Release|x86.Build.0 = Release|x86
		{72CE8FDD-0194-4DA8-AF6F-090C63749320}.Debug|Any CPU.ActiveCfg = Debug|Any CPU
		{72CE8FDD-0194-4DA8-AF6F-090C63749320}.Debug|Any CPU.Build.0 = Debug|Any CPU
		{72CE8FDD-0194-4DA8-AF6F-090C63749320}.Debug|x64.ActiveCfg = Debug|x64
		{72CE8FDD-0194-4DA8-AF6F-090C63749320}.Debug|x64.Build.0 = Debug|x64
		{72CE8FDD-0194-4DA8-AF6F-090C63749320}.Debug|x86.ActiveCfg = Debug|x86
		{72CE8FDD-0194-4DA8-AF6F-090C63749320}.Debug|x86.Build.0 = Debug|x86
		{72CE8FDD-0194-4DA8-AF6F-090C63749320}.Release|Any CPU.ActiveCfg = Release|Any CPU
		{72CE8FDD-0194-4DA8-AF6F-090C63749320}.Release|Any CPU.Build.0 = Release|Any CPU
		{72CE8FDD-0194-4DA8-AF6F-090C63749320}.Release|x64.ActiveCfg = Release|x64
		{72CE8FDD-0194-4DA8-AF6F-090C63749320}.Release|x64.Build.0 = Release|x64
		{72CE8FDD-0194-4DA8-AF6F-090C63749320}.Release|x86.ActiveCfg = Release|x86
		{72CE8FDD-0194-4DA8-AF6F-090C63749320}.Release|x86.Build.0 = Release|x86
	EndGlobalSection
	GlobalSection(SolutionProperties) = preSolution
		HideSolutionNode = FALSE
	EndGlobalSection
	GlobalSection(NestedProjects) = preSolution
		{39CEC9AB-41AA-43E9-B9B3-C5273FE7360E} = {C26B7A98-0BFE-4826-8C64-4872663BC141}
		{6082CEC3-E563-445B-ACC4-1C2ABC878A19} = {C26B7A98-0BFE-4826-8C64-4872663BC141}
		{E06F6E1C-D12D-4727-BA8D-3D71702A796D} = {C26B7A98-0BFE-4826-8C64-4872663BC141}
		{C334E40D-1E59-4648-AF1F-C4415FC97A5B} = {C26B7A98-0BFE-4826-8C64-4872663BC141}
		{DFD32AF7-F78F-4516-9318-E2B8DA57DE54} = {C26B7A98-0BFE-4826-8C64-4872663BC141}
		{1A5835A8-0958-49D0-86A6-5A865E6C9CA3} = {C26B7A98-0BFE-4826-8C64-4872663BC141}
		{1A5835A8-0958-49D0-86A6-5A865E6C9CA4} = {C26B7A98-0BFE-4826-8C64-4872663BC141}
		{A2D5A802-8EA5-488E-993D-EA0C9D2A48F1} = {C26B7A98-0BFE-4826-8C64-4872663BC141}
		{E4F7DEFC-238B-4B68-BB05-20198D62816A} = {C26B7A98-0BFE-4826-8C64-4872663BC141}
		{63F23E3D-3737-40A6-842E-96D31D91EDA5} = {C26B7A98-0BFE-4826-8C64-4872663BC141}
		{7949878E-00FA-45B3-B883-D5F130F11FA1} = {C26B7A98-0BFE-4826-8C64-4872663BC141}
		{A881872D-EF28-4909-A4FE-45B6B1CA877D} = {C26B7A98-0BFE-4826-8C64-4872663BC141}
		{7AB2695B-DA7A-4A81-A58C-35CD0162D605} = {C26B7A98-0BFE-4826-8C64-4872663BC141}
		{17167558-BBD0-4B0C-AA66-7EC3FB315BFB} = {C26B7A98-0BFE-4826-8C64-4872663BC141}
		{E563D359-5AA6-45FB-98F6-470BFF8112B5} = {C26B7A98-0BFE-4826-8C64-4872663BC141}
		{B465409B-A54A-469D-A31A-B1719F264564} = {C26B7A98-0BFE-4826-8C64-4872663BC141}
		{D18D8A56-273D-43D9-ADD6-D916C8CF7C5C} = {C26B7A98-0BFE-4826-8C64-4872663BC141}
		{40E9B7A6-AA72-4EA9-B07D-2060C8F8D5B8} = {11A8CEAF-F8E7-4BAA-9432-F0C08F6E0AB8}
		{C368F115-088B-4AED-B9A5-3E5638662D7D} = {11A8CEAF-F8E7-4BAA-9432-F0C08F6E0AB8}
		{7A76618E-F78E-4A03-B538-9CE2C308658D} = {11A8CEAF-F8E7-4BAA-9432-F0C08F6E0AB8}
		{40DB917F-EF41-4867-9BB7-81BA88E147C9} = {11A8CEAF-F8E7-4BAA-9432-F0C08F6E0AB8}
		{13655939-E1F8-43FE-B9A7-36B8A3318566} = {11A8CEAF-F8E7-4BAA-9432-F0C08F6E0AB8}
		{F1E24BA5-9A53-46F1-8A1B-8D334673FD56} = {11A8CEAF-F8E7-4BAA-9432-F0C08F6E0AB8}
		{73B14F2A-236C-49B4-85B3-6270C2E89957} = {11A8CEAF-F8E7-4BAA-9432-F0C08F6E0AB8}
		{E5A26B88-0F6E-4422-8C94-33A33B23C0E5} = {11A8CEAF-F8E7-4BAA-9432-F0C08F6E0AB8}
		{5F7690C1-1F84-4468-927F-ECAA0576022D} = {11A8CEAF-F8E7-4BAA-9432-F0C08F6E0AB8}
		{F3D34A75-33CA-49A1-BDFE-F79DA317AD81} = {11A8CEAF-F8E7-4BAA-9432-F0C08F6E0AB8}
		{208BC07B-366D-4BCC-ACF7-79879671C32E} = {11A8CEAF-F8E7-4BAA-9432-F0C08F6E0AB8}
		{AC31A734-FC34-41E9-8DDA-19EA337B1127} = {11A8CEAF-F8E7-4BAA-9432-F0C08F6E0AB8}
		{E50AF97C-F17F-4BF3-8555-6BACFC473D6D} = {C26B7A98-0BFE-4826-8C64-4872663BC141}
		{204B7009-28A1-43AF-B95A-49EF7494A0A2} = {C26B7A98-0BFE-4826-8C64-4872663BC141}
		{07EE0749-7AB7-4289-B688-1DF98B9ADB23} = {C26B7A98-0BFE-4826-8C64-4872663BC141}
		{76154D03-E94B-45DF-83F8-C21215C7533A} = {11A8CEAF-F8E7-4BAA-9432-F0C08F6E0AB8}
		{21DFE5D0-611B-4E95-92AC-6102A3DD9293} = {C26B7A98-0BFE-4826-8C64-4872663BC141}
		{E23EBC97-0487-436F-86C6-B397C1C8E0D6} = {C26B7A98-0BFE-4826-8C64-4872663BC141}
		{660B43CD-0C38-49E7-8C5C-3B0E63D3CE53} = {C26B7A98-0BFE-4826-8C64-4872663BC141}
		{0DB85728-A871-442D-8531-8DD8A884FEC9} = {C26B7A98-0BFE-4826-8C64-4872663BC141}
		{79D3E916-C113-49FA-B4AF-347E31F5866D} = {C26B7A98-0BFE-4826-8C64-4872663BC141}
		{B06CC6A7-F295-4303-B5E5-8E0C086D6D64} = {C26B7A98-0BFE-4826-8C64-4872663BC141}
		{2B8CDADF-B44C-4FC4-9CDA-0D567002FBAF} = {11A8CEAF-F8E7-4BAA-9432-F0C08F6E0AB8}
		{B7BD0D44-6237-48E1-8CCC-DECE7464A88D} = {11A8CEAF-F8E7-4BAA-9432-F0C08F6E0AB8}
		{5B6A5C84-F81A-4454-950A-CA65057AEF67} = {11A8CEAF-F8E7-4BAA-9432-F0C08F6E0AB8}
		{A68FDBB7-A025-4E33-A75E-5CA7A1DF6677} = {11A8CEAF-F8E7-4BAA-9432-F0C08F6E0AB8}
		{C9276563-2897-499A-8B30-8B506B6CE057} = {11A8CEAF-F8E7-4BAA-9432-F0C08F6E0AB8}
		{155536D4-0E09-4747-B380-EA30066051FE} = {11A8CEAF-F8E7-4BAA-9432-F0C08F6E0AB8}
		{16D7D597-A9F7-4073-87A6-11B4CC0AB62E} = {C26B7A98-0BFE-4826-8C64-4872663BC141}
		{E060373D-9838-4489-9BBB-4B69E3316A41} = {C26B7A98-0BFE-4826-8C64-4872663BC141}
		{09A63AFF-4F8C-433C-BF8B-485AD49AE110} = {C26B7A98-0BFE-4826-8C64-4872663BC141}
		{085BAF47-9880-4696-AD00-0F39F590D943} = {11A8CEAF-F8E7-4BAA-9432-F0C08F6E0AB8}
		{72CE8FDD-0194-4DA8-AF6F-090C63749320} = {C26B7A98-0BFE-4826-8C64-4872663BC141}
	EndGlobalSection
EndGlobal
