
Microsoft Visual Studio Solution File, Format Version 12.00
# Visual Studio 14
VisualStudioVersion = 14.0.25123.0
MinimumVisualStudioVersion = 10.0.40219.1
Project("{F184B08F-C81C-45F6-A57F-5ABD9991F28F}") = "GetOffers", "GetOffers\GetOffers.vbproj", "{39CEC9AB-41AA-43E9-B9B3-C5273FE7360E}"
EndProject
Project("{F184B08F-C81C-45F6-A57F-5ABD9991F28F}") = "Login", "Login\Login.vbproj", "{6082CEC3-E563-445B-ACC4-1C2ABC878A19}"
EndProject
Project("{F184B08F-C81C-45F6-A57F-5ABD9991F28F}") = "GetHistPrices", "GetHistPrices\GetHistPrices.vbproj", "{E06F6E1C-D12D-4727-BA8D-3D71702A796D}"
EndProject
Global
	GlobalSection(SolutionConfigurationPlatforms) = preSolution
		Debug|Any CPU = Debug|Any CPU
		Release|Any CPU = Release|Any CPU
	EndGlobalSection
	GlobalSection(ProjectConfigurationPlatforms) = postSolution
		{39CEC9AB-41AA-43E9-B9B3-C5273FE7360E}.Debug|Any CPU.ActiveCfg = Debug|Any CPU
		{39CEC9AB-41AA-43E9-B9B3-C5273FE7360E}.Debug|Any CPU.Build.0 = Debug|Any CPU
		{39CEC9AB-41AA-43E9-B9B3-C5273FE7360E}.Release|Any CPU.ActiveCfg = Release|Any CPU
		{39CEC9AB-41AA-43E9-B9B3-C5273FE7360E}.Release|Any CPU.Build.0 = Release|Any CPU
		{6082CEC3-E563-445B-ACC4-1C2ABC878A19}.Debug|Any CPU.ActiveCfg = Debug|Any CPU
		{6082CEC3-E563-445B-ACC4-1C2ABC878A19}.Debug|Any CPU.Build.0 = Debug|Any CPU
		{6082CEC3-E563-445B-ACC4-1C2ABC878A19}.Release|Any CPU.ActiveCfg = Release|Any CPU
		{6082CEC3-E563-445B-ACC4-1C2ABC878A19}.Release|Any CPU.Build.0 = Release|Any CPU
		{E06F6E1C-D12D-4727-BA8D-3D71702A796D}.Debug|Any CPU.ActiveCfg = Debug|Any CPU
		{E06F6E1C-D12D-4727-BA8D-3D71702A796D}.Debug|Any CPU.Build.0 = Debug|Any CPU
		{E06F6E1C-D12D-4727-BA8D-3D71702A796D}.Release|Any CPU.ActiveCfg = Release|Any CPU
		{E06F6E1C-D12D-4727-BA8D-3D71702A796D}.Release|Any CPU.Build.0 = Release|Any CPU
	EndGlobalSection
	GlobalSection(SolutionProperties) = preSolution
		HideSolutionNode = FALSE
	EndGlobalSection
EndGlobal
