
Microsoft Visual Studio Solution File, Format Version 12.00
# Visual Studio 14
VisualStudioVersion = 14.0.25420.1
MinimumVisualStudioVersion = 10.0.40219.1
Project("{2150E333-8FDC-42A3-9474-1A3956D46DE8}") = "NonTableManagerSamples", "NonTableManagerSamples", "{8A5AA928-2454-47DB-B376-CAE1F93E3701}"
EndProject
Project("{2150E333-8FDC-42A3-9474-1A3956D46DE8}") = "TableManagerSamples", "TableManagerSamples", "{553D5563-8DEE-41BA-8DD4-3296554F940E}"
EndProject
Project("{8BC9CEB8-8B4A-11D0-8D11-00A0C91BC942}") = "GetHistPrices", "NonTableManagerSamples\GetHistPrices\GetHistPrices.vcxproj", "{2249E1B3-77AC-46D7-A40D-BAFFDE19658D}"
EndProject
Project("{8BC9CEB8-8B4A-11D0-8D11-00A0C91BC942}") = "GetOffers", "NonTableManagerSamples\GetOffers\GetOffers.vcxproj", "{5324F722-A3F3-411A-9233-816A129B886C}"
EndProject
Project("{8BC9CEB8-8B4A-11D0-8D11-00A0C91BC942}") = "Login", "NonTableManagerSamples\Login\Login.vcxproj", "{D111F179-FE51-4B74-8EAE-3BC43A258337}"
EndProject
Project("{8BC9CEB8-8B4A-11D0-8D11-00A0C91BC942}") = "CheckPermissions", "NonTableManagerSamples\CheckPermissions\CheckPermissions.vcxproj", "{A4D21AA7-04DD-41A8-A0C5-DD23A4545FAD}"
EndProject
Project("{8BC9CEB8-8B4A-11D0-8D11-00A0C91BC942}") = "SubscriptionStatus", "NonTableManagerSamples\SubscriptionStatus\SubscriptionStatus.vcxproj", "{E15DFFC0-06EB-4C23-AC50-BE5F0CE34FD2}"
EndProject
Project("{8BC9CEB8-8B4A-11D0-8D11-00A0C91BC942}") = "CreateAndFindEntry", "NonTableManagerSamples\CreateAndFindEntry\CreateAndFindEntry.vcxproj", "{EE5F177A-4D6E-4957-AB58-F1C6BB8DB33E}"
EndProject
Project("{8BC9CEB8-8B4A-11D0-8D11-00A0C91BC942}") = "TwoConnections", "NonTableManagerSamples\TwoConnections\TwoConnections.vcxproj", "{71361E7B-9F30-47EF-868B-CF4893F018B3}"
EndProject
Project("{8BC9CEB8-8B4A-11D0-8D11-00A0C91BC942}") = "GetReport", "NonTableManagerSamples\GetReport\GetReport.vcxproj", "{521ADFA7-9FFB-4A16-87FF-DF1FCD837576}"
EndProject
Project("{8BC9CEB8-8B4A-11D0-8D11-00A0C91BC942}") = "CreateEntry", "NonTableManagerSamples\CreateEntry\CreateEntry.vcxproj", "{C0D30482-FD1B-4DF6-B7BB-EDF7A96A20B4}"
EndProject
Project("{8BC9CEB8-8B4A-11D0-8D11-00A0C91BC942}") = "CreateOrderBySymbol", "NonTableManagerSamples\CreateOrderBySymbol\CreateOrderBySymbol.vcxproj", "{C0D30482-FD1B-4DF6-F7BB-EDF7A96A20B4}"
EndProject
Project("{8BC9CEB8-8B4A-11D0-8D11-00A0C91BC942}") = "OpenPosition", "NonTableManagerSamples\OpenPosition\OpenPosition.vcxproj", "{CE88E5ED-610A-4F63-91DA-FD60E1C24559}"
EndProject
Project("{8BC9CEB8-8B4A-11D0-8D11-00A0C91BC942}") = "ClosePosition", "NonTableManagerSamples\ClosePosition\ClosePosition.vcxproj", "{F4CA123A-6A47-4C17-9DEE-3D3101020605}"
EndProject
Project("{8BC9CEB8-8B4A-11D0-8D11-00A0C91BC942}") = "CreateOCO", "NonTableManagerSamples\CreateOCO\CreateOCO.vcxproj", "{CB9559CE-1BB9-46D2-9530-A7638257C1C9}"
EndProject
Project("{8BC9CEB8-8B4A-11D0-8D11-00A0C91BC942}") = "CreateOTO", "NonTableManagerSamples\CreateOTO\CreateOTO.vcxproj", "{4E42092C-4ECD-4295-A9E4-6E41DA70341D}"
EndProject
Project("{8BC9CEB8-8B4A-11D0-8D11-00A0C91BC942}") = "NetStopLimit", "NonTableManagerSamples\NetStopLimit\NetStopLimit.vcxproj", "{82AA334B-C421-4DB6-9DE5-48B178D43F23}"
EndProject
Project("{8BC9CEB8-8B4A-11D0-8D11-00A0C91BC942}") = "CloseAllPositions", "NonTableManagerSamples\CloseAllPositions\CloseAllPositions.vcxproj", "{486B5945-76AE-458D-A967-C71E7E42F915}"
EndProject
Project("{8BC9CEB8-8B4A-11D0-8D11-00A0C91BC942}") = "JoinNewGroup", "NonTableManagerSamples\JoinNewGroup\JoinNewGroup.vcxproj", "{9A3A85F2-6BE2-48EC-80B5-F535B86187FC}"
EndProject
Project("{8BC9CEB8-8B4A-11D0-8D11-00A0C91BC942}") = "JoinExistingGroup", "NonTableManagerSamples\JoinExistingGroup\JoinExistingGroup.vcxproj", "{30C8888F-FCC9-4F20-ABAE-576B2797F7A5}"
EndProject
Project("{8BC9CEB8-8B4A-11D0-8D11-00A0C91BC942}") = "RemoveFromGroup", "NonTableManagerSamples\RemoveFromGroup\RemoveFromGroup.vcxproj", "{5E85C91F-0640-4F0B-874B-57D9E6238C6B}"
EndProject
Project("{8BC9CEB8-8B4A-11D0-8D11-00A0C91BC942}") = "CreateELS", "NonTableManagerSamples\CreateELS\CreateELS.vcxproj", "{1D67B9C4-7CBB-463C-B791-9F2F96D39519}"
EndProject
Project("{8BC9CEB8-8B4A-11D0-8D11-00A0C91BC942}") = "ClosePosition", "TableManagerSamples\ClosePosition\ClosePosition.vcxproj", "{590705C9-491F-4A61-AD01-B9A297ADD55B}"
EndProject
Project("{8BC9CEB8-8B4A-11D0-8D11-00A0C91BC942}") = "CloseAllPositions", "TableManagerSamples\CloseAllPositions\CloseAllPositions.vcxproj", "{D046EB74-8E59-46BD-A8BF-34D854985FE2}"
EndProject
Project("{8BC9CEB8-8B4A-11D0-8D11-00A0C91BC942}") = "CreateOCO", "TableManagerSamples\CreateOCO\CreateOCO.vcxproj", "{1F0643FB-A9B1-4F4C-8814-CF0BBDAC6D64}"
EndProject
Project("{8BC9CEB8-8B4A-11D0-8D11-00A0C91BC942}") = "NetStopLimit", "TableManagerSamples\NetStopLimit\NetStopLimit.vcxproj", "{426DDCDB-2002-47C3-BA1A-EB2F2D64341F}"
EndProject
Project("{8BC9CEB8-8B4A-11D0-8D11-00A0C91BC942}") = "OpenPosition", "TableManagerSamples\OpenPosition\OpenPosition.vcxproj", "{7D877FB6-E55B-4D4A-B4F4-182D0518AD22}"
EndProject
Project("{8BC9CEB8-8B4A-11D0-8D11-00A0C91BC942}") = "PrintTable", "TableManagerSamples\PrintTable\PrintTable.vcxproj", "{9C025324-30A0-473D-AF72-D31328E92640}"
EndProject
Project("{8BC9CEB8-8B4A-11D0-8D11-00A0C91BC942}") = "SearchInTable", "TableManagerSamples\SearchInTable\SearchInTable.vcxproj", "{05ACB347-7DCC-43B6-A013-DFB1A3096D48}"
EndProject
Project("{8BC9CEB8-8B4A-11D0-8D11-00A0C91BC942}") = "CreateEntry", "TableManagerSamples\CreateEntry\CreateEntry.vcxproj", "{02EED676-53D0-4312-980B-043958ADECCF}"
EndProject
Project("{8BC9CEB8-8B4A-11D0-8D11-00A0C91BC942}") = "PartialFill", "TableManagerSamples\PartialFill\PartialFill.vcxproj", "{2B74B537-DC2F-4D54-9E35-C5EA867E9F8B}"
EndProject
Project("{8BC9CEB8-8B4A-11D0-8D11-00A0C91BC942}") = "PrintTable", "NonTableManagerSamples\PrintTable\PrintTable.vcxproj", "{5C7FC690-8413-4A9E-86A5-ECC8350CC241}"
EndProject
Project("{8BC9CEB8-8B4A-11D0-8D11-00A0C91BC942}") = "SearchInTable", "NonTableManagerSamples\SearchInTable\SearchInTable.vcxproj", "{D739C8EC-17D7-4285-9A75-7FA123700A7E}"
EndProject
Project("{8BC9CEB8-8B4A-11D0-8D11-00A0C91BC942}") = "CreateELS", "TableManagerSamples\CreateELS\CreateELS.vcxproj", "{C8EF04F1-7000-435F-83D7-3EDFF8AA53FF}"
EndProject
Project("{8BC9CEB8-8B4A-11D0-8D11-00A0C91BC942}") = "CreateOTO", "TableManagerSamples\CreateOTO\CreateOTO.vcxproj", "{334E5AF0-E78B-4AFA-8FF1-D0EE7E5B9930}"
EndProject
Project("{8BC9CEB8-8B4A-11D0-8D11-00A0C91BC942}") = "PrintTableListener", "TableManagerSamples\PrintTableListener\PrintTableListener.vcxproj", "{84329EE1-11B8-4B0C-A98C-3A326C4025EC}"
EndProject
Project("{8BC9CEB8-8B4A-11D0-8D11-00A0C91BC942}") = "GetOffers", "TableManagerSamples\GetOffers\GetOffers.vcxproj", "{E35CB630-1B30-41A8-AB84-3B606A9AFD74}"
EndProject
Project("{8BC9CEB8-8B4A-11D0-8D11-00A0C91BC942}") = "CloseAllPositionsByInstrument", "NonTableManagerSamples\CloseAllPositionsByInstrument\CloseAllPositionsByInstrument.vcxproj", "{EE7A6196-4BB8-4EB5-BE56-A1547253095E}"
EndProject
Project("{8BC9CEB8-8B4A-11D0-8D11-00A0C91BC942}") = "GetLastOrderUpdate", "NonTableManagerSamples\GetLastOrderUpdate\GetLastOrderUpdate.vcxproj", "{867A825A-3C42-4124-871A-CE1EFD990430}"
EndProject
Project("{8BC9CEB8-8B4A-11D0-8D11-00A0C91BC942}") = "TradingSettings", "NonTableManagerSamples\TradingSettings\TradingSettings.vcxproj", "{22128392-D046-4199-B411-9597CD4005A4}"
EndProject
Project("{8BC9CEB8-8B4A-11D0-8D11-00A0C91BC942}") = "CloseAllPositionsByInstrument", "TableManagerSamples\CloseAllPositionsByInstrument\CloseAllPositionsByInstrument.vcxproj", "{D208939F-E659-409C-BA25-CCD9C9D313E7}"
EndProject
Project("{8BC9CEB8-8B4A-11D0-8D11-00A0C91BC942}") = "FindRowByColumnValue", "TableManagerSamples\FindRowByColumnValue\FindRowByColumnValue.vcxproj", "{A0F1280D-31AA-4CE5-AE7E-D4088FFA5C6A}"
EndProject
Project("{8BC9CEB8-8B4A-11D0-8D11-00A0C91BC942}") = "LockUpdates", "TableManagerSamples\LockUpdates\LockUpdates.vcxproj", "{898792B8-54FF-4E8B-A77C-D32D44927DF1}"
EndProject
Project("{8BC9CEB8-8B4A-11D0-8D11-00A0C91BC942}") = "If-Then", "NonTableManagerSamples\If-Then\If-Then.vcxproj", "{5BE40E4D-9470-4B28-A98C-05D0DA6A6848}"
EndProject
Project("{8BC9CEB8-8B4A-11D0-8D11-00A0C91BC942}") = "RemoveOrder", "NonTableManagerSamples\RemoveOrder\RemoveOrder.vcxproj", "{84ABE8E1-6E2C-4D89-8E3C-15CF71761FFE}"
EndProject
Project("{8BC9CEB8-8B4A-11D0-8D11-00A0C91BC942}") = "OpenPositionNetting", "NonTableManagerSamples\OpenPositionNetting\OpenPositionNetting.vcxproj", "{1FCBCDE5-9FAC-4595-A6CE-D790C1593A60}"
EndProject
Project("{8BC9CEB8-8B4A-11D0-8D11-00A0C91BC942}") = "PartialFill", "NonTableManagerSamples\PartialFill\PartialFill.vcxproj", "{CD78D5D6-E29C-4063-8284-86689A89C367}"
EndProject
Project("{8BC9CEB8-8B4A-11D0-8D11-00A0C91BC942}") = "If-then", "TableManagerSamples\If-then\If-then.vcxproj", "{A17F1AA9-94FF-4590-BAEE-4D8C1B74AC65}"
EndProject
Project("{8BC9CEB8-8B4A-11D0-8D11-00A0C91BC942}") = "OpenPositionNetting", "TableManagerSamples\OpenPositionNetting\OpenPositionNetting.vcxproj", "{4D3DE31B-CFD9-46C8-A646-41B8F634A7A1}"
EndProject
Project("{8BC9CEB8-8B4A-11D0-8D11-00A0C91BC942}") = "RemoveOrder", "TableManagerSamples\RemoveOrder\RemoveOrder.vcxproj", "{4EF264F5-21CE-4D7F-8C36-CD8A8468496C}"
EndProject
Project("{8BC9CEB8-8B4A-11D0-8D11-00A0C91BC942}") = "CreateOTOCO", "NonTableManagerSamples\CreateOTOCO\CreateOTOCO.vcxproj", "{2473EC80-66E3-4671-8DD4-7C4AE9354EBC}"
EndProject
Project("{8BC9CEB8-8B4A-11D0-8D11-00A0C91BC942}") = "CreateOTOCO", "TableManagerSamples\CreateOTOCO\CreateOTOCO.vcxproj", "{F2898952-ADCF-4C54-8FCD-809C3D66CD63}"
EndProject
Project("{8BC9CEB8-8B4A-11D0-8D11-00A0C91BC942}") = "CalculateTradingCommissions", "TableManagerSamples\CalculateTradingCommissions\CalculateTradingCommissions.vcxproj", "{3289005F-AD7F-4843-A712-84860E018827}"
EndProject
Project("{8BC9CEB8-8B4A-11D0-8D11-00A0C91BC942}") = "ShowCommissionDetails", "NonTableManagerSamples\ShowCommissionDetails\ShowCommissionDetails.vcxproj", "{C99D66E9-BBDC-4464-8CC9-A78275FCF573}"
EndProject
Project("{8BC9CEB8-8B4A-11D0-8D11-00A0C91BC942}") = "PrintRollover", "TableManagerSamples\PrintRollover\PrintRollover.vcxproj", "{548C54B1-9217-463A-8C59-69BAA693A9AF}"
EndProject
Project("{8BC9CEB8-8B4A-11D0-8D11-00A0C91BC942}") = "LoginWithToken", "NonTableManagerSamples\LoginWithToken\LoginWithToken.vcxproj", "{9A688530-9C5D-4AF1-90A1-13805A086846}"
EndProject
Project("{2150E333-8FDC-42A3-9474-1A3956D46DE8}") = "PriceHistoryAPI", "PriceHistoryAPI", "{5452C7EE-8A43-4E1C-AE2F-E61ED6787443}"
EndProject
Project("{8BC9CEB8-8B4A-11D0-8D11-00A0C91BC942}") = "GetHistPrices", "PriceHistoryAPI\GetHistPrices\GetHistPrices.vcxproj", "{747FD0FA-54B3-42CC-89CF-2CDF120523D6}"
	ProjectSection(ProjectDependencies) = postProject
		{53CEAF18-47DE-4DFB-AE44-408B30035777} = {53CEAF18-47DE-4DFB-AE44-408B30035777}
	EndProjectSection
EndProject
Project("{8BC9CEB8-8B4A-11D0-8D11-00A0C91BC942}") = "GetLivePrices", "PriceHistoryAPI\GetLivePrices\GetLivePrices.vcxproj", "{B2C29F8C-6AE8-435A-8F06-23EBC7B05FDE}"
EndProject
Project("{8BC9CEB8-8B4A-11D0-8D11-00A0C91BC942}") = "hptools", "PriceHistoryAPI\hptools\hptools.vcxproj", "{53CEAF18-47DE-4DFB-AE44-408B30035777}"
EndProject
Project("{8BC9CEB8-8B4A-11D0-8D11-00A0C91BC942}") = "RemoveQuotes", "PriceHistoryAPI\RemoveQuotes\RemoveQuotes.vcxproj", "{3CCFF94C-2E1A-4C10-AFBF-CEB47D525249}"
	ProjectSection(ProjectDependencies) = postProject
		{53CEAF18-47DE-4DFB-AE44-408B30035777} = {53CEAF18-47DE-4DFB-AE44-408B30035777}
	EndProjectSection
EndProject
Global
	GlobalSection(SolutionConfigurationPlatforms) = preSolution
		Debug|Win32 = Debug|Win32
		Debug|x64 = Debug|x64
		PthreadsDebug|Win32 = PthreadsDebug|Win32
		PthreadsDebug|x64 = PthreadsDebug|x64
		Release|Win32 = Release|Win32
		Release|x64 = Release|x64
	EndGlobalSection
	GlobalSection(ProjectConfigurationPlatforms) = postSolution
		{2249E1B3-77AC-46D7-A40D-BAFFDE19658D}.Debug|Win32.ActiveCfg = Debug|Win32
		{2249E1B3-77AC-46D7-A40D-BAFFDE19658D}.Debug|Win32.Build.0 = Debug|Win32
		{2249E1B3-77AC-46D7-A40D-BAFFDE19658D}.Debug|x64.ActiveCfg = Debug|x64
		{2249E1B3-77AC-46D7-A40D-BAFFDE19658D}.Debug|x64.Build.0 = Debug|x64
		{2249E1B3-77AC-46D7-A40D-BAFFDE19658D}.PthreadsDebug|Win32.ActiveCfg = Debug|Win32
		{2249E1B3-77AC-46D7-A40D-BAFFDE19658D}.PthreadsDebug|Win32.Build.0 = Debug|Win32
		{2249E1B3-77AC-46D7-A40D-BAFFDE19658D}.PthreadsDebug|x64.ActiveCfg = Debug|x64
		{2249E1B3-77AC-46D7-A40D-BAFFDE19658D}.PthreadsDebug|x64.Build.0 = Debug|x64
		{2249E1B3-77AC-46D7-A40D-BAFFDE19658D}.Release|Win32.ActiveCfg = Release|Win32
		{2249E1B3-77AC-46D7-A40D-BAFFDE19658D}.Release|Win32.Build.0 = Release|Win32
		{2249E1B3-77AC-46D7-A40D-BAFFDE19658D}.Release|x64.ActiveCfg = Release|x64
		{2249E1B3-77AC-46D7-A40D-BAFFDE19658D}.Release|x64.Build.0 = Release|x64
		{5324F722-A3F3-411A-9233-816A129B886C}.Debug|Win32.ActiveCfg = Debug|Win32
		{5324F722-A3F3-411A-9233-816A129B886C}.Debug|Win32.Build.0 = Debug|Win32
		{5324F722-A3F3-411A-9233-816A129B886C}.Debug|x64.ActiveCfg = Debug|x64
		{5324F722-A3F3-411A-9233-816A129B886C}.Debug|x64.Build.0 = Debug|x64
		{5324F722-A3F3-411A-9233-816A129B886C}.PthreadsDebug|Win32.ActiveCfg = Debug|Win32
		{5324F722-A3F3-411A-9233-816A129B886C}.PthreadsDebug|Win32.Build.0 = Debug|Win32
		{5324F722-A3F3-411A-9233-816A129B886C}.PthreadsDebug|x64.ActiveCfg = Debug|x64
		{5324F722-A3F3-411A-9233-816A129B886C}.PthreadsDebug|x64.Build.0 = Debug|x64
		{5324F722-A3F3-411A-9233-816A129B886C}.Release|Win32.ActiveCfg = Release|Win32
		{5324F722-A3F3-411A-9233-816A129B886C}.Release|Win32.Build.0 = Release|Win32
		{5324F722-A3F3-411A-9233-816A129B886C}.Release|x64.ActiveCfg = Release|x64
		{5324F722-A3F3-411A-9233-816A129B886C}.Release|x64.Build.0 = Release|x64
		{D111F179-FE51-4B74-8EAE-3BC43A258337}.Debug|Win32.ActiveCfg = Debug|Win32
		{D111F179-FE51-4B74-8EAE-3BC43A258337}.Debug|Win32.Build.0 = Debug|Win32
		{D111F179-FE51-4B74-8EAE-3BC43A258337}.Debug|x64.ActiveCfg = Debug|x64
		{D111F179-FE51-4B74-8EAE-3BC43A258337}.Debug|x64.Build.0 = Debug|x64
		{D111F179-FE51-4B74-8EAE-3BC43A258337}.PthreadsDebug|Win32.ActiveCfg = Debug|Win32
		{D111F179-FE51-4B74-8EAE-3BC43A258337}.PthreadsDebug|Win32.Build.0 = Debug|Win32
		{D111F179-FE51-4B74-8EAE-3BC43A258337}.PthreadsDebug|x64.ActiveCfg = Debug|x64
		{D111F179-FE51-4B74-8EAE-3BC43A258337}.PthreadsDebug|x64.Build.0 = Debug|x64
		{D111F179-FE51-4B74-8EAE-3BC43A258337}.Release|Win32.ActiveCfg = Release|Win32
		{D111F179-FE51-4B74-8EAE-3BC43A258337}.Release|Win32.Build.0 = Release|Win32
		{D111F179-FE51-4B74-8EAE-3BC43A258337}.Release|x64.ActiveCfg = Release|x64
		{D111F179-FE51-4B74-8EAE-3BC43A258337}.Release|x64.Build.0 = Release|x64
		{A4D21AA7-04DD-41A8-A0C5-DD23A4545FAD}.Debug|Win32.ActiveCfg = Debug|Win32
		{A4D21AA7-04DD-41A8-A0C5-DD23A4545FAD}.Debug|Win32.Build.0 = Debug|Win32
		{A4D21AA7-04DD-41A8-A0C5-DD23A4545FAD}.Debug|x64.ActiveCfg = Debug|x64
		{A4D21AA7-04DD-41A8-A0C5-DD23A4545FAD}.Debug|x64.Build.0 = Debug|x64
		{A4D21AA7-04DD-41A8-A0C5-DD23A4545FAD}.PthreadsDebug|Win32.ActiveCfg = Debug|Win32
		{A4D21AA7-04DD-41A8-A0C5-DD23A4545FAD}.PthreadsDebug|Win32.Build.0 = Debug|Win32
		{A4D21AA7-04DD-41A8-A0C5-DD23A4545FAD}.PthreadsDebug|x64.ActiveCfg = Debug|x64
		{A4D21AA7-04DD-41A8-A0C5-DD23A4545FAD}.PthreadsDebug|x64.Build.0 = Debug|x64
		{A4D21AA7-04DD-41A8-A0C5-DD23A4545FAD}.Release|Win32.ActiveCfg = Release|Win32
		{A4D21AA7-04DD-41A8-A0C5-DD23A4545FAD}.Release|Win32.Build.0 = Release|Win32
		{A4D21AA7-04DD-41A8-A0C5-DD23A4545FAD}.Release|x64.ActiveCfg = Release|x64
		{A4D21AA7-04DD-41A8-A0C5-DD23A4545FAD}.Release|x64.Build.0 = Release|x64
		{E15DFFC0-06EB-4C23-AC50-BE5F0CE34FD2}.Debug|Win32.ActiveCfg = Debug|Win32
		{E15DFFC0-06EB-4C23-AC50-BE5F0CE34FD2}.Debug|Win32.Build.0 = Debug|Win32
		{E15DFFC0-06EB-4C23-AC50-BE5F0CE34FD2}.Debug|x64.ActiveCfg = Debug|x64
		{E15DFFC0-06EB-4C23-AC50-BE5F0CE34FD2}.Debug|x64.Build.0 = Debug|x64
		{E15DFFC0-06EB-4C23-AC50-BE5F0CE34FD2}.PthreadsDebug|Win32.ActiveCfg = Debug|Win32
		{E15DFFC0-06EB-4C23-AC50-BE5F0CE34FD2}.PthreadsDebug|Win32.Build.0 = Debug|Win32
		{E15DFFC0-06EB-4C23-AC50-BE5F0CE34FD2}.PthreadsDebug|x64.ActiveCfg = Debug|x64
		{E15DFFC0-06EB-4C23-AC50-BE5F0CE34FD2}.PthreadsDebug|x64.Build.0 = Debug|x64
		{E15DFFC0-06EB-4C23-AC50-BE5F0CE34FD2}.Release|Win32.ActiveCfg = Release|Win32
		{E15DFFC0-06EB-4C23-AC50-BE5F0CE34FD2}.Release|Win32.Build.0 = Release|Win32
		{E15DFFC0-06EB-4C23-AC50-BE5F0CE34FD2}.Release|x64.ActiveCfg = Release|x64
		{E15DFFC0-06EB-4C23-AC50-BE5F0CE34FD2}.Release|x64.Build.0 = Release|x64
		{EE5F177A-4D6E-4957-AB58-F1C6BB8DB33E}.Debug|Win32.ActiveCfg = Debug|Win32
		{EE5F177A-4D6E-4957-AB58-F1C6BB8DB33E}.Debug|Win32.Build.0 = Debug|Win32
		{EE5F177A-4D6E-4957-AB58-F1C6BB8DB33E}.Debug|x64.ActiveCfg = Debug|x64
		{EE5F177A-4D6E-4957-AB58-F1C6BB8DB33E}.Debug|x64.Build.0 = Debug|x64
		{EE5F177A-4D6E-4957-AB58-F1C6BB8DB33E}.PthreadsDebug|Win32.ActiveCfg = Debug|Win32
		{EE5F177A-4D6E-4957-AB58-F1C6BB8DB33E}.PthreadsDebug|Win32.Build.0 = Debug|Win32
		{EE5F177A-4D6E-4957-AB58-F1C6BB8DB33E}.PthreadsDebug|x64.ActiveCfg = Debug|x64
		{EE5F177A-4D6E-4957-AB58-F1C6BB8DB33E}.PthreadsDebug|x64.Build.0 = Debug|x64
		{EE5F177A-4D6E-4957-AB58-F1C6BB8DB33E}.Release|Win32.ActiveCfg = Release|Win32
		{EE5F177A-4D6E-4957-AB58-F1C6BB8DB33E}.Release|Win32.Build.0 = Release|Win32
		{EE5F177A-4D6E-4957-AB58-F1C6BB8DB33E}.Release|x64.ActiveCfg = Release|x64
		{EE5F177A-4D6E-4957-AB58-F1C6BB8DB33E}.Release|x64.Build.0 = Release|x64
		{71361E7B-9F30-47EF-868B-CF4893F018B3}.Debug|Win32.ActiveCfg = Debug|Win32
		{71361E7B-9F30-47EF-868B-CF4893F018B3}.Debug|Win32.Build.0 = Debug|Win32
		{71361E7B-9F30-47EF-868B-CF4893F018B3}.Debug|x64.ActiveCfg = Debug|x64
		{71361E7B-9F30-47EF-868B-CF4893F018B3}.Debug|x64.Build.0 = Debug|x64
		{71361E7B-9F30-47EF-868B-CF4893F018B3}.PthreadsDebug|Win32.ActiveCfg = Debug|Win32
		{71361E7B-9F30-47EF-868B-CF4893F018B3}.PthreadsDebug|Win32.Build.0 = Debug|Win32
		{71361E7B-9F30-47EF-868B-CF4893F018B3}.PthreadsDebug|x64.ActiveCfg = Debug|x64
		{71361E7B-9F30-47EF-868B-CF4893F018B3}.PthreadsDebug|x64.Build.0 = Debug|x64
		{71361E7B-9F30-47EF-868B-CF4893F018B3}.Release|Win32.ActiveCfg = Release|Win32
		{71361E7B-9F30-47EF-868B-CF4893F018B3}.Release|Win32.Build.0 = Release|Win32
		{71361E7B-9F30-47EF-868B-CF4893F018B3}.Release|x64.ActiveCfg = Release|x64
		{71361E7B-9F30-47EF-868B-CF4893F018B3}.Release|x64.Build.0 = Release|x64
		{521ADFA7-9FFB-4A16-87FF-DF1FCD837576}.Debug|Win32.ActiveCfg = Debug|Win32
		{521ADFA7-9FFB-4A16-87FF-DF1FCD837576}.Debug|Win32.Build.0 = Debug|Win32
		{521ADFA7-9FFB-4A16-87FF-DF1FCD837576}.Debug|x64.ActiveCfg = Debug|x64
		{521ADFA7-9FFB-4A16-87FF-DF1FCD837576}.Debug|x64.Build.0 = Debug|x64
		{521ADFA7-9FFB-4A16-87FF-DF1FCD837576}.PthreadsDebug|Win32.ActiveCfg = Debug|Win32
		{521ADFA7-9FFB-4A16-87FF-DF1FCD837576}.PthreadsDebug|Win32.Build.0 = Debug|Win32
		{521ADFA7-9FFB-4A16-87FF-DF1FCD837576}.PthreadsDebug|x64.ActiveCfg = Debug|x64
		{521ADFA7-9FFB-4A16-87FF-DF1FCD837576}.PthreadsDebug|x64.Build.0 = Debug|x64
		{521ADFA7-9FFB-4A16-87FF-DF1FCD837576}.Release|Win32.ActiveCfg = Release|Win32
		{521ADFA7-9FFB-4A16-87FF-DF1FCD837576}.Release|Win32.Build.0 = Release|Win32
		{521ADFA7-9FFB-4A16-87FF-DF1FCD837576}.Release|x64.ActiveCfg = Release|x64
		{521ADFA7-9FFB-4A16-87FF-DF1FCD837576}.Release|x64.Build.0 = Release|x64
		{C0D30482-FD1B-4DF6-B7BB-EDF7A96A20B4}.Debug|Win32.ActiveCfg = Debug|Win32
		{C0D30482-FD1B-4DF6-B7BB-EDF7A96A20B4}.Debug|Win32.Build.0 = Debug|Win32
		{C0D30482-FD1B-4DF6-B7BB-EDF7A96A20B4}.Debug|x64.ActiveCfg = Debug|x64
		{C0D30482-FD1B-4DF6-B7BB-EDF7A96A20B4}.Debug|x64.Build.0 = Debug|x64
		{C0D30482-FD1B-4DF6-B7BB-EDF7A96A20B4}.PthreadsDebug|Win32.ActiveCfg = Debug|Win32
		{C0D30482-FD1B-4DF6-B7BB-EDF7A96A20B4}.PthreadsDebug|Win32.Build.0 = Debug|Win32
		{C0D30482-FD1B-4DF6-B7BB-EDF7A96A20B4}.PthreadsDebug|x64.ActiveCfg = Debug|x64
		{C0D30482-FD1B-4DF6-B7BB-EDF7A96A20B4}.PthreadsDebug|x64.Build.0 = Debug|x64
		{C0D30482-FD1B-4DF6-B7BB-EDF7A96A20B4}.Release|Win32.ActiveCfg = Release|Win32
		{C0D30482-FD1B-4DF6-B7BB-EDF7A96A20B4}.Release|Win32.Build.0 = Release|Win32
		{C0D30482-FD1B-4DF6-B7BB-EDF7A96A20B4}.Release|x64.ActiveCfg = Release|x64
		{C0D30482-FD1B-4DF6-B7BB-EDF7A96A20B4}.Release|x64.Build.0 = Release|x64
		{C0D30482-FD1B-4DF6-F7BB-EDF7A96A20B4}.Debug|Win32.ActiveCfg = Debug|Win32
		{C0D30482-FD1B-4DF6-F7BB-EDF7A96A20B4}.Debug|Win32.Build.0 = Debug|Win32
		{C0D30482-FD1B-4DF6-F7BB-EDF7A96A20B4}.Debug|x64.ActiveCfg = Debug|x64
		{C0D30482-FD1B-4DF6-F7BB-EDF7A96A20B4}.Debug|x64.Build.0 = Debug|x64
		{C0D30482-FD1B-4DF6-F7BB-EDF7A96A20B4}.PthreadsDebug|Win32.ActiveCfg = Debug|Win32
		{C0D30482-FD1B-4DF6-F7BB-EDF7A96A20B4}.PthreadsDebug|Win32.Build.0 = Debug|Win32
		{C0D30482-FD1B-4DF6-F7BB-EDF7A96A20B4}.PthreadsDebug|x64.ActiveCfg = Debug|x64
		{C0D30482-FD1B-4DF6-F7BB-EDF7A96A20B4}.PthreadsDebug|x64.Build.0 = Debug|x64
		{C0D30482-FD1B-4DF6-F7BB-EDF7A96A20B4}.Release|Win32.ActiveCfg = Release|Win32
		{C0D30482-FD1B-4DF6-F7BB-EDF7A96A20B4}.Release|Win32.Build.0 = Release|Win32
		{C0D30482-FD1B-4DF6-F7BB-EDF7A96A20B4}.Release|x64.ActiveCfg = Release|x64
		{C0D30482-FD1B-4DF6-F7BB-EDF7A96A20B4}.Release|x64.Build.0 = Release|x64
		{CE88E5ED-610A-4F63-91DA-FD60E1C24559}.Debug|Win32.ActiveCfg = Debug|Win32
		{CE88E5ED-610A-4F63-91DA-FD60E1C24559}.Debug|Win32.Build.0 = Debug|Win32
		{CE88E5ED-610A-4F63-91DA-FD60E1C24559}.Debug|x64.ActiveCfg = Debug|x64
		{CE88E5ED-610A-4F63-91DA-FD60E1C24559}.Debug|x64.Build.0 = Debug|x64
		{CE88E5ED-610A-4F63-91DA-FD60E1C24559}.PthreadsDebug|Win32.ActiveCfg = Debug|Win32
		{CE88E5ED-610A-4F63-91DA-FD60E1C24559}.PthreadsDebug|Win32.Build.0 = Debug|Win32
		{CE88E5ED-610A-4F63-91DA-FD60E1C24559}.PthreadsDebug|x64.ActiveCfg = Debug|x64
		{CE88E5ED-610A-4F63-91DA-FD60E1C24559}.PthreadsDebug|x64.Build.0 = Debug|x64
		{CE88E5ED-610A-4F63-91DA-FD60E1C24559}.Release|Win32.ActiveCfg = Release|Win32
		{CE88E5ED-610A-4F63-91DA-FD60E1C24559}.Release|Win32.Build.0 = Release|Win32
		{CE88E5ED-610A-4F63-91DA-FD60E1C24559}.Release|x64.ActiveCfg = Release|x64
		{CE88E5ED-610A-4F63-91DA-FD60E1C24559}.Release|x64.Build.0 = Release|x64
		{F4CA123A-6A47-4C17-9DEE-3D3101020605}.Debug|Win32.ActiveCfg = Debug|Win32
		{F4CA123A-6A47-4C17-9DEE-3D3101020605}.Debug|Win32.Build.0 = Debug|Win32
		{F4CA123A-6A47-4C17-9DEE-3D3101020605}.Debug|x64.ActiveCfg = Debug|x64
		{F4CA123A-6A47-4C17-9DEE-3D3101020605}.Debug|x64.Build.0 = Debug|x64
		{F4CA123A-6A47-4C17-9DEE-3D3101020605}.PthreadsDebug|Win32.ActiveCfg = Debug|Win32
		{F4CA123A-6A47-4C17-9DEE-3D3101020605}.PthreadsDebug|Win32.Build.0 = Debug|Win32
		{F4CA123A-6A47-4C17-9DEE-3D3101020605}.PthreadsDebug|x64.ActiveCfg = Debug|x64
		{F4CA123A-6A47-4C17-9DEE-3D3101020605}.PthreadsDebug|x64.Build.0 = Debug|x64
		{F4CA123A-6A47-4C17-9DEE-3D3101020605}.Release|Win32.ActiveCfg = Release|Win32
		{F4CA123A-6A47-4C17-9DEE-3D3101020605}.Release|Win32.Build.0 = Release|Win32
		{F4CA123A-6A47-4C17-9DEE-3D3101020605}.Release|x64.ActiveCfg = Release|x64
		{F4CA123A-6A47-4C17-9DEE-3D3101020605}.Release|x64.Build.0 = Release|x64
		{CB9559CE-1BB9-46D2-9530-A7638257C1C9}.Debug|Win32.ActiveCfg = Debug|Win32
		{CB9559CE-1BB9-46D2-9530-A7638257C1C9}.Debug|Win32.Build.0 = Debug|Win32
		{CB9559CE-1BB9-46D2-9530-A7638257C1C9}.Debug|x64.ActiveCfg = Debug|x64
		{CB9559CE-1BB9-46D2-9530-A7638257C1C9}.Debug|x64.Build.0 = Debug|x64
		{CB9559CE-1BB9-46D2-9530-A7638257C1C9}.PthreadsDebug|Win32.ActiveCfg = Debug|Win32
		{CB9559CE-1BB9-46D2-9530-A7638257C1C9}.PthreadsDebug|Win32.Build.0 = Debug|Win32
		{CB9559CE-1BB9-46D2-9530-A7638257C1C9}.PthreadsDebug|x64.ActiveCfg = Debug|x64
		{CB9559CE-1BB9-46D2-9530-A7638257C1C9}.PthreadsDebug|x64.Build.0 = Debug|x64
		{CB9559CE-1BB9-46D2-9530-A7638257C1C9}.Release|Win32.ActiveCfg = Release|Win32
		{CB9559CE-1BB9-46D2-9530-A7638257C1C9}.Release|Win32.Build.0 = Release|Win32
		{CB9559CE-1BB9-46D2-9530-A7638257C1C9}.Release|x64.ActiveCfg = Release|x64
		{CB9559CE-1BB9-46D2-9530-A7638257C1C9}.Release|x64.Build.0 = Release|x64
		{4E42092C-4ECD-4295-A9E4-6E41DA70341D}.Debug|Win32.ActiveCfg = Debug|Win32
		{4E42092C-4ECD-4295-A9E4-6E41DA70341D}.Debug|Win32.Build.0 = Debug|Win32
		{4E42092C-4ECD-4295-A9E4-6E41DA70341D}.Debug|x64.ActiveCfg = Debug|x64
		{4E42092C-4ECD-4295-A9E4-6E41DA70341D}.Debug|x64.Build.0 = Debug|x64
		{4E42092C-4ECD-4295-A9E4-6E41DA70341D}.PthreadsDebug|Win32.ActiveCfg = Debug|Win32
		{4E42092C-4ECD-4295-A9E4-6E41DA70341D}.PthreadsDebug|Win32.Build.0 = Debug|Win32
		{4E42092C-4ECD-4295-A9E4-6E41DA70341D}.PthreadsDebug|x64.ActiveCfg = Debug|x64
		{4E42092C-4ECD-4295-A9E4-6E41DA70341D}.PthreadsDebug|x64.Build.0 = Debug|x64
		{4E42092C-4ECD-4295-A9E4-6E41DA70341D}.Release|Win32.ActiveCfg = Release|Win32
		{4E42092C-4ECD-4295-A9E4-6E41DA70341D}.Release|Win32.Build.0 = Release|Win32
		{4E42092C-4ECD-4295-A9E4-6E41DA70341D}.Release|x64.ActiveCfg = Release|x64
		{4E42092C-4ECD-4295-A9E4-6E41DA70341D}.Release|x64.Build.0 = Release|x64
		{82AA334B-C421-4DB6-9DE5-48B178D43F23}.Debug|Win32.ActiveCfg = Debug|Win32
		{82AA334B-C421-4DB6-9DE5-48B178D43F23}.Debug|Win32.Build.0 = Debug|Win32
		{82AA334B-C421-4DB6-9DE5-48B178D43F23}.Debug|x64.ActiveCfg = Debug|x64
		{82AA334B-C421-4DB6-9DE5-48B178D43F23}.Debug|x64.Build.0 = Debug|x64
		{82AA334B-C421-4DB6-9DE5-48B178D43F23}.PthreadsDebug|Win32.ActiveCfg = Debug|Win32
		{82AA334B-C421-4DB6-9DE5-48B178D43F23}.PthreadsDebug|Win32.Build.0 = Debug|Win32
		{82AA334B-C421-4DB6-9DE5-48B178D43F23}.PthreadsDebug|x64.ActiveCfg = Debug|x64
		{82AA334B-C421-4DB6-9DE5-48B178D43F23}.PthreadsDebug|x64.Build.0 = Debug|x64
		{82AA334B-C421-4DB6-9DE5-48B178D43F23}.Release|Win32.ActiveCfg = Release|Win32
		{82AA334B-C421-4DB6-9DE5-48B178D43F23}.Release|Win32.Build.0 = Release|Win32
		{82AA334B-C421-4DB6-9DE5-48B178D43F23}.Release|x64.ActiveCfg = Release|x64
		{82AA334B-C421-4DB6-9DE5-48B178D43F23}.Release|x64.Build.0 = Release|x64
		{486B5945-76AE-458D-A967-C71E7E42F915}.Debug|Win32.ActiveCfg = Debug|Win32
		{486B5945-76AE-458D-A967-C71E7E42F915}.Debug|Win32.Build.0 = Debug|Win32
		{486B5945-76AE-458D-A967-C71E7E42F915}.Debug|x64.ActiveCfg = Debug|x64
		{486B5945-76AE-458D-A967-C71E7E42F915}.Debug|x64.Build.0 = Debug|x64
		{486B5945-76AE-458D-A967-C71E7E42F915}.PthreadsDebug|Win32.ActiveCfg = Debug|Win32
		{486B5945-76AE-458D-A967-C71E7E42F915}.PthreadsDebug|Win32.Build.0 = Debug|Win32
		{486B5945-76AE-458D-A967-C71E7E42F915}.PthreadsDebug|x64.ActiveCfg = Debug|x64
		{486B5945-76AE-458D-A967-C71E7E42F915}.PthreadsDebug|x64.Build.0 = Debug|x64
		{486B5945-76AE-458D-A967-C71E7E42F915}.Release|Win32.ActiveCfg = Release|Win32
		{486B5945-76AE-458D-A967-C71E7E42F915}.Release|Win32.Build.0 = Release|Win32
		{486B5945-76AE-458D-A967-C71E7E42F915}.Release|x64.ActiveCfg = Release|x64
		{486B5945-76AE-458D-A967-C71E7E42F915}.Release|x64.Build.0 = Release|x64
		{9A3A85F2-6BE2-48EC-80B5-F535B86187FC}.Debug|Win32.ActiveCfg = Debug|Win32
		{9A3A85F2-6BE2-48EC-80B5-F535B86187FC}.Debug|Win32.Build.0 = Debug|Win32
		{9A3A85F2-6BE2-48EC-80B5-F535B86187FC}.Debug|x64.ActiveCfg = Debug|x64
		{9A3A85F2-6BE2-48EC-80B5-F535B86187FC}.Debug|x64.Build.0 = Debug|x64
		{9A3A85F2-6BE2-48EC-80B5-F535B86187FC}.PthreadsDebug|Win32.ActiveCfg = Debug|Win32
		{9A3A85F2-6BE2-48EC-80B5-F535B86187FC}.PthreadsDebug|Win32.Build.0 = Debug|Win32
		{9A3A85F2-6BE2-48EC-80B5-F535B86187FC}.PthreadsDebug|x64.ActiveCfg = Debug|x64
		{9A3A85F2-6BE2-48EC-80B5-F535B86187FC}.PthreadsDebug|x64.Build.0 = Debug|x64
		{9A3A85F2-6BE2-48EC-80B5-F535B86187FC}.Release|Win32.ActiveCfg = Release|Win32
		{9A3A85F2-6BE2-48EC-80B5-F535B86187FC}.Release|Win32.Build.0 = Release|Win32
		{9A3A85F2-6BE2-48EC-80B5-F535B86187FC}.Release|x64.ActiveCfg = Release|x64
		{9A3A85F2-6BE2-48EC-80B5-F535B86187FC}.Release|x64.Build.0 = Release|x64
		{30C8888F-FCC9-4F20-ABAE-576B2797F7A5}.Debug|Win32.ActiveCfg = Debug|Win32
		{30C8888F-FCC9-4F20-ABAE-576B2797F7A5}.Debug|Win32.Build.0 = Debug|Win32
		{30C8888F-FCC9-4F20-ABAE-576B2797F7A5}.Debug|x64.ActiveCfg = Debug|x64
		{30C8888F-FCC9-4F20-ABAE-576B2797F7A5}.Debug|x64.Build.0 = Debug|x64
		{30C8888F-FCC9-4F20-ABAE-576B2797F7A5}.PthreadsDebug|Win32.ActiveCfg = Debug|Win32
		{30C8888F-FCC9-4F20-ABAE-576B2797F7A5}.PthreadsDebug|Win32.Build.0 = Debug|Win32
		{30C8888F-FCC9-4F20-ABAE-576B2797F7A5}.PthreadsDebug|x64.ActiveCfg = Debug|x64
		{30C8888F-FCC9-4F20-ABAE-576B2797F7A5}.PthreadsDebug|x64.Build.0 = Debug|x64
		{30C8888F-FCC9-4F20-ABAE-576B2797F7A5}.Release|Win32.ActiveCfg = Release|Win32
		{30C8888F-FCC9-4F20-ABAE-576B2797F7A5}.Release|Win32.Build.0 = Release|Win32
		{30C8888F-FCC9-4F20-ABAE-576B2797F7A5}.Release|x64.ActiveCfg = Release|x64
		{30C8888F-FCC9-4F20-ABAE-576B2797F7A5}.Release|x64.Build.0 = Release|x64
		{5E85C91F-0640-4F0B-874B-57D9E6238C6B}.Debug|Win32.ActiveCfg = Debug|Win32
		{5E85C91F-0640-4F0B-874B-57D9E6238C6B}.Debug|Win32.Build.0 = Debug|Win32
		{5E85C91F-0640-4F0B-874B-57D9E6238C6B}.Debug|x64.ActiveCfg = Debug|x64
		{5E85C91F-0640-4F0B-874B-57D9E6238C6B}.Debug|x64.Build.0 = Debug|x64
		{5E85C91F-0640-4F0B-874B-57D9E6238C6B}.PthreadsDebug|Win32.ActiveCfg = Debug|Win32
		{5E85C91F-0640-4F0B-874B-57D9E6238C6B}.PthreadsDebug|Win32.Build.0 = Debug|Win32
		{5E85C91F-0640-4F0B-874B-57D9E6238C6B}.PthreadsDebug|x64.ActiveCfg = Debug|x64
		{5E85C91F-0640-4F0B-874B-57D9E6238C6B}.PthreadsDebug|x64.Build.0 = Debug|x64
		{5E85C91F-0640-4F0B-874B-57D9E6238C6B}.Release|Win32.ActiveCfg = Release|Win32
		{5E85C91F-0640-4F0B-874B-57D9E6238C6B}.Release|Win32.Build.0 = Release|Win32
		{5E85C91F-0640-4F0B-874B-57D9E6238C6B}.Release|x64.ActiveCfg = Release|x64
		{5E85C91F-0640-4F0B-874B-57D9E6238C6B}.Release|x64.Build.0 = Release|x64
		{1D67B9C4-7CBB-463C-B791-9F2F96D39519}.Debug|Win32.ActiveCfg = Debug|Win32
		{1D67B9C4-7CBB-463C-B791-9F2F96D39519}.Debug|Win32.Build.0 = Debug|Win32
		{1D67B9C4-7CBB-463C-B791-9F2F96D39519}.Debug|x64.ActiveCfg = Debug|x64
		{1D67B9C4-7CBB-463C-B791-9F2F96D39519}.Debug|x64.Build.0 = Debug|x64
		{1D67B9C4-7CBB-463C-B791-9F2F96D39519}.PthreadsDebug|Win32.ActiveCfg = Debug|Win32
		{1D67B9C4-7CBB-463C-B791-9F2F96D39519}.PthreadsDebug|Win32.Build.0 = Debug|Win32
		{1D67B9C4-7CBB-463C-B791-9F2F96D39519}.PthreadsDebug|x64.ActiveCfg = Debug|x64
		{1D67B9C4-7CBB-463C-B791-9F2F96D39519}.PthreadsDebug|x64.Build.0 = Debug|x64
		{1D67B9C4-7CBB-463C-B791-9F2F96D39519}.Release|Win32.ActiveCfg = Release|Win32
		{1D67B9C4-7CBB-463C-B791-9F2F96D39519}.Release|Win32.Build.0 = Release|Win32
		{1D67B9C4-7CBB-463C-B791-9F2F96D39519}.Release|x64.ActiveCfg = Release|x64
		{1D67B9C4-7CBB-463C-B791-9F2F96D39519}.Release|x64.Build.0 = Release|x64
		{590705C9-491F-4A61-AD01-B9A297ADD55B}.Debug|Win32.ActiveCfg = Debug|Win32
		{590705C9-491F-4A61-AD01-B9A297ADD55B}.Debug|Win32.Build.0 = Debug|Win32
		{590705C9-491F-4A61-AD01-B9A297ADD55B}.Debug|x64.ActiveCfg = Debug|x64
		{590705C9-491F-4A61-AD01-B9A297ADD55B}.Debug|x64.Build.0 = Debug|x64
		{590705C9-491F-4A61-AD01-B9A297ADD55B}.PthreadsDebug|Win32.ActiveCfg = Debug|Win32
		{590705C9-491F-4A61-AD01-B9A297ADD55B}.PthreadsDebug|Win32.Build.0 = Debug|Win32
		{590705C9-491F-4A61-AD01-B9A297ADD55B}.PthreadsDebug|x64.ActiveCfg = Debug|x64
		{590705C9-491F-4A61-AD01-B9A297ADD55B}.PthreadsDebug|x64.Build.0 = Debug|x64
		{590705C9-491F-4A61-AD01-B9A297ADD55B}.Release|Win32.ActiveCfg = Release|Win32
		{590705C9-491F-4A61-AD01-B9A297ADD55B}.Release|Win32.Build.0 = Release|Win32
		{590705C9-491F-4A61-AD01-B9A297ADD55B}.Release|x64.ActiveCfg = Release|x64
		{590705C9-491F-4A61-AD01-B9A297ADD55B}.Release|x64.Build.0 = Release|x64
		{D046EB74-8E59-46BD-A8BF-34D854985FE2}.Debug|Win32.ActiveCfg = Debug|Win32
		{D046EB74-8E59-46BD-A8BF-34D854985FE2}.Debug|Win32.Build.0 = Debug|Win32
		{D046EB74-8E59-46BD-A8BF-34D854985FE2}.Debug|x64.ActiveCfg = Debug|x64
		{D046EB74-8E59-46BD-A8BF-34D854985FE2}.Debug|x64.Build.0 = Debug|x64
		{D046EB74-8E59-46BD-A8BF-34D854985FE2}.PthreadsDebug|Win32.ActiveCfg = Debug|Win32
		{D046EB74-8E59-46BD-A8BF-34D854985FE2}.PthreadsDebug|Win32.Build.0 = Debug|Win32
		{D046EB74-8E59-46BD-A8BF-34D854985FE2}.PthreadsDebug|x64.ActiveCfg = Debug|x64
		{D046EB74-8E59-46BD-A8BF-34D854985FE2}.PthreadsDebug|x64.Build.0 = Debug|x64
		{D046EB74-8E59-46BD-A8BF-34D854985FE2}.Release|Win32.ActiveCfg = Release|Win32
		{D046EB74-8E59-46BD-A8BF-34D854985FE2}.Release|Win32.Build.0 = Release|Win32
		{D046EB74-8E59-46BD-A8BF-34D854985FE2}.Release|x64.ActiveCfg = Release|x64
		{D046EB74-8E59-46BD-A8BF-34D854985FE2}.Release|x64.Build.0 = Release|x64
		{1F0643FB-A9B1-4F4C-8814-CF0BBDAC6D64}.Debug|Win32.ActiveCfg = Debug|Win32
		{1F0643FB-A9B1-4F4C-8814-CF0BBDAC6D64}.Debug|Win32.Build.0 = Debug|Win32
		{1F0643FB-A9B1-4F4C-8814-CF0BBDAC6D64}.Debug|x64.ActiveCfg = Debug|x64
		{1F0643FB-A9B1-4F4C-8814-CF0BBDAC6D64}.Debug|x64.Build.0 = Debug|x64
		{1F0643FB-A9B1-4F4C-8814-CF0BBDAC6D64}.PthreadsDebug|Win32.ActiveCfg = Debug|Win32
		{1F0643FB-A9B1-4F4C-8814-CF0BBDAC6D64}.PthreadsDebug|Win32.Build.0 = Debug|Win32
		{1F0643FB-A9B1-4F4C-8814-CF0BBDAC6D64}.PthreadsDebug|x64.ActiveCfg = Debug|x64
		{1F0643FB-A9B1-4F4C-8814-CF0BBDAC6D64}.PthreadsDebug|x64.Build.0 = Debug|x64
		{1F0643FB-A9B1-4F4C-8814-CF0BBDAC6D64}.Release|Win32.ActiveCfg = Release|Win32
		{1F0643FB-A9B1-4F4C-8814-CF0BBDAC6D64}.Release|Win32.Build.0 = Release|Win32
		{1F0643FB-A9B1-4F4C-8814-CF0BBDAC6D64}.Release|x64.ActiveCfg = Release|x64
		{1F0643FB-A9B1-4F4C-8814-CF0BBDAC6D64}.Release|x64.Build.0 = Release|x64
		{426DDCDB-2002-47C3-BA1A-EB2F2D64341F}.Debug|Win32.ActiveCfg = Debug|Win32
		{426DDCDB-2002-47C3-BA1A-EB2F2D64341F}.Debug|Win32.Build.0 = Debug|Win32
		{426DDCDB-2002-47C3-BA1A-EB2F2D64341F}.Debug|x64.ActiveCfg = Debug|x64
		{426DDCDB-2002-47C3-BA1A-EB2F2D64341F}.Debug|x64.Build.0 = Debug|x64
		{426DDCDB-2002-47C3-BA1A-EB2F2D64341F}.PthreadsDebug|Win32.ActiveCfg = Debug|Win32
		{426DDCDB-2002-47C3-BA1A-EB2F2D64341F}.PthreadsDebug|Win32.Build.0 = Debug|Win32
		{426DDCDB-2002-47C3-BA1A-EB2F2D64341F}.PthreadsDebug|x64.ActiveCfg = Debug|x64
		{426DDCDB-2002-47C3-BA1A-EB2F2D64341F}.PthreadsDebug|x64.Build.0 = Debug|x64
		{426DDCDB-2002-47C3-BA1A-EB2F2D64341F}.Release|Win32.ActiveCfg = Release|Win32
		{426DDCDB-2002-47C3-BA1A-EB2F2D64341F}.Release|Win32.Build.0 = Release|Win32
		{426DDCDB-2002-47C3-BA1A-EB2F2D64341F}.Release|x64.ActiveCfg = Release|x64
		{426DDCDB-2002-47C3-BA1A-EB2F2D64341F}.Release|x64.Build.0 = Release|x64
		{7D877FB6-E55B-4D4A-B4F4-182D0518AD22}.Debug|Win32.ActiveCfg = Debug|Win32
		{7D877FB6-E55B-4D4A-B4F4-182D0518AD22}.Debug|Win32.Build.0 = Debug|Win32
		{7D877FB6-E55B-4D4A-B4F4-182D0518AD22}.Debug|x64.ActiveCfg = Debug|x64
		{7D877FB6-E55B-4D4A-B4F4-182D0518AD22}.Debug|x64.Build.0 = Debug|x64
		{7D877FB6-E55B-4D4A-B4F4-182D0518AD22}.PthreadsDebug|Win32.ActiveCfg = Debug|Win32
		{7D877FB6-E55B-4D4A-B4F4-182D0518AD22}.PthreadsDebug|Win32.Build.0 = Debug|Win32
		{7D877FB6-E55B-4D4A-B4F4-182D0518AD22}.PthreadsDebug|x64.ActiveCfg = Debug|x64
		{7D877FB6-E55B-4D4A-B4F4-182D0518AD22}.PthreadsDebug|x64.Build.0 = Debug|x64
		{7D877FB6-E55B-4D4A-B4F4-182D0518AD22}.Release|Win32.ActiveCfg = Release|Win32
		{7D877FB6-E55B-4D4A-B4F4-182D0518AD22}.Release|Win32.Build.0 = Release|Win32
		{7D877FB6-E55B-4D4A-B4F4-182D0518AD22}.Release|x64.ActiveCfg = Release|x64
		{7D877FB6-E55B-4D4A-B4F4-182D0518AD22}.Release|x64.Build.0 = Release|x64
		{9C025324-30A0-473D-AF72-D31328E92640}.Debug|Win32.ActiveCfg = Debug|Win32
		{9C025324-30A0-473D-AF72-D31328E92640}.Debug|Win32.Build.0 = Debug|Win32
		{9C025324-30A0-473D-AF72-D31328E92640}.Debug|x64.ActiveCfg = Debug|x64
		{9C025324-30A0-473D-AF72-D31328E92640}.Debug|x64.Build.0 = Debug|x64
		{9C025324-30A0-473D-AF72-D31328E92640}.PthreadsDebug|Win32.ActiveCfg = Debug|Win32
		{9C025324-30A0-473D-AF72-D31328E92640}.PthreadsDebug|Win32.Build.0 = Debug|Win32
		{9C025324-30A0-473D-AF72-D31328E92640}.PthreadsDebug|x64.ActiveCfg = Debug|x64
		{9C025324-30A0-473D-AF72-D31328E92640}.PthreadsDebug|x64.Build.0 = Debug|x64
		{9C025324-30A0-473D-AF72-D31328E92640}.Release|Win32.ActiveCfg = Release|Win32
		{9C025324-30A0-473D-AF72-D31328E92640}.Release|Win32.Build.0 = Release|Win32
		{9C025324-30A0-473D-AF72-D31328E92640}.Release|x64.ActiveCfg = Release|x64
		{9C025324-30A0-473D-AF72-D31328E92640}.Release|x64.Build.0 = Release|x64
		{05ACB347-7DCC-43B6-A013-DFB1A3096D48}.Debug|Win32.ActiveCfg = Debug|Win32
		{05ACB347-7DCC-43B6-A013-DFB1A3096D48}.Debug|Win32.Build.0 = Debug|Win32
		{05ACB347-7DCC-43B6-A013-DFB1A3096D48}.Debug|x64.ActiveCfg = Debug|x64
		{05ACB347-7DCC-43B6-A013-DFB1A3096D48}.Debug|x64.Build.0 = Debug|x64
		{05ACB347-7DCC-43B6-A013-DFB1A3096D48}.PthreadsDebug|Win32.ActiveCfg = Debug|Win32
		{05ACB347-7DCC-43B6-A013-DFB1A3096D48}.PthreadsDebug|Win32.Build.0 = Debug|Win32
		{05ACB347-7DCC-43B6-A013-DFB1A3096D48}.PthreadsDebug|x64.ActiveCfg = Debug|x64
		{05ACB347-7DCC-43B6-A013-DFB1A3096D48}.PthreadsDebug|x64.Build.0 = Debug|x64
		{05ACB347-7DCC-43B6-A013-DFB1A3096D48}.Release|Win32.ActiveCfg = Release|Win32
		{05ACB347-7DCC-43B6-A013-DFB1A3096D48}.Release|Win32.Build.0 = Release|Win32
		{05ACB347-7DCC-43B6-A013-DFB1A3096D48}.Release|x64.ActiveCfg = Release|x64
		{05ACB347-7DCC-43B6-A013-DFB1A3096D48}.Release|x64.Build.0 = Release|x64
		{02EED676-53D0-4312-980B-043958ADECCF}.Debug|Win32.ActiveCfg = Debug|Win32
		{02EED676-53D0-4312-980B-043958ADECCF}.Debug|Win32.Build.0 = Debug|Win32
		{02EED676-53D0-4312-980B-043958ADECCF}.Debug|x64.ActiveCfg = Debug|x64
		{02EED676-53D0-4312-980B-043958ADECCF}.Debug|x64.Build.0 = Debug|x64
		{02EED676-53D0-4312-980B-043958ADECCF}.PthreadsDebug|Win32.ActiveCfg = Debug|Win32
		{02EED676-53D0-4312-980B-043958ADECCF}.PthreadsDebug|Win32.Build.0 = Debug|Win32
		{02EED676-53D0-4312-980B-043958ADECCF}.PthreadsDebug|x64.ActiveCfg = Debug|x64
		{02EED676-53D0-4312-980B-043958ADECCF}.PthreadsDebug|x64.Build.0 = Debug|x64
		{02EED676-53D0-4312-980B-043958ADECCF}.Release|Win32.ActiveCfg = Release|Win32
		{02EED676-53D0-4312-980B-043958ADECCF}.Release|Win32.Build.0 = Release|Win32
		{02EED676-53D0-4312-980B-043958ADECCF}.Release|x64.ActiveCfg = Release|x64
		{02EED676-53D0-4312-980B-043958ADECCF}.Release|x64.Build.0 = Release|x64
		{2B74B537-DC2F-4D54-9E35-C5EA867E9F8B}.Debug|Win32.ActiveCfg = Debug|Win32
		{2B74B537-DC2F-4D54-9E35-C5EA867E9F8B}.Debug|Win32.Build.0 = Debug|Win32
		{2B74B537-DC2F-4D54-9E35-C5EA867E9F8B}.Debug|x64.ActiveCfg = Debug|x64
		{2B74B537-DC2F-4D54-9E35-C5EA867E9F8B}.Debug|x64.Build.0 = Debug|x64
		{2B74B537-DC2F-4D54-9E35-C5EA867E9F8B}.PthreadsDebug|Win32.ActiveCfg = Debug|Win32
		{2B74B537-DC2F-4D54-9E35-C5EA867E9F8B}.PthreadsDebug|Win32.Build.0 = Debug|Win32
		{2B74B537-DC2F-4D54-9E35-C5EA867E9F8B}.PthreadsDebug|x64.ActiveCfg = Debug|x64
		{2B74B537-DC2F-4D54-9E35-C5EA867E9F8B}.PthreadsDebug|x64.Build.0 = Debug|x64
		{2B74B537-DC2F-4D54-9E35-C5EA867E9F8B}.Release|Win32.ActiveCfg = Release|Win32
		{2B74B537-DC2F-4D54-9E35-C5EA867E9F8B}.Release|Win32.Build.0 = Release|Win32
		{2B74B537-DC2F-4D54-9E35-C5EA867E9F8B}.Release|x64.ActiveCfg = Release|x64
		{2B74B537-DC2F-4D54-9E35-C5EA867E9F8B}.Release|x64.Build.0 = Release|x64
		{5C7FC690-8413-4A9E-86A5-ECC8350CC241}.Debug|Win32.ActiveCfg = Debug|Win32
		{5C7FC690-8413-4A9E-86A5-ECC8350CC241}.Debug|Win32.Build.0 = Debug|Win32
		{5C7FC690-8413-4A9E-86A5-ECC8350CC241}.Debug|x64.ActiveCfg = Debug|x64
		{5C7FC690-8413-4A9E-86A5-ECC8350CC241}.Debug|x64.Build.0 = Debug|x64
		{5C7FC690-8413-4A9E-86A5-ECC8350CC241}.PthreadsDebug|Win32.ActiveCfg = Debug|Win32
		{5C7FC690-8413-4A9E-86A5-ECC8350CC241}.PthreadsDebug|Win32.Build.0 = Debug|Win32
		{5C7FC690-8413-4A9E-86A5-ECC8350CC241}.PthreadsDebug|x64.ActiveCfg = Debug|x64
		{5C7FC690-8413-4A9E-86A5-ECC8350CC241}.PthreadsDebug|x64.Build.0 = Debug|x64
		{5C7FC690-8413-4A9E-86A5-ECC8350CC241}.Release|Win32.ActiveCfg = Release|Win32
		{5C7FC690-8413-4A9E-86A5-ECC8350CC241}.Release|Win32.Build.0 = Release|Win32
		{5C7FC690-8413-4A9E-86A5-ECC8350CC241}.Release|x64.ActiveCfg = Release|x64
		{5C7FC690-8413-4A9E-86A5-ECC8350CC241}.Release|x64.Build.0 = Release|x64
		{D739C8EC-17D7-4285-9A75-7FA123700A7E}.Debug|Win32.ActiveCfg = Debug|Win32
		{D739C8EC-17D7-4285-9A75-7FA123700A7E}.Debug|Win32.Build.0 = Debug|Win32
		{D739C8EC-17D7-4285-9A75-7FA123700A7E}.Debug|x64.ActiveCfg = Debug|x64
		{D739C8EC-17D7-4285-9A75-7FA123700A7E}.Debug|x64.Build.0 = Debug|x64
		{D739C8EC-17D7-4285-9A75-7FA123700A7E}.PthreadsDebug|Win32.ActiveCfg = Debug|Win32
		{D739C8EC-17D7-4285-9A75-7FA123700A7E}.PthreadsDebug|Win32.Build.0 = Debug|Win32
		{D739C8EC-17D7-4285-9A75-7FA123700A7E}.PthreadsDebug|x64.ActiveCfg = Debug|x64
		{D739C8EC-17D7-4285-9A75-7FA123700A7E}.PthreadsDebug|x64.Build.0 = Debug|x64
		{D739C8EC-17D7-4285-9A75-7FA123700A7E}.Release|Win32.ActiveCfg = Release|Win32
		{D739C8EC-17D7-4285-9A75-7FA123700A7E}.Release|Win32.Build.0 = Release|Win32
		{D739C8EC-17D7-4285-9A75-7FA123700A7E}.Release|x64.ActiveCfg = Release|x64
		{D739C8EC-17D7-4285-9A75-7FA123700A7E}.Release|x64.Build.0 = Release|x64
		{C8EF04F1-7000-435F-83D7-3EDFF8AA53FF}.Debug|Win32.ActiveCfg = Debug|Win32
		{C8EF04F1-7000-435F-83D7-3EDFF8AA53FF}.Debug|Win32.Build.0 = Debug|Win32
		{C8EF04F1-7000-435F-83D7-3EDFF8AA53FF}.Debug|x64.ActiveCfg = Debug|x64
		{C8EF04F1-7000-435F-83D7-3EDFF8AA53FF}.Debug|x64.Build.0 = Debug|x64
		{C8EF04F1-7000-435F-83D7-3EDFF8AA53FF}.PthreadsDebug|Win32.ActiveCfg = Debug|Win32
		{C8EF04F1-7000-435F-83D7-3EDFF8AA53FF}.PthreadsDebug|Win32.Build.0 = Debug|Win32
		{C8EF04F1-7000-435F-83D7-3EDFF8AA53FF}.PthreadsDebug|x64.ActiveCfg = Debug|x64
		{C8EF04F1-7000-435F-83D7-3EDFF8AA53FF}.PthreadsDebug|x64.Build.0 = Debug|x64
		{C8EF04F1-7000-435F-83D7-3EDFF8AA53FF}.Release|Win32.ActiveCfg = Release|Win32
		{C8EF04F1-7000-435F-83D7-3EDFF8AA53FF}.Release|Win32.Build.0 = Release|Win32
		{C8EF04F1-7000-435F-83D7-3EDFF8AA53FF}.Release|x64.ActiveCfg = Release|x64
		{C8EF04F1-7000-435F-83D7-3EDFF8AA53FF}.Release|x64.Build.0 = Release|x64
		{334E5AF0-E78B-4AFA-8FF1-D0EE7E5B9930}.Debug|Win32.ActiveCfg = Debug|Win32
		{334E5AF0-E78B-4AFA-8FF1-D0EE7E5B9930}.Debug|Win32.Build.0 = Debug|Win32
		{334E5AF0-E78B-4AFA-8FF1-D0EE7E5B9930}.Debug|x64.ActiveCfg = Debug|x64
		{334E5AF0-E78B-4AFA-8FF1-D0EE7E5B9930}.Debug|x64.Build.0 = Debug|x64
		{334E5AF0-E78B-4AFA-8FF1-D0EE7E5B9930}.PthreadsDebug|Win32.ActiveCfg = Debug|Win32
		{334E5AF0-E78B-4AFA-8FF1-D0EE7E5B9930}.PthreadsDebug|Win32.Build.0 = Debug|Win32
		{334E5AF0-E78B-4AFA-8FF1-D0EE7E5B9930}.PthreadsDebug|x64.ActiveCfg = Debug|x64
		{334E5AF0-E78B-4AFA-8FF1-D0EE7E5B9930}.PthreadsDebug|x64.Build.0 = Debug|x64
		{334E5AF0-E78B-4AFA-8FF1-D0EE7E5B9930}.Release|Win32.ActiveCfg = Release|Win32
		{334E5AF0-E78B-4AFA-8FF1-D0EE7E5B9930}.Release|Win32.Build.0 = Release|Win32
		{334E5AF0-E78B-4AFA-8FF1-D0EE7E5B9930}.Release|x64.ActiveCfg = Release|x64
		{334E5AF0-E78B-4AFA-8FF1-D0EE7E5B9930}.Release|x64.Build.0 = Release|x64
		{84329EE1-11B8-4B0C-A98C-3A326C4025EC}.Debug|Win32.ActiveCfg = Debug|Win32
		{84329EE1-11B8-4B0C-A98C-3A326C4025EC}.Debug|Win32.Build.0 = Debug|Win32
		{84329EE1-11B8-4B0C-A98C-3A326C4025EC}.Debug|x64.ActiveCfg = Debug|x64
		{84329EE1-11B8-4B0C-A98C-3A326C4025EC}.Debug|x64.Build.0 = Debug|x64
		{84329EE1-11B8-4B0C-A98C-3A326C4025EC}.PthreadsDebug|Win32.ActiveCfg = Debug|Win32
		{84329EE1-11B8-4B0C-A98C-3A326C4025EC}.PthreadsDebug|Win32.Build.0 = Debug|Win32
		{84329EE1-11B8-4B0C-A98C-3A326C4025EC}.PthreadsDebug|x64.ActiveCfg = Debug|x64
		{84329EE1-11B8-4B0C-A98C-3A326C4025EC}.PthreadsDebug|x64.Build.0 = Debug|x64
		{84329EE1-11B8-4B0C-A98C-3A326C4025EC}.Release|Win32.ActiveCfg = Release|Win32
		{84329EE1-11B8-4B0C-A98C-3A326C4025EC}.Release|Win32.Build.0 = Release|Win32
		{84329EE1-11B8-4B0C-A98C-3A326C4025EC}.Release|x64.ActiveCfg = Release|x64
		{84329EE1-11B8-4B0C-A98C-3A326C4025EC}.Release|x64.Build.0 = Release|x64
		{E35CB630-1B30-41A8-AB84-3B606A9AFD74}.Debug|Win32.ActiveCfg = Debug|Win32
		{E35CB630-1B30-41A8-AB84-3B606A9AFD74}.Debug|Win32.Build.0 = Debug|Win32
		{E35CB630-1B30-41A8-AB84-3B606A9AFD74}.Debug|x64.ActiveCfg = Debug|x64
		{E35CB630-1B30-41A8-AB84-3B606A9AFD74}.Debug|x64.Build.0 = Debug|x64
		{E35CB630-1B30-41A8-AB84-3B606A9AFD74}.PthreadsDebug|Win32.ActiveCfg = Debug|Win32
		{E35CB630-1B30-41A8-AB84-3B606A9AFD74}.PthreadsDebug|Win32.Build.0 = Debug|Win32
		{E35CB630-1B30-41A8-AB84-3B606A9AFD74}.PthreadsDebug|x64.ActiveCfg = Debug|x64
		{E35CB630-1B30-41A8-AB84-3B606A9AFD74}.PthreadsDebug|x64.Build.0 = Debug|x64
		{E35CB630-1B30-41A8-AB84-3B606A9AFD74}.Release|Win32.ActiveCfg = Release|Win32
		{E35CB630-1B30-41A8-AB84-3B606A9AFD74}.Release|Win32.Build.0 = Release|Win32
		{E35CB630-1B30-41A8-AB84-3B606A9AFD74}.Release|x64.ActiveCfg = Release|x64
		{E35CB630-1B30-41A8-AB84-3B606A9AFD74}.Release|x64.Build.0 = Release|x64
		{EE7A6196-4BB8-4EB5-BE56-A1547253095E}.Debug|Win32.ActiveCfg = Debug|Win32
		{EE7A6196-4BB8-4EB5-BE56-A1547253095E}.Debug|Win32.Build.0 = Debug|Win32
		{EE7A6196-4BB8-4EB5-BE56-A1547253095E}.Debug|x64.ActiveCfg = Debug|x64
		{EE7A6196-4BB8-4EB5-BE56-A1547253095E}.Debug|x64.Build.0 = Debug|x64
		{EE7A6196-4BB8-4EB5-BE56-A1547253095E}.PthreadsDebug|Win32.ActiveCfg = Debug|Win32
		{EE7A6196-4BB8-4EB5-BE56-A1547253095E}.PthreadsDebug|Win32.Build.0 = Debug|Win32
		{EE7A6196-4BB8-4EB5-BE56-A1547253095E}.PthreadsDebug|x64.ActiveCfg = Debug|x64
		{EE7A6196-4BB8-4EB5-BE56-A1547253095E}.PthreadsDebug|x64.Build.0 = Debug|x64
		{EE7A6196-4BB8-4EB5-BE56-A1547253095E}.Release|Win32.ActiveCfg = Release|Win32
		{EE7A6196-4BB8-4EB5-BE56-A1547253095E}.Release|Win32.Build.0 = Release|Win32
		{EE7A6196-4BB8-4EB5-BE56-A1547253095E}.Release|x64.ActiveCfg = Release|x64
		{EE7A6196-4BB8-4EB5-BE56-A1547253095E}.Release|x64.Build.0 = Release|x64
		{867A825A-3C42-4124-871A-CE1EFD990430}.Debug|Win32.ActiveCfg = Debug|Win32
		{867A825A-3C42-4124-871A-CE1EFD990430}.Debug|Win32.Build.0 = Debug|Win32
		{867A825A-3C42-4124-871A-CE1EFD990430}.Debug|x64.ActiveCfg = Debug|x64
		{867A825A-3C42-4124-871A-CE1EFD990430}.Debug|x64.Build.0 = Debug|x64
		{867A825A-3C42-4124-871A-CE1EFD990430}.PthreadsDebug|Win32.ActiveCfg = Debug|Win32
		{867A825A-3C42-4124-871A-CE1EFD990430}.PthreadsDebug|Win32.Build.0 = Debug|Win32
		{867A825A-3C42-4124-871A-CE1EFD990430}.PthreadsDebug|x64.ActiveCfg = Debug|x64
		{867A825A-3C42-4124-871A-CE1EFD990430}.PthreadsDebug|x64.Build.0 = Debug|x64
		{867A825A-3C42-4124-871A-CE1EFD990430}.Release|Win32.ActiveCfg = Release|Win32
		{867A825A-3C42-4124-871A-CE1EFD990430}.Release|Win32.Build.0 = Release|Win32
		{867A825A-3C42-4124-871A-CE1EFD990430}.Release|x64.ActiveCfg = Release|x64
		{867A825A-3C42-4124-871A-CE1EFD990430}.Release|x64.Build.0 = Release|x64
		{22128392-D046-4199-B411-9597CD4005A4}.Debug|Win32.ActiveCfg = Debug|Win32
		{22128392-D046-4199-B411-9597CD4005A4}.Debug|Win32.Build.0 = Debug|Win32
		{22128392-D046-4199-B411-9597CD4005A4}.Debug|x64.ActiveCfg = Debug|x64
		{22128392-D046-4199-B411-9597CD4005A4}.Debug|x64.Build.0 = Debug|x64
		{22128392-D046-4199-B411-9597CD4005A4}.PthreadsDebug|Win32.ActiveCfg = Debug|Win32
		{22128392-D046-4199-B411-9597CD4005A4}.PthreadsDebug|Win32.Build.0 = Debug|Win32
		{22128392-D046-4199-B411-9597CD4005A4}.PthreadsDebug|x64.ActiveCfg = Debug|x64
		{22128392-D046-4199-B411-9597CD4005A4}.PthreadsDebug|x64.Build.0 = Debug|x64
		{22128392-D046-4199-B411-9597CD4005A4}.Release|Win32.ActiveCfg = Release|Win32
		{22128392-D046-4199-B411-9597CD4005A4}.Release|Win32.Build.0 = Release|Win32
		{22128392-D046-4199-B411-9597CD4005A4}.Release|x64.ActiveCfg = Release|x64
		{22128392-D046-4199-B411-9597CD4005A4}.Release|x64.Build.0 = Release|x64
		{D208939F-E659-409C-BA25-CCD9C9D313E7}.Debug|Win32.ActiveCfg = Debug|Win32
		{D208939F-E659-409C-BA25-CCD9C9D313E7}.Debug|Win32.Build.0 = Debug|Win32
		{D208939F-E659-409C-BA25-CCD9C9D313E7}.Debug|x64.ActiveCfg = Debug|x64
		{D208939F-E659-409C-BA25-CCD9C9D313E7}.Debug|x64.Build.0 = Debug|x64
		{D208939F-E659-409C-BA25-CCD9C9D313E7}.PthreadsDebug|Win32.ActiveCfg = Debug|Win32
		{D208939F-E659-409C-BA25-CCD9C9D313E7}.PthreadsDebug|Win32.Build.0 = Debug|Win32
		{D208939F-E659-409C-BA25-CCD9C9D313E7}.PthreadsDebug|x64.ActiveCfg = Debug|x64
		{D208939F-E659-409C-BA25-CCD9C9D313E7}.PthreadsDebug|x64.Build.0 = Debug|x64
		{D208939F-E659-409C-BA25-CCD9C9D313E7}.Release|Win32.ActiveCfg = Release|Win32
		{D208939F-E659-409C-BA25-CCD9C9D313E7}.Release|Win32.Build.0 = Release|Win32
		{D208939F-E659-409C-BA25-CCD9C9D313E7}.Release|x64.ActiveCfg = Release|x64
		{D208939F-E659-409C-BA25-CCD9C9D313E7}.Release|x64.Build.0 = Release|x64
		{A0F1280D-31AA-4CE5-AE7E-D4088FFA5C6A}.Debug|Win32.ActiveCfg = Debug|Win32
		{A0F1280D-31AA-4CE5-AE7E-D4088FFA5C6A}.Debug|Win32.Build.0 = Debug|Win32
		{A0F1280D-31AA-4CE5-AE7E-D4088FFA5C6A}.Debug|x64.ActiveCfg = Debug|x64
		{A0F1280D-31AA-4CE5-AE7E-D4088FFA5C6A}.Debug|x64.Build.0 = Debug|x64
		{A0F1280D-31AA-4CE5-AE7E-D4088FFA5C6A}.PthreadsDebug|Win32.ActiveCfg = Debug|Win32
		{A0F1280D-31AA-4CE5-AE7E-D4088FFA5C6A}.PthreadsDebug|Win32.Build.0 = Debug|Win32
		{A0F1280D-31AA-4CE5-AE7E-D4088FFA5C6A}.PthreadsDebug|x64.ActiveCfg = Debug|x64
		{A0F1280D-31AA-4CE5-AE7E-D4088FFA5C6A}.PthreadsDebug|x64.Build.0 = Debug|x64
		{A0F1280D-31AA-4CE5-AE7E-D4088FFA5C6A}.Release|Win32.ActiveCfg = Release|Win32
		{A0F1280D-31AA-4CE5-AE7E-D4088FFA5C6A}.Release|Win32.Build.0 = Release|Win32
		{A0F1280D-31AA-4CE5-AE7E-D4088FFA5C6A}.Release|x64.ActiveCfg = Release|x64
		{A0F1280D-31AA-4CE5-AE7E-D4088FFA5C6A}.Release|x64.Build.0 = Release|x64
		{898792B8-54FF-4E8B-A77C-D32D44927DF1}.Debug|Win32.ActiveCfg = Debug|Win32
		{898792B8-54FF-4E8B-A77C-D32D44927DF1}.Debug|Win32.Build.0 = Debug|Win32
		{898792B8-54FF-4E8B-A77C-D32D44927DF1}.Debug|x64.ActiveCfg = Debug|x64
		{898792B8-54FF-4E8B-A77C-D32D44927DF1}.Debug|x64.Build.0 = Debug|x64
		{898792B8-54FF-4E8B-A77C-D32D44927DF1}.PthreadsDebug|Win32.ActiveCfg = Debug|Win32
		{898792B8-54FF-4E8B-A77C-D32D44927DF1}.PthreadsDebug|Win32.Build.0 = Debug|Win32
		{898792B8-54FF-4E8B-A77C-D32D44927DF1}.PthreadsDebug|x64.ActiveCfg = Debug|x64
		{898792B8-54FF-4E8B-A77C-D32D44927DF1}.PthreadsDebug|x64.Build.0 = Debug|x64
		{898792B8-54FF-4E8B-A77C-D32D44927DF1}.Release|Win32.ActiveCfg = Release|Win32
		{898792B8-54FF-4E8B-A77C-D32D44927DF1}.Release|Win32.Build.0 = Release|Win32
		{898792B8-54FF-4E8B-A77C-D32D44927DF1}.Release|x64.ActiveCfg = Release|x64
		{898792B8-54FF-4E8B-A77C-D32D44927DF1}.Release|x64.Build.0 = Release|x64
		{5BE40E4D-9470-4B28-A98C-05D0DA6A6848}.Debug|Win32.ActiveCfg = Debug|Win32
		{5BE40E4D-9470-4B28-A98C-05D0DA6A6848}.Debug|Win32.Build.0 = Debug|Win32
		{5BE40E4D-9470-4B28-A98C-05D0DA6A6848}.Debug|x64.ActiveCfg = Debug|x64
		{5BE40E4D-9470-4B28-A98C-05D0DA6A6848}.Debug|x64.Build.0 = Debug|x64
		{5BE40E4D-9470-4B28-A98C-05D0DA6A6848}.PthreadsDebug|Win32.ActiveCfg = Debug|Win32
		{5BE40E4D-9470-4B28-A98C-05D0DA6A6848}.PthreadsDebug|Win32.Build.0 = Debug|Win32
		{5BE40E4D-9470-4B28-A98C-05D0DA6A6848}.PthreadsDebug|x64.ActiveCfg = Debug|x64
		{5BE40E4D-9470-4B28-A98C-05D0DA6A6848}.PthreadsDebug|x64.Build.0 = Debug|x64
		{5BE40E4D-9470-4B28-A98C-05D0DA6A6848}.Release|Win32.ActiveCfg = Release|Win32
		{5BE40E4D-9470-4B28-A98C-05D0DA6A6848}.Release|Win32.Build.0 = Release|Win32
		{5BE40E4D-9470-4B28-A98C-05D0DA6A6848}.Release|x64.ActiveCfg = Release|x64
		{5BE40E4D-9470-4B28-A98C-05D0DA6A6848}.Release|x64.Build.0 = Release|x64
		{84ABE8E1-6E2C-4D89-8E3C-15CF71761FFE}.Debug|Win32.ActiveCfg = Debug|Win32
		{84ABE8E1-6E2C-4D89-8E3C-15CF71761FFE}.Debug|Win32.Build.0 = Debug|Win32
		{84ABE8E1-6E2C-4D89-8E3C-15CF71761FFE}.Debug|x64.ActiveCfg = Debug|x64
		{84ABE8E1-6E2C-4D89-8E3C-15CF71761FFE}.Debug|x64.Build.0 = Debug|x64
		{84ABE8E1-6E2C-4D89-8E3C-15CF71761FFE}.PthreadsDebug|Win32.ActiveCfg = Debug|Win32
		{84ABE8E1-6E2C-4D89-8E3C-15CF71761FFE}.PthreadsDebug|Win32.Build.0 = Debug|Win32
		{84ABE8E1-6E2C-4D89-8E3C-15CF71761FFE}.PthreadsDebug|x64.ActiveCfg = Debug|x64
		{84ABE8E1-6E2C-4D89-8E3C-15CF71761FFE}.PthreadsDebug|x64.Build.0 = Debug|x64
		{84ABE8E1-6E2C-4D89-8E3C-15CF71761FFE}.Release|Win32.ActiveCfg = Release|Win32
		{84ABE8E1-6E2C-4D89-8E3C-15CF71761FFE}.Release|Win32.Build.0 = Release|Win32
		{84ABE8E1-6E2C-4D89-8E3C-15CF71761FFE}.Release|x64.ActiveCfg = Release|x64
		{84ABE8E1-6E2C-4D89-8E3C-15CF71761FFE}.Release|x64.Build.0 = Release|x64
		{1FCBCDE5-9FAC-4595-A6CE-D790C1593A60}.Debug|Win32.ActiveCfg = Debug|Win32
		{1FCBCDE5-9FAC-4595-A6CE-D790C1593A60}.Debug|Win32.Build.0 = Debug|Win32
		{1FCBCDE5-9FAC-4595-A6CE-D790C1593A60}.Debug|x64.ActiveCfg = Debug|x64
		{1FCBCDE5-9FAC-4595-A6CE-D790C1593A60}.Debug|x64.Build.0 = Debug|x64
		{1FCBCDE5-9FAC-4595-A6CE-D790C1593A60}.PthreadsDebug|Win32.ActiveCfg = Debug|Win32
		{1FCBCDE5-9FAC-4595-A6CE-D790C1593A60}.PthreadsDebug|Win32.Build.0 = Debug|Win32
		{1FCBCDE5-9FAC-4595-A6CE-D790C1593A60}.PthreadsDebug|x64.ActiveCfg = Debug|x64
		{1FCBCDE5-9FAC-4595-A6CE-D790C1593A60}.PthreadsDebug|x64.Build.0 = Debug|x64
		{1FCBCDE5-9FAC-4595-A6CE-D790C1593A60}.Release|Win32.ActiveCfg = Release|Win32
		{1FCBCDE5-9FAC-4595-A6CE-D790C1593A60}.Release|Win32.Build.0 = Release|Win32
		{1FCBCDE5-9FAC-4595-A6CE-D790C1593A60}.Release|x64.ActiveCfg = Release|x64
		{1FCBCDE5-9FAC-4595-A6CE-D790C1593A60}.Release|x64.Build.0 = Release|x64
		{CD78D5D6-E29C-4063-8284-86689A89C367}.Debug|Win32.ActiveCfg = Debug|Win32
		{CD78D5D6-E29C-4063-8284-86689A89C367}.Debug|Win32.Build.0 = Debug|Win32
		{CD78D5D6-E29C-4063-8284-86689A89C367}.Debug|x64.ActiveCfg = Debug|x64
		{CD78D5D6-E29C-4063-8284-86689A89C367}.Debug|x64.Build.0 = Debug|x64
		{CD78D5D6-E29C-4063-8284-86689A89C367}.PthreadsDebug|Win32.ActiveCfg = Debug|Win32
		{CD78D5D6-E29C-4063-8284-86689A89C367}.PthreadsDebug|Win32.Build.0 = Debug|Win32
		{CD78D5D6-E29C-4063-8284-86689A89C367}.PthreadsDebug|x64.ActiveCfg = Debug|x64
		{CD78D5D6-E29C-4063-8284-86689A89C367}.PthreadsDebug|x64.Build.0 = Debug|x64
		{CD78D5D6-E29C-4063-8284-86689A89C367}.Release|Win32.ActiveCfg = Release|Win32
		{CD78D5D6-E29C-4063-8284-86689A89C367}.Release|Win32.Build.0 = Release|Win32
		{CD78D5D6-E29C-4063-8284-86689A89C367}.Release|x64.ActiveCfg = Release|x64
		{CD78D5D6-E29C-4063-8284-86689A89C367}.Release|x64.Build.0 = Release|x64
		{A17F1AA9-94FF-4590-BAEE-4D8C1B74AC65}.Debug|Win32.ActiveCfg = Debug|Win32
		{A17F1AA9-94FF-4590-BAEE-4D8C1B74AC65}.Debug|Win32.Build.0 = Debug|Win32
		{A17F1AA9-94FF-4590-BAEE-4D8C1B74AC65}.Debug|x64.ActiveCfg = Debug|x64
		{A17F1AA9-94FF-4590-BAEE-4D8C1B74AC65}.Debug|x64.Build.0 = Debug|x64
		{A17F1AA9-94FF-4590-BAEE-4D8C1B74AC65}.PthreadsDebug|Win32.ActiveCfg = Debug|Win32
		{A17F1AA9-94FF-4590-BAEE-4D8C1B74AC65}.PthreadsDebug|Win32.Build.0 = Debug|Win32
		{A17F1AA9-94FF-4590-BAEE-4D8C1B74AC65}.PthreadsDebug|x64.ActiveCfg = Debug|x64
		{A17F1AA9-94FF-4590-BAEE-4D8C1B74AC65}.PthreadsDebug|x64.Build.0 = Debug|x64
		{A17F1AA9-94FF-4590-BAEE-4D8C1B74AC65}.Release|Win32.ActiveCfg = Release|Win32
		{A17F1AA9-94FF-4590-BAEE-4D8C1B74AC65}.Release|Win32.Build.0 = Release|Win32
		{A17F1AA9-94FF-4590-BAEE-4D8C1B74AC65}.Release|x64.ActiveCfg = Release|x64
		{A17F1AA9-94FF-4590-BAEE-4D8C1B74AC65}.Release|x64.Build.0 = Release|x64
		{4D3DE31B-CFD9-46C8-A646-41B8F634A7A1}.Debug|Win32.ActiveCfg = Debug|Win32
		{4D3DE31B-CFD9-46C8-A646-41B8F634A7A1}.Debug|Win32.Build.0 = Debug|Win32
		{4D3DE31B-CFD9-46C8-A646-41B8F634A7A1}.Debug|x64.ActiveCfg = Debug|x64
		{4D3DE31B-CFD9-46C8-A646-41B8F634A7A1}.Debug|x64.Build.0 = Debug|x64
		{4D3DE31B-CFD9-46C8-A646-41B8F634A7A1}.PthreadsDebug|Win32.ActiveCfg = Debug|Win32
		{4D3DE31B-CFD9-46C8-A646-41B8F634A7A1}.PthreadsDebug|Win32.Build.0 = Debug|Win32
		{4D3DE31B-CFD9-46C8-A646-41B8F634A7A1}.PthreadsDebug|x64.ActiveCfg = Debug|x64
		{4D3DE31B-CFD9-46C8-A646-41B8F634A7A1}.PthreadsDebug|x64.Build.0 = Debug|x64
		{4D3DE31B-CFD9-46C8-A646-41B8F634A7A1}.Release|Win32.ActiveCfg = Release|Win32
		{4D3DE31B-CFD9-46C8-A646-41B8F634A7A1}.Release|Win32.Build.0 = Release|Win32
		{4D3DE31B-CFD9-46C8-A646-41B8F634A7A1}.Release|x64.ActiveCfg = Release|x64
		{4D3DE31B-CFD9-46C8-A646-41B8F634A7A1}.Release|x64.Build.0 = Release|x64
		{4EF264F5-21CE-4D7F-8C36-CD8A8468496C}.Debug|Win32.ActiveCfg = Debug|Win32
		{4EF264F5-21CE-4D7F-8C36-CD8A8468496C}.Debug|Win32.Build.0 = Debug|Win32
		{4EF264F5-21CE-4D7F-8C36-CD8A8468496C}.Debug|x64.ActiveCfg = Debug|x64
		{4EF264F5-21CE-4D7F-8C36-CD8A8468496C}.Debug|x64.Build.0 = Debug|x64
		{4EF264F5-21CE-4D7F-8C36-CD8A8468496C}.PthreadsDebug|Win32.ActiveCfg = Debug|Win32
		{4EF264F5-21CE-4D7F-8C36-CD8A8468496C}.PthreadsDebug|Win32.Build.0 = Debug|Win32
		{4EF264F5-21CE-4D7F-8C36-CD8A8468496C}.PthreadsDebug|x64.ActiveCfg = Debug|x64
		{4EF264F5-21CE-4D7F-8C36-CD8A8468496C}.PthreadsDebug|x64.Build.0 = Debug|x64
		{4EF264F5-21CE-4D7F-8C36-CD8A8468496C}.Release|Win32.ActiveCfg = Release|Win32
		{4EF264F5-21CE-4D7F-8C36-CD8A8468496C}.Release|Win32.Build.0 = Release|Win32
		{4EF264F5-21CE-4D7F-8C36-CD8A8468496C}.Release|x64.ActiveCfg = Release|x64
		{4EF264F5-21CE-4D7F-8C36-CD8A8468496C}.Release|x64.Build.0 = Release|x64
		{2473EC80-66E3-4671-8DD4-7C4AE9354EBC}.Debug|Win32.ActiveCfg = Debug|Win32
		{2473EC80-66E3-4671-8DD4-7C4AE9354EBC}.Debug|Win32.Build.0 = Debug|Win32
		{2473EC80-66E3-4671-8DD4-7C4AE9354EBC}.Debug|x64.ActiveCfg = Debug|x64
		{2473EC80-66E3-4671-8DD4-7C4AE9354EBC}.Debug|x64.Build.0 = Debug|x64
		{2473EC80-66E3-4671-8DD4-7C4AE9354EBC}.PthreadsDebug|Win32.ActiveCfg = Debug|Win32
		{2473EC80-66E3-4671-8DD4-7C4AE9354EBC}.PthreadsDebug|Win32.Build.0 = Debug|Win32
		{2473EC80-66E3-4671-8DD4-7C4AE9354EBC}.PthreadsDebug|x64.ActiveCfg = Debug|x64
		{2473EC80-66E3-4671-8DD4-7C4AE9354EBC}.PthreadsDebug|x64.Build.0 = Debug|x64
		{2473EC80-66E3-4671-8DD4-7C4AE9354EBC}.Release|Win32.ActiveCfg = Release|Win32
		{2473EC80-66E3-4671-8DD4-7C4AE9354EBC}.Release|Win32.Build.0 = Release|Win32
		{2473EC80-66E3-4671-8DD4-7C4AE9354EBC}.Release|x64.ActiveCfg = Release|x64
		{2473EC80-66E3-4671-8DD4-7C4AE9354EBC}.Release|x64.Build.0 = Release|x64
		{F2898952-ADCF-4C54-8FCD-809C3D66CD63}.Debug|Win32.ActiveCfg = Debug|Win32
		{F2898952-ADCF-4C54-8FCD-809C3D66CD63}.Debug|Win32.Build.0 = Debug|Win32
		{F2898952-ADCF-4C54-8FCD-809C3D66CD63}.Debug|x64.ActiveCfg = Debug|x64
		{F2898952-ADCF-4C54-8FCD-809C3D66CD63}.Debug|x64.Build.0 = Debug|x64
		{F2898952-ADCF-4C54-8FCD-809C3D66CD63}.PthreadsDebug|Win32.ActiveCfg = Debug|Win32
		{F2898952-ADCF-4C54-8FCD-809C3D66CD63}.PthreadsDebug|Win32.Build.0 = Debug|Win32
		{F2898952-ADCF-4C54-8FCD-809C3D66CD63}.PthreadsDebug|x64.ActiveCfg = Debug|x64
		{F2898952-ADCF-4C54-8FCD-809C3D66CD63}.PthreadsDebug|x64.Build.0 = Debug|x64
		{F2898952-ADCF-4C54-8FCD-809C3D66CD63}.Release|Win32.ActiveCfg = Release|Win32
		{F2898952-ADCF-4C54-8FCD-809C3D66CD63}.Release|Win32.Build.0 = Release|Win32
		{F2898952-ADCF-4C54-8FCD-809C3D66CD63}.Release|x64.ActiveCfg = Release|x64
		{F2898952-ADCF-4C54-8FCD-809C3D66CD63}.Release|x64.Build.0 = Release|x64
		{3289005F-AD7F-4843-A712-84860E018827}.Debug|Win32.ActiveCfg = Debug|Win32
		{3289005F-AD7F-4843-A712-84860E018827}.Debug|Win32.Build.0 = Debug|Win32
		{3289005F-AD7F-4843-A712-84860E018827}.Debug|x64.ActiveCfg = Debug|x64
		{3289005F-AD7F-4843-A712-84860E018827}.Debug|x64.Build.0 = Debug|x64
		{3289005F-AD7F-4843-A712-84860E018827}.PthreadsDebug|Win32.ActiveCfg = Debug|Win32
		{3289005F-AD7F-4843-A712-84860E018827}.PthreadsDebug|Win32.Build.0 = Debug|Win32
		{3289005F-AD7F-4843-A712-84860E018827}.PthreadsDebug|x64.ActiveCfg = Debug|x64
		{3289005F-AD7F-4843-A712-84860E018827}.PthreadsDebug|x64.Build.0 = Debug|x64
		{3289005F-AD7F-4843-A712-84860E018827}.Release|Win32.ActiveCfg = Release|Win32
		{3289005F-AD7F-4843-A712-84860E018827}.Release|Win32.Build.0 = Release|Win32
		{3289005F-AD7F-4843-A712-84860E018827}.Release|x64.ActiveCfg = Release|x64
		{3289005F-AD7F-4843-A712-84860E018827}.Release|x64.Build.0 = Release|x64
		{C99D66E9-BBDC-4464-8CC9-A78275FCF573}.Debug|Win32.ActiveCfg = Debug|Win32
		{C99D66E9-BBDC-4464-8CC9-A78275FCF573}.Debug|Win32.Build.0 = Debug|Win32
		{C99D66E9-BBDC-4464-8CC9-A78275FCF573}.Debug|x64.ActiveCfg = Debug|x64
		{C99D66E9-BBDC-4464-8CC9-A78275FCF573}.Debug|x64.Build.0 = Debug|x64
		{C99D66E9-BBDC-4464-8CC9-A78275FCF573}.PthreadsDebug|Win32.ActiveCfg = Debug|Win32
		{C99D66E9-BBDC-4464-8CC9-A78275FCF573}.PthreadsDebug|Win32.Build.0 = Debug|Win32
		{C99D66E9-BBDC-4464-8CC9-A78275FCF573}.PthreadsDebug|x64.ActiveCfg = Debug|x64
		{C99D66E9-BBDC-4464-8CC9-A78275FCF573}.PthreadsDebug|x64.Build.0 = Debug|x64
		{C99D66E9-BBDC-4464-8CC9-A78275FCF573}.Release|Win32.ActiveCfg = Release|Win32
		{C99D66E9-BBDC-4464-8CC9-A78275FCF573}.Release|Win32.Build.0 = Release|Win32
		{C99D66E9-BBDC-4464-8CC9-A78275FCF573}.Release|x64.ActiveCfg = Release|x64
		{C99D66E9-BBDC-4464-8CC9-A78275FCF573}.Release|x64.Build.0 = Release|x64
		{548C54B1-9217-463A-8C59-69BAA693A9AF}.Debug|Win32.ActiveCfg = Debug|Win32
		{548C54B1-9217-463A-8C59-69BAA693A9AF}.Debug|Win32.Build.0 = Debug|Win32
		{548C54B1-9217-463A-8C59-69BAA693A9AF}.Debug|x64.ActiveCfg = Debug|x64
		{548C54B1-9217-463A-8C59-69BAA693A9AF}.Debug|x64.Build.0 = Debug|x64
		{548C54B1-9217-463A-8C59-69BAA693A9AF}.PthreadsDebug|Win32.ActiveCfg = Debug|Win32
		{548C54B1-9217-463A-8C59-69BAA693A9AF}.PthreadsDebug|Win32.Build.0 = Debug|Win32
		{548C54B1-9217-463A-8C59-69BAA693A9AF}.PthreadsDebug|x64.ActiveCfg = Debug|x64
		{548C54B1-9217-463A-8C59-69BAA693A9AF}.PthreadsDebug|x64.Build.0 = Debug|x64
		{548C54B1-9217-463A-8C59-69BAA693A9AF}.Release|Win32.ActiveCfg = Release|Win32
		{548C54B1-9217-463A-8C59-69BAA693A9AF}.Release|Win32.Build.0 = Release|Win32
		{548C54B1-9217-463A-8C59-69BAA693A9AF}.Release|x64.ActiveCfg = Release|x64
		{548C54B1-9217-463A-8C59-69BAA693A9AF}.Release|x64.Build.0 = Release|x64
		{9A688530-9C5D-4AF1-90A1-13805A086846}.Debug|Win32.ActiveCfg = Debug|Win32
		{9A688530-9C5D-4AF1-90A1-13805A086846}.Debug|Win32.Build.0 = Debug|Win32
		{9A688530-9C5D-4AF1-90A1-13805A086846}.Debug|x64.ActiveCfg = Debug|x64
		{9A688530-9C5D-4AF1-90A1-13805A086846}.Debug|x64.Build.0 = Debug|x64
		{9A688530-9C5D-4AF1-90A1-13805A086846}.PthreadsDebug|Win32.ActiveCfg = Debug|Win32
		{9A688530-9C5D-4AF1-90A1-13805A086846}.PthreadsDebug|Win32.Build.0 = Debug|Win32
		{9A688530-9C5D-4AF1-90A1-13805A086846}.PthreadsDebug|x64.ActiveCfg = Debug|x64
		{9A688530-9C5D-4AF1-90A1-13805A086846}.PthreadsDebug|x64.Build.0 = Debug|x64
		{9A688530-9C5D-4AF1-90A1-13805A086846}.Release|Win32.ActiveCfg = Release|Win32
		{9A688530-9C5D-4AF1-90A1-13805A086846}.Release|Win32.Build.0 = Release|Win32
		{9A688530-9C5D-4AF1-90A1-13805A086846}.Release|x64.ActiveCfg = Release|x64
		{9A688530-9C5D-4AF1-90A1-13805A086846}.Release|x64.Build.0 = Release|x64
		{747FD0FA-54B3-42CC-89CF-2CDF120523D6}.Debug|Win32.ActiveCfg = Debug|Win32
		{747FD0FA-54B3-42CC-89CF-2CDF120523D6}.Debug|Win32.Build.0 = Debug|Win32
		{747FD0FA-54B3-42CC-89CF-2CDF120523D6}.Debug|x64.ActiveCfg = Debug|x64
		{747FD0FA-54B3-42CC-89CF-2CDF120523D6}.Debug|x64.Build.0 = Debug|x64
		{747FD0FA-54B3-42CC-89CF-2CDF120523D6}.PthreadsDebug|Win32.ActiveCfg = Debug|Win32
		{747FD0FA-54B3-42CC-89CF-2CDF120523D6}.PthreadsDebug|Win32.Build.0 = Debug|Win32
		{747FD0FA-54B3-42CC-89CF-2CDF120523D6}.PthreadsDebug|x64.ActiveCfg = Debug|x64
		{747FD0FA-54B3-42CC-89CF-2CDF120523D6}.PthreadsDebug|x64.Build.0 = Debug|x64
		{747FD0FA-54B3-42CC-89CF-2CDF120523D6}.Release|Win32.ActiveCfg = Release|Win32
		{747FD0FA-54B3-42CC-89CF-2CDF120523D6}.Release|Win32.Build.0 = Release|Win32
		{747FD0FA-54B3-42CC-89CF-2CDF120523D6}.Release|x64.ActiveCfg = Release|x64
		{747FD0FA-54B3-42CC-89CF-2CDF120523D6}.Release|x64.Build.0 = Release|x64
		{B2C29F8C-6AE8-435A-8F06-23EBC7B05FDE}.Debug|Win32.ActiveCfg = Debug|Win32
		{B2C29F8C-6AE8-435A-8F06-23EBC7B05FDE}.Debug|Win32.Build.0 = Debug|Win32
		{B2C29F8C-6AE8-435A-8F06-23EBC7B05FDE}.Debug|x64.ActiveCfg = Debug|x64
		{B2C29F8C-6AE8-435A-8F06-23EBC7B05FDE}.Debug|x64.Build.0 = Debug|x64
		{B2C29F8C-6AE8-435A-8F06-23EBC7B05FDE}.PthreadsDebug|Win32.ActiveCfg = Debug|Win32
		{B2C29F8C-6AE8-435A-8F06-23EBC7B05FDE}.PthreadsDebug|Win32.Build.0 = Debug|Win32
		{B2C29F8C-6AE8-435A-8F06-23EBC7B05FDE}.PthreadsDebug|x64.ActiveCfg = Debug|x64
		{B2C29F8C-6AE8-435A-8F06-23EBC7B05FDE}.PthreadsDebug|x64.Build.0 = Debug|x64
		{B2C29F8C-6AE8-435A-8F06-23EBC7B05FDE}.Release|Win32.ActiveCfg = Release|Win32
		{B2C29F8C-6AE8-435A-8F06-23EBC7B05FDE}.Release|Win32.Build.0 = Release|Win32
		{B2C29F8C-6AE8-435A-8F06-23EBC7B05FDE}.Release|x64.ActiveCfg = Release|x64
		{B2C29F8C-6AE8-435A-8F06-23EBC7B05FDE}.Release|x64.Build.0 = Release|x64
		{53CEAF18-47DE-4DFB-AE44-408B30035777}.Debug|Win32.ActiveCfg = Debug|Win32
		{53CEAF18-47DE-4DFB-AE44-408B30035777}.Debug|Win32.Build.0 = Debug|Win32
		{53CEAF18-47DE-4DFB-AE44-408B30035777}.Debug|x64.ActiveCfg = Debug|x64
		{53CEAF18-47DE-4DFB-AE44-408B30035777}.Debug|x64.Build.0 = Debug|x64
		{53CEAF18-47DE-4DFB-AE44-408B30035777}.PthreadsDebug|Win32.ActiveCfg = Debug|Win32
		{53CEAF18-47DE-4DFB-AE44-408B30035777}.PthreadsDebug|Win32.Build.0 = Debug|Win32
		{53CEAF18-47DE-4DFB-AE44-408B30035777}.PthreadsDebug|x64.ActiveCfg = Debug|x64
		{53CEAF18-47DE-4DFB-AE44-408B30035777}.PthreadsDebug|x64.Build.0 = Debug|x64
		{53CEAF18-47DE-4DFB-AE44-408B30035777}.Release|Win32.ActiveCfg = Release|Win32
		{53CEAF18-47DE-4DFB-AE44-408B30035777}.Release|Win32.Build.0 = Release|Win32
		{53CEAF18-47DE-4DFB-AE44-408B30035777}.Release|x64.ActiveCfg = Release|x64
		{53CEAF18-47DE-4DFB-AE44-408B30035777}.Release|x64.Build.0 = Release|x64
		{3CCFF94C-2E1A-4C10-AFBF-CEB47D525249}.Debug|Win32.ActiveCfg = Debug|Win32
		{3CCFF94C-2E1A-4C10-AFBF-CEB47D525249}.Debug|Win32.Build.0 = Debug|Win32
		{3CCFF94C-2E1A-4C10-AFBF-CEB47D525249}.Debug|x64.ActiveCfg = Debug|x64
		{3CCFF94C-2E1A-4C10-AFBF-CEB47D525249}.Debug|x64.Build.0 = Debug|x64
		{3CCFF94C-2E1A-4C10-AFBF-CEB47D525249}.PthreadsDebug|Win32.ActiveCfg = Debug|Win32
		{3CCFF94C-2E1A-4C10-AFBF-CEB47D525249}.PthreadsDebug|Win32.Build.0 = Debug|Win32
		{3CCFF94C-2E1A-4C10-AFBF-CEB47D525249}.PthreadsDebug|x64.ActiveCfg = Debug|x64
		{3CCFF94C-2E1A-4C10-AFBF-CEB47D525249}.PthreadsDebug|x64.Build.0 = Debug|x64
		{3CCFF94C-2E1A-4C10-AFBF-CEB47D525249}.Release|Win32.ActiveCfg = Release|Win32
		{3CCFF94C-2E1A-4C10-AFBF-CEB47D525249}.Release|Win32.Build.0 = Release|Win32
		{3CCFF94C-2E1A-4C10-AFBF-CEB47D525249}.Release|x64.ActiveCfg = Release|x64
		{3CCFF94C-2E1A-4C10-AFBF-CEB47D525249}.Release|x64.Build.0 = Release|x64
	EndGlobalSection
	GlobalSection(SolutionProperties) = preSolution
		HideSolutionNode = FALSE
	EndGlobalSection
	GlobalSection(NestedProjects) = preSolution
		{2249E1B3-77AC-46D7-A40D-BAFFDE19658D} = {8A5AA928-2454-47DB-B376-CAE1F93E3701}
		{5324F722-A3F3-411A-9233-816A129B886C} = {8A5AA928-2454-47DB-B376-CAE1F93E3701}
		{D111F179-FE51-4B74-8EAE-3BC43A258337} = {8A5AA928-2454-47DB-B376-CAE1F93E3701}
		{A4D21AA7-04DD-41A8-A0C5-DD23A4545FAD} = {8A5AA928-2454-47DB-B376-CAE1F93E3701}
		{E15DFFC0-06EB-4C23-AC50-BE5F0CE34FD2} = {8A5AA928-2454-47DB-B376-CAE1F93E3701}
		{EE5F177A-4D6E-4957-AB58-F1C6BB8DB33E} = {8A5AA928-2454-47DB-B376-CAE1F93E3701}
		{71361E7B-9F30-47EF-868B-CF4893F018B3} = {8A5AA928-2454-47DB-B376-CAE1F93E3701}
		{521ADFA7-9FFB-4A16-87FF-DF1FCD837576} = {8A5AA928-2454-47DB-B376-CAE1F93E3701}
		{C0D30482-FD1B-4DF6-B7BB-EDF7A96A20B4} = {8A5AA928-2454-47DB-B376-CAE1F93E3701}
		{C0D30482-FD1B-4DF6-F7BB-EDF7A96A20B4} = {8A5AA928-2454-47DB-B376-CAE1F93E3701}
		{CE88E5ED-610A-4F63-91DA-FD60E1C24559} = {8A5AA928-2454-47DB-B376-CAE1F93E3701}
		{F4CA123A-6A47-4C17-9DEE-3D3101020605} = {8A5AA928-2454-47DB-B376-CAE1F93E3701}
		{CB9559CE-1BB9-46D2-9530-A7638257C1C9} = {8A5AA928-2454-47DB-B376-CAE1F93E3701}
		{4E42092C-4ECD-4295-A9E4-6E41DA70341D} = {8A5AA928-2454-47DB-B376-CAE1F93E3701}
		{82AA334B-C421-4DB6-9DE5-48B178D43F23} = {8A5AA928-2454-47DB-B376-CAE1F93E3701}
		{486B5945-76AE-458D-A967-C71E7E42F915} = {8A5AA928-2454-47DB-B376-CAE1F93E3701}
		{9A3A85F2-6BE2-48EC-80B5-F535B86187FC} = {8A5AA928-2454-47DB-B376-CAE1F93E3701}
		{30C8888F-FCC9-4F20-ABAE-576B2797F7A5} = {8A5AA928-2454-47DB-B376-CAE1F93E3701}
		{5E85C91F-0640-4F0B-874B-57D9E6238C6B} = {8A5AA928-2454-47DB-B376-CAE1F93E3701}
		{1D67B9C4-7CBB-463C-B791-9F2F96D39519} = {8A5AA928-2454-47DB-B376-CAE1F93E3701}
		{590705C9-491F-4A61-AD01-B9A297ADD55B} = {553D5563-8DEE-41BA-8DD4-3296554F940E}
		{D046EB74-8E59-46BD-A8BF-34D854985FE2} = {553D5563-8DEE-41BA-8DD4-3296554F940E}
		{1F0643FB-A9B1-4F4C-8814-CF0BBDAC6D64} = {553D5563-8DEE-41BA-8DD4-3296554F940E}
		{426DDCDB-2002-47C3-BA1A-EB2F2D64341F} = {553D5563-8DEE-41BA-8DD4-3296554F940E}
		{7D877FB6-E55B-4D4A-B4F4-182D0518AD22} = {553D5563-8DEE-41BA-8DD4-3296554F940E}
		{9C025324-30A0-473D-AF72-D31328E92640} = {553D5563-8DEE-41BA-8DD4-3296554F940E}
		{05ACB347-7DCC-43B6-A013-DFB1A3096D48} = {553D5563-8DEE-41BA-8DD4-3296554F940E}
		{02EED676-53D0-4312-980B-043958ADECCF} = {553D5563-8DEE-41BA-8DD4-3296554F940E}
		{2B74B537-DC2F-4D54-9E35-C5EA867E9F8B} = {553D5563-8DEE-41BA-8DD4-3296554F940E}
		{5C7FC690-8413-4A9E-86A5-ECC8350CC241} = {8A5AA928-2454-47DB-B376-CAE1F93E3701}
		{D739C8EC-17D7-4285-9A75-7FA123700A7E} = {8A5AA928-2454-47DB-B376-CAE1F93E3701}
		{C8EF04F1-7000-435F-83D7-3EDFF8AA53FF} = {553D5563-8DEE-41BA-8DD4-3296554F940E}
		{334E5AF0-E78B-4AFA-8FF1-D0EE7E5B9930} = {553D5563-8DEE-41BA-8DD4-3296554F940E}
		{84329EE1-11B8-4B0C-A98C-3A326C4025EC} = {553D5563-8DEE-41BA-8DD4-3296554F940E}
		{E35CB630-1B30-41A8-AB84-3B606A9AFD74} = {553D5563-8DEE-41BA-8DD4-3296554F940E}
		{EE7A6196-4BB8-4EB5-BE56-A1547253095E} = {8A5AA928-2454-47DB-B376-CAE1F93E3701}
		{867A825A-3C42-4124-871A-CE1EFD990430} = {8A5AA928-2454-47DB-B376-CAE1F93E3701}
		{22128392-D046-4199-B411-9597CD4005A4} = {8A5AA928-2454-47DB-B376-CAE1F93E3701}
		{D208939F-E659-409C-BA25-CCD9C9D313E7} = {553D5563-8DEE-41BA-8DD4-3296554F940E}
		{A0F1280D-31AA-4CE5-AE7E-D4088FFA5C6A} = {553D5563-8DEE-41BA-8DD4-3296554F940E}
		{898792B8-54FF-4E8B-A77C-D32D44927DF1} = {553D5563-8DEE-41BA-8DD4-3296554F940E}
		{5BE40E4D-9470-4B28-A98C-05D0DA6A6848} = {8A5AA928-2454-47DB-B376-CAE1F93E3701}
		{84ABE8E1-6E2C-4D89-8E3C-15CF71761FFE} = {8A5AA928-2454-47DB-B376-CAE1F93E3701}
		{1FCBCDE5-9FAC-4595-A6CE-D790C1593A60} = {8A5AA928-2454-47DB-B376-CAE1F93E3701}
		{CD78D5D6-E29C-4063-8284-86689A89C367} = {8A5AA928-2454-47DB-B376-CAE1F93E3701}
		{A17F1AA9-94FF-4590-BAEE-4D8C1B74AC65} = {553D5563-8DEE-41BA-8DD4-3296554F940E}
		{4D3DE31B-CFD9-46C8-A646-41B8F634A7A1} = {553D5563-8DEE-41BA-8DD4-3296554F940E}
		{4EF264F5-21CE-4D7F-8C36-CD8A8468496C} = {553D5563-8DEE-41BA-8DD4-3296554F940E}
		{2473EC80-66E3-4671-8DD4-7C4AE9354EBC} = {8A5AA928-2454-47DB-B376-CAE1F93E3701}
		{F2898952-ADCF-4C54-8FCD-809C3D66CD63} = {553D5563-8DEE-41BA-8DD4-3296554F940E}
		{3289005F-AD7F-4843-A712-84860E018827} = {553D5563-8DEE-41BA-8DD4-3296554F940E}
		{C99D66E9-BBDC-4464-8CC9-A78275FCF573} = {8A5AA928-2454-47DB-B376-CAE1F93E3701}
		{548C54B1-9217-463A-8C59-69BAA693A9AF} = {553D5563-8DEE-41BA-8DD4-3296554F940E}
		{9A688530-9C5D-4AF1-90A1-13805A086846} = {8A5AA928-2454-47DB-B376-CAE1F93E3701}
		{747FD0FA-54B3-42CC-89CF-2CDF120523D6} = {5452C7EE-8A43-4E1C-AE2F-E61ED6787443}
		{B2C29F8C-6AE8-435A-8F06-23EBC7B05FDE} = {5452C7EE-8A43-4E1C-AE2F-E61ED6787443}
		{53CEAF18-47DE-4DFB-AE44-408B30035777} = {5452C7EE-8A43-4E1C-AE2F-E61ED6787443}
		{3CCFF94C-2E1A-4C10-AFBF-CEB47D525249} = {5452C7EE-8A43-4E1C-AE2F-E61ED6787443}
	EndGlobalSection
EndGlobal
